
Microsoft Visual Studio Solution File, Format Version 12.00
# Visual Studio Version 17
VisualStudioVersion = 17.2.32519.379
MinimumVisualStudioVersion = 10.0.40219.1
Project("{9A19103F-16F7-4668-BE54-9A1E7A4F7556}") = "GalleryViewer", "GalleryViewer\GalleryViewer.csproj", "{347D4E07-FF0F-42CE-903A-4FD2CB5C31A6}"
EndProject
Project("{9A19103F-16F7-4668-BE54-9A1E7A4F7556}") = "WifiWeather", "WifiWeather\WifiWeather.csproj", "{CB510EA2-7A21-46DD-AA6E-58CBEF6062E0}"
EndProject
Project("{9A19103F-16F7-4668-BE54-9A1E7A4F7556}") = "ProjLab_Demo", "ProjLab_Demo\ProjLab_Demo.csproj", "{95F44AA6-7A82-43E7-A61A-3BE5B6D02C9A}"
EndProject
Project("{9A19103F-16F7-4668-BE54-9A1E7A4F7556}") = "AmbientRoomMonitor", "AmbientRoomMonitor\AmbientRoomMonitor.csproj", "{DC973505-A017-40B7-974F-C284BBBE63FC}"
EndProject
Project("{9A19103F-16F7-4668-BE54-9A1E7A4F7556}") = "AnalogClockFace", "AnalogClockFace\AnalogClockFace.csproj", "{7943AE54-D0D0-479E-929A-C9AB59CFE237}"
EndProject
Project("{9A19103F-16F7-4668-BE54-9A1E7A4F7556}") = "Simon", "Simon\Simon.csproj", "{EFBB5780-55BB-4CA7-9FA5-A134526663CE}"
EndProject
Project("{9A19103F-16F7-4668-BE54-9A1E7A4F7556}") = "MorseCodeTrainer", "MorseCodeTrainer\MorseCodeTrainer.csproj", "{0629508B-5CAF-44CD-B42B-6B4801C5DCAE}"
EndProject
Project("{2150E333-8FDC-42A3-9474-1A3956D46DE8}") = "GettingStarted", "GettingStarted", "{440AD92F-6011-4301-BED5-87EB28E0F32D}"
EndProject
Project("{2150E333-8FDC-42A3-9474-1A3956D46DE8}") = "Connectivity", "Connectivity", "{3526B55E-A473-4714-AED2-4CE73B07F545}"
EndProject
Project("{D954291E-2A0B-460D-934E-DC6B0785DB48}") = "CommonContracts", "Connectivity\CommonContracts\CommonContracts.shproj", "{567267B3-ED96-4FEA-B555-2EE203372EA4}"
EndProject
Project("{9A19103F-16F7-4668-BE54-9A1E7A4F7556}") = "MeadowConnectedSample", "Connectivity\MeadowConnectedSample\MeadowConnectedSample.csproj", "{BB001FC4-CB47-485E-9EF3-BC7BF5C3198C}"
EndProject
Project("{9A19103F-16F7-4668-BE54-9A1E7A4F7556}") = "MoistureMeter", "MoistureMeter\MoistureMeter.csproj", "{9490F3E6-E035-493A-82F3-A533A640955D}"
EndProject
Project("{9A19103F-16F7-4668-BE54-9A1E7A4F7556}") = "PlantMonitor", "PlantMonitor\PlantMonitor.csproj", "{FB54A642-D81B-4E25-BEE1-83B82CB53FE2}"
EndProject
Project("{2150E333-8FDC-42A3-9474-1A3956D46DE8}") = "_External", "_External", "{07065FBF-FF56-4F48-BE7C-4A6570DC08DA}"
EndProject
Project("{9A19103F-16F7-4668-BE54-9A1E7A4F7556}") = "Meadow.F7", "..\..\Meadow.Core\source\Meadow.F7\Meadow.F7.csproj", "{ABED43BD-98ED-4921-9F14-D5208FC87EAE}"
EndProject
Project("{9A19103F-16F7-4668-BE54-9A1E7A4F7556}") = "Meadow.Core", "..\..\Meadow.Core\source\Meadow.Core\Meadow.Core.csproj", "{D6820577-5EE6-494F-8E12-CBEBC3B7632E}"
EndProject
Project("{9A19103F-16F7-4668-BE54-9A1E7A4F7556}") = "Meadow.Contracts", "..\..\Meadow.Contracts\Source\Meadow.Contracts\Meadow.Contracts.csproj", "{64351E49-F2A9-40DA-A103-A30CECEDADD9}"
EndProject
Project("{9A19103F-16F7-4668-BE54-9A1E7A4F7556}") = "Meadow.Units", "..\..\Meadow.Units\Source\Meadow.Units\Meadow.Units.csproj", "{ED34806C-725B-4095-9FD3-D19058B04C86}"
EndProject
Project("{9A19103F-16F7-4668-BE54-9A1E7A4F7556}") = "Displays.TftSpi", "..\..\Meadow.Foundation\Source\Meadow.Foundation.Peripherals\Displays.TftSpi\Driver\Displays.TftSpi.csproj", "{14B37232-34A9-4F1F-A34A-81941C0DA1FF}"
EndProject
Project("{9A19103F-16F7-4668-BE54-9A1E7A4F7556}") = "Sensors.Atmospheric.Bme68x", "..\..\Meadow.Foundation\Source\Meadow.Foundation.Peripherals\Sensors.Atmospheric.Bme680\Driver\Sensors.Atmospheric.Bme68x.csproj", "{F141BE57-0DC1-4BA5-9200-AD0E60465C57}"
EndProject
Project("{9A19103F-16F7-4668-BE54-9A1E7A4F7556}") = "Sensors.Light.Bh1750", "..\..\Meadow.Foundation\Source\Meadow.Foundation.Peripherals\Sensors.Light.Bh1750\Driver\Sensors.Light.Bh1750.csproj", "{4D5A31D7-5D81-49DA-92B3-13285CA4E09E}"
EndProject
Project("{9A19103F-16F7-4668-BE54-9A1E7A4F7556}") = "Meadow.Foundation.Core", "..\..\Meadow.Foundation\Source\Meadow.Foundation.Core\Meadow.Foundation.Core.csproj", "{6205CC53-BB71-4F5A-AC29-444DC55BB4BA}"
EndProject
Project("{9A19103F-16F7-4668-BE54-9A1E7A4F7556}") = "Graphics.MicroGraphics", "..\..\Meadow.Foundation\Source\Meadow.Foundation.Libraries_and_Frameworks\Graphics.MicroGraphics\Driver\Graphics.MicroGraphics.csproj", "{B5806FEA-885A-40AC-B242-C729569F9AB5}"
EndProject
Project("{FAE04EC0-301F-11D3-BF4B-00C04F79EFBC}") = "MoistureSensor", "..\..\Meadow.Foundation.Grove\Source\MoistureSensor\Driver\MoistureSensor.csproj", "{A6141607-D2E9-4436-9BBD-523EF9D27497}"
EndProject
Project("{9A19103F-16F7-4668-BE54-9A1E7A4F7556}") = "Web.Maple.MapleServer", "..\..\Meadow.Foundation\Source\Meadow.Foundation.Libraries_and_Frameworks\Web.Maple.MapleServer\Driver\Web.Maple.MapleServer.csproj", "{2E2416E2-CBE2-4F63-B1F9-4195A12942FA}"
EndProject
Project("{9A19103F-16F7-4668-BE54-9A1E7A4F7556}") = "Meadow.Logging", "..\..\Meadow.Logging\lib\Meadow.Logging.csproj", "{A73A816D-D4F9-41D4-8C38-E9330F21F78E}"
EndProject
Project("{FAE04EC0-301F-11D3-BF4B-00C04F79EFBC}") = "ICs.IOExpanders.Mcp23x08", "..\..\Meadow.Foundation\Source\Meadow.Foundation.Peripherals\ICs.IOExpanders.Mcp23x08\Driver\ICs.IOExpanders.Mcp23x08.csproj", "{2CDE2BE0-2B91-48D8-8F89-16D6F215E845}"
EndProject
Global
	GlobalSection(SolutionConfigurationPlatforms) = preSolution
		Debug|Any CPU = Debug|Any CPU
		Debug|iPhone = Debug|iPhone
		Debug|iPhoneSimulator = Debug|iPhoneSimulator
		Release|Any CPU = Release|Any CPU
		Release|iPhone = Release|iPhone
		Release|iPhoneSimulator = Release|iPhoneSimulator
	EndGlobalSection
	GlobalSection(ProjectConfigurationPlatforms) = postSolution
		{347D4E07-FF0F-42CE-903A-4FD2CB5C31A6}.Debug|Any CPU.ActiveCfg = Debug|Any CPU
		{347D4E07-FF0F-42CE-903A-4FD2CB5C31A6}.Debug|Any CPU.Build.0 = Debug|Any CPU
		{347D4E07-FF0F-42CE-903A-4FD2CB5C31A6}.Debug|Any CPU.Deploy.0 = Debug|Any CPU
		{347D4E07-FF0F-42CE-903A-4FD2CB5C31A6}.Debug|iPhone.ActiveCfg = Debug|Any CPU
		{347D4E07-FF0F-42CE-903A-4FD2CB5C31A6}.Debug|iPhone.Build.0 = Debug|Any CPU
		{347D4E07-FF0F-42CE-903A-4FD2CB5C31A6}.Debug|iPhone.Deploy.0 = Debug|Any CPU
		{347D4E07-FF0F-42CE-903A-4FD2CB5C31A6}.Debug|iPhoneSimulator.ActiveCfg = Debug|Any CPU
		{347D4E07-FF0F-42CE-903A-4FD2CB5C31A6}.Debug|iPhoneSimulator.Build.0 = Debug|Any CPU
		{347D4E07-FF0F-42CE-903A-4FD2CB5C31A6}.Debug|iPhoneSimulator.Deploy.0 = Debug|Any CPU
		{347D4E07-FF0F-42CE-903A-4FD2CB5C31A6}.Release|Any CPU.ActiveCfg = Release|Any CPU
		{347D4E07-FF0F-42CE-903A-4FD2CB5C31A6}.Release|Any CPU.Build.0 = Release|Any CPU
		{347D4E07-FF0F-42CE-903A-4FD2CB5C31A6}.Release|Any CPU.Deploy.0 = Release|Any CPU
		{347D4E07-FF0F-42CE-903A-4FD2CB5C31A6}.Release|iPhone.ActiveCfg = Release|Any CPU
		{347D4E07-FF0F-42CE-903A-4FD2CB5C31A6}.Release|iPhone.Build.0 = Release|Any CPU
		{347D4E07-FF0F-42CE-903A-4FD2CB5C31A6}.Release|iPhone.Deploy.0 = Release|Any CPU
		{347D4E07-FF0F-42CE-903A-4FD2CB5C31A6}.Release|iPhoneSimulator.ActiveCfg = Release|Any CPU
		{347D4E07-FF0F-42CE-903A-4FD2CB5C31A6}.Release|iPhoneSimulator.Build.0 = Release|Any CPU
		{347D4E07-FF0F-42CE-903A-4FD2CB5C31A6}.Release|iPhoneSimulator.Deploy.0 = Release|Any CPU
		{CB510EA2-7A21-46DD-AA6E-58CBEF6062E0}.Debug|Any CPU.ActiveCfg = Debug|Any CPU
		{CB510EA2-7A21-46DD-AA6E-58CBEF6062E0}.Debug|Any CPU.Build.0 = Debug|Any CPU
		{CB510EA2-7A21-46DD-AA6E-58CBEF6062E0}.Debug|Any CPU.Deploy.0 = Debug|Any CPU
		{CB510EA2-7A21-46DD-AA6E-58CBEF6062E0}.Debug|iPhone.ActiveCfg = Debug|Any CPU
		{CB510EA2-7A21-46DD-AA6E-58CBEF6062E0}.Debug|iPhone.Build.0 = Debug|Any CPU
		{CB510EA2-7A21-46DD-AA6E-58CBEF6062E0}.Debug|iPhone.Deploy.0 = Debug|Any CPU
		{CB510EA2-7A21-46DD-AA6E-58CBEF6062E0}.Debug|iPhoneSimulator.ActiveCfg = Debug|Any CPU
		{CB510EA2-7A21-46DD-AA6E-58CBEF6062E0}.Debug|iPhoneSimulator.Build.0 = Debug|Any CPU
		{CB510EA2-7A21-46DD-AA6E-58CBEF6062E0}.Debug|iPhoneSimulator.Deploy.0 = Debug|Any CPU
		{CB510EA2-7A21-46DD-AA6E-58CBEF6062E0}.Release|Any CPU.ActiveCfg = Release|Any CPU
		{CB510EA2-7A21-46DD-AA6E-58CBEF6062E0}.Release|Any CPU.Build.0 = Release|Any CPU
		{CB510EA2-7A21-46DD-AA6E-58CBEF6062E0}.Release|Any CPU.Deploy.0 = Release|Any CPU
		{CB510EA2-7A21-46DD-AA6E-58CBEF6062E0}.Release|iPhone.ActiveCfg = Release|Any CPU
		{CB510EA2-7A21-46DD-AA6E-58CBEF6062E0}.Release|iPhone.Build.0 = Release|Any CPU
		{CB510EA2-7A21-46DD-AA6E-58CBEF6062E0}.Release|iPhone.Deploy.0 = Release|Any CPU
		{CB510EA2-7A21-46DD-AA6E-58CBEF6062E0}.Release|iPhoneSimulator.ActiveCfg = Release|Any CPU
		{CB510EA2-7A21-46DD-AA6E-58CBEF6062E0}.Release|iPhoneSimulator.Build.0 = Release|Any CPU
		{CB510EA2-7A21-46DD-AA6E-58CBEF6062E0}.Release|iPhoneSimulator.Deploy.0 = Release|Any CPU
		{95F44AA6-7A82-43E7-A61A-3BE5B6D02C9A}.Debug|Any CPU.ActiveCfg = Debug_v1_ProjLab|Any CPU
		{95F44AA6-7A82-43E7-A61A-3BE5B6D02C9A}.Debug|Any CPU.Build.0 = Debug_v1_ProjLab|Any CPU
		{95F44AA6-7A82-43E7-A61A-3BE5B6D02C9A}.Debug|Any CPU.Deploy.0 = Debug_v1_ProjLab|Any CPU
		{95F44AA6-7A82-43E7-A61A-3BE5B6D02C9A}.Debug|iPhone.ActiveCfg = Debug_v1_ProjLab|Any CPU
		{95F44AA6-7A82-43E7-A61A-3BE5B6D02C9A}.Debug|iPhone.Build.0 = Debug_v1_ProjLab|Any CPU
		{95F44AA6-7A82-43E7-A61A-3BE5B6D02C9A}.Debug|iPhone.Deploy.0 = Debug_v1_ProjLab|Any CPU
		{95F44AA6-7A82-43E7-A61A-3BE5B6D02C9A}.Debug|iPhoneSimulator.ActiveCfg = Debug_v1_ProjLab|Any CPU
		{95F44AA6-7A82-43E7-A61A-3BE5B6D02C9A}.Debug|iPhoneSimulator.Build.0 = Debug_v1_ProjLab|Any CPU
		{95F44AA6-7A82-43E7-A61A-3BE5B6D02C9A}.Debug|iPhoneSimulator.Deploy.0 = Debug_v1_ProjLab|Any CPU
		{95F44AA6-7A82-43E7-A61A-3BE5B6D02C9A}.Release|Any CPU.ActiveCfg = Release_v1_ProjLab|Any CPU
		{95F44AA6-7A82-43E7-A61A-3BE5B6D02C9A}.Release|Any CPU.Build.0 = Release_v1_ProjLab|Any CPU
		{95F44AA6-7A82-43E7-A61A-3BE5B6D02C9A}.Release|Any CPU.Deploy.0 = Release_v1_ProjLab|Any CPU
		{95F44AA6-7A82-43E7-A61A-3BE5B6D02C9A}.Release|iPhone.ActiveCfg = Release_v1_ProjLab|Any CPU
		{95F44AA6-7A82-43E7-A61A-3BE5B6D02C9A}.Release|iPhone.Build.0 = Release_v1_ProjLab|Any CPU
		{95F44AA6-7A82-43E7-A61A-3BE5B6D02C9A}.Release|iPhone.Deploy.0 = Release_v1_ProjLab|Any CPU
		{95F44AA6-7A82-43E7-A61A-3BE5B6D02C9A}.Release|iPhoneSimulator.ActiveCfg = Release_v1_ProjLab|Any CPU
		{95F44AA6-7A82-43E7-A61A-3BE5B6D02C9A}.Release|iPhoneSimulator.Build.0 = Release_v1_ProjLab|Any CPU
		{95F44AA6-7A82-43E7-A61A-3BE5B6D02C9A}.Release|iPhoneSimulator.Deploy.0 = Release_v1_ProjLab|Any CPU
		{DC973505-A017-40B7-974F-C284BBBE63FC}.Debug|Any CPU.ActiveCfg = Debug|Any CPU
		{DC973505-A017-40B7-974F-C284BBBE63FC}.Debug|Any CPU.Build.0 = Debug|Any CPU
		{DC973505-A017-40B7-974F-C284BBBE63FC}.Debug|Any CPU.Deploy.0 = Debug|Any CPU
		{DC973505-A017-40B7-974F-C284BBBE63FC}.Debug|iPhone.ActiveCfg = Debug|Any CPU
		{DC973505-A017-40B7-974F-C284BBBE63FC}.Debug|iPhone.Build.0 = Debug|Any CPU
		{DC973505-A017-40B7-974F-C284BBBE63FC}.Debug|iPhone.Deploy.0 = Debug|Any CPU
		{DC973505-A017-40B7-974F-C284BBBE63FC}.Debug|iPhoneSimulator.ActiveCfg = Debug|Any CPU
		{DC973505-A017-40B7-974F-C284BBBE63FC}.Debug|iPhoneSimulator.Build.0 = Debug|Any CPU
		{DC973505-A017-40B7-974F-C284BBBE63FC}.Debug|iPhoneSimulator.Deploy.0 = Debug|Any CPU
		{DC973505-A017-40B7-974F-C284BBBE63FC}.Release|Any CPU.ActiveCfg = Release|Any CPU
		{DC973505-A017-40B7-974F-C284BBBE63FC}.Release|Any CPU.Build.0 = Release|Any CPU
		{DC973505-A017-40B7-974F-C284BBBE63FC}.Release|Any CPU.Deploy.0 = Release|Any CPU
		{DC973505-A017-40B7-974F-C284BBBE63FC}.Release|iPhone.ActiveCfg = Release|Any CPU
		{DC973505-A017-40B7-974F-C284BBBE63FC}.Release|iPhone.Build.0 = Release|Any CPU
		{DC973505-A017-40B7-974F-C284BBBE63FC}.Release|iPhone.Deploy.0 = Release|Any CPU
		{DC973505-A017-40B7-974F-C284BBBE63FC}.Release|iPhoneSimulator.ActiveCfg = Release|Any CPU
		{DC973505-A017-40B7-974F-C284BBBE63FC}.Release|iPhoneSimulator.Build.0 = Release|Any CPU
		{DC973505-A017-40B7-974F-C284BBBE63FC}.Release|iPhoneSimulator.Deploy.0 = Release|Any CPU
		{7943AE54-D0D0-479E-929A-C9AB59CFE237}.Debug|Any CPU.ActiveCfg = Debug|Any CPU
		{7943AE54-D0D0-479E-929A-C9AB59CFE237}.Debug|Any CPU.Build.0 = Debug|Any CPU
		{7943AE54-D0D0-479E-929A-C9AB59CFE237}.Debug|Any CPU.Deploy.0 = Debug|Any CPU
		{7943AE54-D0D0-479E-929A-C9AB59CFE237}.Debug|iPhone.ActiveCfg = Debug|Any CPU
		{7943AE54-D0D0-479E-929A-C9AB59CFE237}.Debug|iPhone.Build.0 = Debug|Any CPU
		{7943AE54-D0D0-479E-929A-C9AB59CFE237}.Debug|iPhone.Deploy.0 = Debug|Any CPU
		{7943AE54-D0D0-479E-929A-C9AB59CFE237}.Debug|iPhoneSimulator.ActiveCfg = Debug|Any CPU
		{7943AE54-D0D0-479E-929A-C9AB59CFE237}.Debug|iPhoneSimulator.Build.0 = Debug|Any CPU
		{7943AE54-D0D0-479E-929A-C9AB59CFE237}.Debug|iPhoneSimulator.Deploy.0 = Debug|Any CPU
		{7943AE54-D0D0-479E-929A-C9AB59CFE237}.Release|Any CPU.ActiveCfg = Release|Any CPU
		{7943AE54-D0D0-479E-929A-C9AB59CFE237}.Release|Any CPU.Build.0 = Release|Any CPU
		{7943AE54-D0D0-479E-929A-C9AB59CFE237}.Release|Any CPU.Deploy.0 = Release|Any CPU
		{7943AE54-D0D0-479E-929A-C9AB59CFE237}.Release|iPhone.ActiveCfg = Release|Any CPU
		{7943AE54-D0D0-479E-929A-C9AB59CFE237}.Release|iPhone.Build.0 = Release|Any CPU
		{7943AE54-D0D0-479E-929A-C9AB59CFE237}.Release|iPhone.Deploy.0 = Release|Any CPU
		{7943AE54-D0D0-479E-929A-C9AB59CFE237}.Release|iPhoneSimulator.ActiveCfg = Release|Any CPU
		{7943AE54-D0D0-479E-929A-C9AB59CFE237}.Release|iPhoneSimulator.Build.0 = Release|Any CPU
		{7943AE54-D0D0-479E-929A-C9AB59CFE237}.Release|iPhoneSimulator.Deploy.0 = Release|Any CPU
		{EFBB5780-55BB-4CA7-9FA5-A134526663CE}.Debug|Any CPU.ActiveCfg = Debug|Any CPU
		{EFBB5780-55BB-4CA7-9FA5-A134526663CE}.Debug|Any CPU.Build.0 = Debug|Any CPU
		{EFBB5780-55BB-4CA7-9FA5-A134526663CE}.Debug|Any CPU.Deploy.0 = Debug|Any CPU
		{EFBB5780-55BB-4CA7-9FA5-A134526663CE}.Debug|iPhone.ActiveCfg = Debug|Any CPU
		{EFBB5780-55BB-4CA7-9FA5-A134526663CE}.Debug|iPhone.Build.0 = Debug|Any CPU
		{EFBB5780-55BB-4CA7-9FA5-A134526663CE}.Debug|iPhone.Deploy.0 = Debug|Any CPU
		{EFBB5780-55BB-4CA7-9FA5-A134526663CE}.Debug|iPhoneSimulator.ActiveCfg = Debug|Any CPU
		{EFBB5780-55BB-4CA7-9FA5-A134526663CE}.Debug|iPhoneSimulator.Build.0 = Debug|Any CPU
		{EFBB5780-55BB-4CA7-9FA5-A134526663CE}.Debug|iPhoneSimulator.Deploy.0 = Debug|Any CPU
		{EFBB5780-55BB-4CA7-9FA5-A134526663CE}.Release|Any CPU.ActiveCfg = Release|Any CPU
		{EFBB5780-55BB-4CA7-9FA5-A134526663CE}.Release|Any CPU.Build.0 = Release|Any CPU
		{EFBB5780-55BB-4CA7-9FA5-A134526663CE}.Release|Any CPU.Deploy.0 = Release|Any CPU
		{EFBB5780-55BB-4CA7-9FA5-A134526663CE}.Release|iPhone.ActiveCfg = Release|Any CPU
		{EFBB5780-55BB-4CA7-9FA5-A134526663CE}.Release|iPhone.Build.0 = Release|Any CPU
		{EFBB5780-55BB-4CA7-9FA5-A134526663CE}.Release|iPhone.Deploy.0 = Release|Any CPU
		{EFBB5780-55BB-4CA7-9FA5-A134526663CE}.Release|iPhoneSimulator.ActiveCfg = Release|Any CPU
		{EFBB5780-55BB-4CA7-9FA5-A134526663CE}.Release|iPhoneSimulator.Build.0 = Release|Any CPU
		{EFBB5780-55BB-4CA7-9FA5-A134526663CE}.Release|iPhoneSimulator.Deploy.0 = Release|Any CPU
		{0629508B-5CAF-44CD-B42B-6B4801C5DCAE}.Debug|Any CPU.ActiveCfg = Debug|Any CPU
		{0629508B-5CAF-44CD-B42B-6B4801C5DCAE}.Debug|Any CPU.Build.0 = Debug|Any CPU
		{0629508B-5CAF-44CD-B42B-6B4801C5DCAE}.Debug|Any CPU.Deploy.0 = Debug|Any CPU
		{0629508B-5CAF-44CD-B42B-6B4801C5DCAE}.Debug|iPhone.ActiveCfg = Debug|Any CPU
		{0629508B-5CAF-44CD-B42B-6B4801C5DCAE}.Debug|iPhone.Build.0 = Debug|Any CPU
		{0629508B-5CAF-44CD-B42B-6B4801C5DCAE}.Debug|iPhone.Deploy.0 = Debug|Any CPU
		{0629508B-5CAF-44CD-B42B-6B4801C5DCAE}.Debug|iPhoneSimulator.ActiveCfg = Debug|Any CPU
		{0629508B-5CAF-44CD-B42B-6B4801C5DCAE}.Debug|iPhoneSimulator.Build.0 = Debug|Any CPU
		{0629508B-5CAF-44CD-B42B-6B4801C5DCAE}.Debug|iPhoneSimulator.Deploy.0 = Debug|Any CPU
		{0629508B-5CAF-44CD-B42B-6B4801C5DCAE}.Release|Any CPU.ActiveCfg = Release|Any CPU
		{0629508B-5CAF-44CD-B42B-6B4801C5DCAE}.Release|Any CPU.Build.0 = Release|Any CPU
		{0629508B-5CAF-44CD-B42B-6B4801C5DCAE}.Release|Any CPU.Deploy.0 = Release|Any CPU
		{0629508B-5CAF-44CD-B42B-6B4801C5DCAE}.Release|iPhone.ActiveCfg = Release|Any CPU
		{0629508B-5CAF-44CD-B42B-6B4801C5DCAE}.Release|iPhone.Build.0 = Release|Any CPU
		{0629508B-5CAF-44CD-B42B-6B4801C5DCAE}.Release|iPhone.Deploy.0 = Release|Any CPU
		{0629508B-5CAF-44CD-B42B-6B4801C5DCAE}.Release|iPhoneSimulator.ActiveCfg = Release|Any CPU
		{0629508B-5CAF-44CD-B42B-6B4801C5DCAE}.Release|iPhoneSimulator.Build.0 = Release|Any CPU
		{0629508B-5CAF-44CD-B42B-6B4801C5DCAE}.Release|iPhoneSimulator.Deploy.0 = Release|Any CPU
		{BB001FC4-CB47-485E-9EF3-BC7BF5C3198C}.Debug|Any CPU.ActiveCfg = Debug|Any CPU
		{BB001FC4-CB47-485E-9EF3-BC7BF5C3198C}.Debug|Any CPU.Build.0 = Debug|Any CPU
		{BB001FC4-CB47-485E-9EF3-BC7BF5C3198C}.Debug|Any CPU.Deploy.0 = Debug|Any CPU
		{BB001FC4-CB47-485E-9EF3-BC7BF5C3198C}.Debug|iPhone.ActiveCfg = Debug|Any CPU
		{BB001FC4-CB47-485E-9EF3-BC7BF5C3198C}.Debug|iPhone.Build.0 = Debug|Any CPU
		{BB001FC4-CB47-485E-9EF3-BC7BF5C3198C}.Debug|iPhone.Deploy.0 = Debug|Any CPU
		{BB001FC4-CB47-485E-9EF3-BC7BF5C3198C}.Debug|iPhoneSimulator.ActiveCfg = Debug|Any CPU
		{BB001FC4-CB47-485E-9EF3-BC7BF5C3198C}.Debug|iPhoneSimulator.Build.0 = Debug|Any CPU
		{BB001FC4-CB47-485E-9EF3-BC7BF5C3198C}.Debug|iPhoneSimulator.Deploy.0 = Debug|Any CPU
		{BB001FC4-CB47-485E-9EF3-BC7BF5C3198C}.Release|Any CPU.ActiveCfg = Release|Any CPU
		{BB001FC4-CB47-485E-9EF3-BC7BF5C3198C}.Release|Any CPU.Build.0 = Release|Any CPU
		{BB001FC4-CB47-485E-9EF3-BC7BF5C3198C}.Release|Any CPU.Deploy.0 = Release|Any CPU
		{BB001FC4-CB47-485E-9EF3-BC7BF5C3198C}.Release|iPhone.ActiveCfg = Release|Any CPU
		{BB001FC4-CB47-485E-9EF3-BC7BF5C3198C}.Release|iPhone.Build.0 = Release|Any CPU
		{BB001FC4-CB47-485E-9EF3-BC7BF5C3198C}.Release|iPhone.Deploy.0 = Release|Any CPU
		{BB001FC4-CB47-485E-9EF3-BC7BF5C3198C}.Release|iPhoneSimulator.ActiveCfg = Release|Any CPU
		{BB001FC4-CB47-485E-9EF3-BC7BF5C3198C}.Release|iPhoneSimulator.Build.0 = Release|Any CPU
		{BB001FC4-CB47-485E-9EF3-BC7BF5C3198C}.Release|iPhoneSimulator.Deploy.0 = Release|Any CPU
		{9490F3E6-E035-493A-82F3-A533A640955D}.Debug|Any CPU.ActiveCfg = Debug|Any CPU
		{9490F3E6-E035-493A-82F3-A533A640955D}.Debug|Any CPU.Build.0 = Debug|Any CPU
		{9490F3E6-E035-493A-82F3-A533A640955D}.Debug|Any CPU.Deploy.0 = Debug|Any CPU
		{9490F3E6-E035-493A-82F3-A533A640955D}.Debug|iPhone.ActiveCfg = Debug|Any CPU
		{9490F3E6-E035-493A-82F3-A533A640955D}.Debug|iPhone.Build.0 = Debug|Any CPU
		{9490F3E6-E035-493A-82F3-A533A640955D}.Debug|iPhone.Deploy.0 = Debug|Any CPU
		{9490F3E6-E035-493A-82F3-A533A640955D}.Debug|iPhoneSimulator.ActiveCfg = Debug|Any CPU
		{9490F3E6-E035-493A-82F3-A533A640955D}.Debug|iPhoneSimulator.Build.0 = Debug|Any CPU
		{9490F3E6-E035-493A-82F3-A533A640955D}.Debug|iPhoneSimulator.Deploy.0 = Debug|Any CPU
		{9490F3E6-E035-493A-82F3-A533A640955D}.Release|Any CPU.ActiveCfg = Release|Any CPU
		{9490F3E6-E035-493A-82F3-A533A640955D}.Release|Any CPU.Build.0 = Release|Any CPU
		{9490F3E6-E035-493A-82F3-A533A640955D}.Release|Any CPU.Deploy.0 = Release|Any CPU
		{9490F3E6-E035-493A-82F3-A533A640955D}.Release|iPhone.ActiveCfg = Release|Any CPU
		{9490F3E6-E035-493A-82F3-A533A640955D}.Release|iPhone.Build.0 = Release|Any CPU
		{9490F3E6-E035-493A-82F3-A533A640955D}.Release|iPhone.Deploy.0 = Release|Any CPU
		{9490F3E6-E035-493A-82F3-A533A640955D}.Release|iPhoneSimulator.ActiveCfg = Release|Any CPU
		{9490F3E6-E035-493A-82F3-A533A640955D}.Release|iPhoneSimulator.Build.0 = Release|Any CPU
		{9490F3E6-E035-493A-82F3-A533A640955D}.Release|iPhoneSimulator.Deploy.0 = Release|Any CPU
		{FB54A642-D81B-4E25-BEE1-83B82CB53FE2}.Debug|Any CPU.ActiveCfg = Debug|Any CPU
		{FB54A642-D81B-4E25-BEE1-83B82CB53FE2}.Debug|Any CPU.Build.0 = Debug|Any CPU
		{FB54A642-D81B-4E25-BEE1-83B82CB53FE2}.Debug|Any CPU.Deploy.0 = Debug|Any CPU
		{FB54A642-D81B-4E25-BEE1-83B82CB53FE2}.Debug|iPhone.ActiveCfg = Debug|Any CPU
		{FB54A642-D81B-4E25-BEE1-83B82CB53FE2}.Debug|iPhone.Build.0 = Debug|Any CPU
		{FB54A642-D81B-4E25-BEE1-83B82CB53FE2}.Debug|iPhone.Deploy.0 = Debug|Any CPU
		{FB54A642-D81B-4E25-BEE1-83B82CB53FE2}.Debug|iPhoneSimulator.ActiveCfg = Debug|Any CPU
		{FB54A642-D81B-4E25-BEE1-83B82CB53FE2}.Debug|iPhoneSimulator.Build.0 = Debug|Any CPU
		{FB54A642-D81B-4E25-BEE1-83B82CB53FE2}.Debug|iPhoneSimulator.Deploy.0 = Debug|Any CPU
		{FB54A642-D81B-4E25-BEE1-83B82CB53FE2}.Release|Any CPU.ActiveCfg = Release|Any CPU
		{FB54A642-D81B-4E25-BEE1-83B82CB53FE2}.Release|Any CPU.Build.0 = Release|Any CPU
		{FB54A642-D81B-4E25-BEE1-83B82CB53FE2}.Release|Any CPU.Deploy.0 = Release|Any CPU
		{FB54A642-D81B-4E25-BEE1-83B82CB53FE2}.Release|iPhone.ActiveCfg = Release|Any CPU
		{FB54A642-D81B-4E25-BEE1-83B82CB53FE2}.Release|iPhone.Build.0 = Release|Any CPU
		{FB54A642-D81B-4E25-BEE1-83B82CB53FE2}.Release|iPhone.Deploy.0 = Release|Any CPU
		{FB54A642-D81B-4E25-BEE1-83B82CB53FE2}.Release|iPhoneSimulator.ActiveCfg = Release|Any CPU
		{FB54A642-D81B-4E25-BEE1-83B82CB53FE2}.Release|iPhoneSimulator.Build.0 = Release|Any CPU
		{FB54A642-D81B-4E25-BEE1-83B82CB53FE2}.Release|iPhoneSimulator.Deploy.0 = Release|Any CPU
		{ABED43BD-98ED-4921-9F14-D5208FC87EAE}.Debug|Any CPU.ActiveCfg = Debug|Any CPU
		{ABED43BD-98ED-4921-9F14-D5208FC87EAE}.Debug|Any CPU.Build.0 = Debug|Any CPU
		{ABED43BD-98ED-4921-9F14-D5208FC87EAE}.Debug|Any CPU.Deploy.0 = Debug|Any CPU
		{ABED43BD-98ED-4921-9F14-D5208FC87EAE}.Debug|iPhone.ActiveCfg = Debug|Any CPU
		{ABED43BD-98ED-4921-9F14-D5208FC87EAE}.Debug|iPhone.Build.0 = Debug|Any CPU
		{ABED43BD-98ED-4921-9F14-D5208FC87EAE}.Debug|iPhone.Deploy.0 = Debug|Any CPU
		{ABED43BD-98ED-4921-9F14-D5208FC87EAE}.Debug|iPhoneSimulator.ActiveCfg = Debug|Any CPU
		{ABED43BD-98ED-4921-9F14-D5208FC87EAE}.Debug|iPhoneSimulator.Build.0 = Debug|Any CPU
		{ABED43BD-98ED-4921-9F14-D5208FC87EAE}.Debug|iPhoneSimulator.Deploy.0 = Debug|Any CPU
		{ABED43BD-98ED-4921-9F14-D5208FC87EAE}.Release|Any CPU.ActiveCfg = Release|Any CPU
		{ABED43BD-98ED-4921-9F14-D5208FC87EAE}.Release|Any CPU.Build.0 = Release|Any CPU
		{ABED43BD-98ED-4921-9F14-D5208FC87EAE}.Release|Any CPU.Deploy.0 = Release|Any CPU
		{ABED43BD-98ED-4921-9F14-D5208FC87EAE}.Release|iPhone.ActiveCfg = Release|Any CPU
		{ABED43BD-98ED-4921-9F14-D5208FC87EAE}.Release|iPhone.Build.0 = Release|Any CPU
		{ABED43BD-98ED-4921-9F14-D5208FC87EAE}.Release|iPhone.Deploy.0 = Release|Any CPU
		{ABED43BD-98ED-4921-9F14-D5208FC87EAE}.Release|iPhoneSimulator.ActiveCfg = Release|Any CPU
		{ABED43BD-98ED-4921-9F14-D5208FC87EAE}.Release|iPhoneSimulator.Build.0 = Release|Any CPU
		{ABED43BD-98ED-4921-9F14-D5208FC87EAE}.Release|iPhoneSimulator.Deploy.0 = Release|Any CPU
		{D6820577-5EE6-494F-8E12-CBEBC3B7632E}.Debug|Any CPU.ActiveCfg = Debug|Any CPU
		{D6820577-5EE6-494F-8E12-CBEBC3B7632E}.Debug|Any CPU.Build.0 = Debug|Any CPU
		{D6820577-5EE6-494F-8E12-CBEBC3B7632E}.Debug|Any CPU.Deploy.0 = Debug|Any CPU
		{D6820577-5EE6-494F-8E12-CBEBC3B7632E}.Debug|iPhone.ActiveCfg = Debug|Any CPU
		{D6820577-5EE6-494F-8E12-CBEBC3B7632E}.Debug|iPhone.Build.0 = Debug|Any CPU
		{D6820577-5EE6-494F-8E12-CBEBC3B7632E}.Debug|iPhone.Deploy.0 = Debug|Any CPU
		{D6820577-5EE6-494F-8E12-CBEBC3B7632E}.Debug|iPhoneSimulator.ActiveCfg = Debug|Any CPU
		{D6820577-5EE6-494F-8E12-CBEBC3B7632E}.Debug|iPhoneSimulator.Build.0 = Debug|Any CPU
		{D6820577-5EE6-494F-8E12-CBEBC3B7632E}.Debug|iPhoneSimulator.Deploy.0 = Debug|Any CPU
		{D6820577-5EE6-494F-8E12-CBEBC3B7632E}.Release|Any CPU.ActiveCfg = Release|Any CPU
		{D6820577-5EE6-494F-8E12-CBEBC3B7632E}.Release|Any CPU.Build.0 = Release|Any CPU
		{D6820577-5EE6-494F-8E12-CBEBC3B7632E}.Release|Any CPU.Deploy.0 = Release|Any CPU
		{D6820577-5EE6-494F-8E12-CBEBC3B7632E}.Release|iPhone.ActiveCfg = Release|Any CPU
		{D6820577-5EE6-494F-8E12-CBEBC3B7632E}.Release|iPhone.Build.0 = Release|Any CPU
		{D6820577-5EE6-494F-8E12-CBEBC3B7632E}.Release|iPhone.Deploy.0 = Release|Any CPU
		{D6820577-5EE6-494F-8E12-CBEBC3B7632E}.Release|iPhoneSimulator.ActiveCfg = Release|Any CPU
		{D6820577-5EE6-494F-8E12-CBEBC3B7632E}.Release|iPhoneSimulator.Build.0 = Release|Any CPU
		{D6820577-5EE6-494F-8E12-CBEBC3B7632E}.Release|iPhoneSimulator.Deploy.0 = Release|Any CPU
		{64351E49-F2A9-40DA-A103-A30CECEDADD9}.Debug|Any CPU.ActiveCfg = Debug|Any CPU
		{64351E49-F2A9-40DA-A103-A30CECEDADD9}.Debug|Any CPU.Build.0 = Debug|Any CPU
		{64351E49-F2A9-40DA-A103-A30CECEDADD9}.Debug|Any CPU.Deploy.0 = Debug|Any CPU
		{64351E49-F2A9-40DA-A103-A30CECEDADD9}.Debug|iPhone.ActiveCfg = Debug|Any CPU
		{64351E49-F2A9-40DA-A103-A30CECEDADD9}.Debug|iPhone.Build.0 = Debug|Any CPU
		{64351E49-F2A9-40DA-A103-A30CECEDADD9}.Debug|iPhone.Deploy.0 = Debug|Any CPU
		{64351E49-F2A9-40DA-A103-A30CECEDADD9}.Debug|iPhoneSimulator.ActiveCfg = Debug|Any CPU
		{64351E49-F2A9-40DA-A103-A30CECEDADD9}.Debug|iPhoneSimulator.Build.0 = Debug|Any CPU
		{64351E49-F2A9-40DA-A103-A30CECEDADD9}.Debug|iPhoneSimulator.Deploy.0 = Debug|Any CPU
		{64351E49-F2A9-40DA-A103-A30CECEDADD9}.Release|Any CPU.ActiveCfg = Release|Any CPU
		{64351E49-F2A9-40DA-A103-A30CECEDADD9}.Release|Any CPU.Build.0 = Release|Any CPU
		{64351E49-F2A9-40DA-A103-A30CECEDADD9}.Release|Any CPU.Deploy.0 = Release|Any CPU
		{64351E49-F2A9-40DA-A103-A30CECEDADD9}.Release|iPhone.ActiveCfg = Release|Any CPU
		{64351E49-F2A9-40DA-A103-A30CECEDADD9}.Release|iPhone.Build.0 = Release|Any CPU
		{64351E49-F2A9-40DA-A103-A30CECEDADD9}.Release|iPhone.Deploy.0 = Release|Any CPU
		{64351E49-F2A9-40DA-A103-A30CECEDADD9}.Release|iPhoneSimulator.ActiveCfg = Release|Any CPU
		{64351E49-F2A9-40DA-A103-A30CECEDADD9}.Release|iPhoneSimulator.Build.0 = Release|Any CPU
		{64351E49-F2A9-40DA-A103-A30CECEDADD9}.Release|iPhoneSimulator.Deploy.0 = Release|Any CPU
		{ED34806C-725B-4095-9FD3-D19058B04C86}.Debug|Any CPU.ActiveCfg = Debug|Any CPU
		{ED34806C-725B-4095-9FD3-D19058B04C86}.Debug|Any CPU.Build.0 = Debug|Any CPU
		{ED34806C-725B-4095-9FD3-D19058B04C86}.Debug|Any CPU.Deploy.0 = Debug|Any CPU
		{ED34806C-725B-4095-9FD3-D19058B04C86}.Debug|iPhone.ActiveCfg = Debug|Any CPU
		{ED34806C-725B-4095-9FD3-D19058B04C86}.Debug|iPhone.Build.0 = Debug|Any CPU
		{ED34806C-725B-4095-9FD3-D19058B04C86}.Debug|iPhone.Deploy.0 = Debug|Any CPU
		{ED34806C-725B-4095-9FD3-D19058B04C86}.Debug|iPhoneSimulator.ActiveCfg = Debug|Any CPU
		{ED34806C-725B-4095-9FD3-D19058B04C86}.Debug|iPhoneSimulator.Build.0 = Debug|Any CPU
		{ED34806C-725B-4095-9FD3-D19058B04C86}.Debug|iPhoneSimulator.Deploy.0 = Debug|Any CPU
		{ED34806C-725B-4095-9FD3-D19058B04C86}.Release|Any CPU.ActiveCfg = Release|Any CPU
		{ED34806C-725B-4095-9FD3-D19058B04C86}.Release|Any CPU.Build.0 = Release|Any CPU
		{ED34806C-725B-4095-9FD3-D19058B04C86}.Release|Any CPU.Deploy.0 = Release|Any CPU
		{ED34806C-725B-4095-9FD3-D19058B04C86}.Release|iPhone.ActiveCfg = Release|Any CPU
		{ED34806C-725B-4095-9FD3-D19058B04C86}.Release|iPhone.Build.0 = Release|Any CPU
		{ED34806C-725B-4095-9FD3-D19058B04C86}.Release|iPhone.Deploy.0 = Release|Any CPU
		{ED34806C-725B-4095-9FD3-D19058B04C86}.Release|iPhoneSimulator.ActiveCfg = Release|Any CPU
		{ED34806C-725B-4095-9FD3-D19058B04C86}.Release|iPhoneSimulator.Build.0 = Release|Any CPU
		{ED34806C-725B-4095-9FD3-D19058B04C86}.Release|iPhoneSimulator.Deploy.0 = Release|Any CPU
		{14B37232-34A9-4F1F-A34A-81941C0DA1FF}.Debug|Any CPU.ActiveCfg = Debug|Any CPU
		{14B37232-34A9-4F1F-A34A-81941C0DA1FF}.Debug|Any CPU.Build.0 = Debug|Any CPU
		{14B37232-34A9-4F1F-A34A-81941C0DA1FF}.Debug|Any CPU.Deploy.0 = Debug|Any CPU
		{14B37232-34A9-4F1F-A34A-81941C0DA1FF}.Debug|iPhone.ActiveCfg = Debug|Any CPU
		{14B37232-34A9-4F1F-A34A-81941C0DA1FF}.Debug|iPhone.Build.0 = Debug|Any CPU
		{14B37232-34A9-4F1F-A34A-81941C0DA1FF}.Debug|iPhone.Deploy.0 = Debug|Any CPU
		{14B37232-34A9-4F1F-A34A-81941C0DA1FF}.Debug|iPhoneSimulator.ActiveCfg = Debug|Any CPU
		{14B37232-34A9-4F1F-A34A-81941C0DA1FF}.Debug|iPhoneSimulator.Build.0 = Debug|Any CPU
		{14B37232-34A9-4F1F-A34A-81941C0DA1FF}.Debug|iPhoneSimulator.Deploy.0 = Debug|Any CPU
		{14B37232-34A9-4F1F-A34A-81941C0DA1FF}.Release|Any CPU.ActiveCfg = Release|Any CPU
		{14B37232-34A9-4F1F-A34A-81941C0DA1FF}.Release|Any CPU.Build.0 = Release|Any CPU
		{14B37232-34A9-4F1F-A34A-81941C0DA1FF}.Release|Any CPU.Deploy.0 = Release|Any CPU
		{14B37232-34A9-4F1F-A34A-81941C0DA1FF}.Release|iPhone.ActiveCfg = Release|Any CPU
		{14B37232-34A9-4F1F-A34A-81941C0DA1FF}.Release|iPhone.Build.0 = Release|Any CPU
		{14B37232-34A9-4F1F-A34A-81941C0DA1FF}.Release|iPhone.Deploy.0 = Release|Any CPU
		{14B37232-34A9-4F1F-A34A-81941C0DA1FF}.Release|iPhoneSimulator.ActiveCfg = Release|Any CPU
		{14B37232-34A9-4F1F-A34A-81941C0DA1FF}.Release|iPhoneSimulator.Build.0 = Release|Any CPU
		{14B37232-34A9-4F1F-A34A-81941C0DA1FF}.Release|iPhoneSimulator.Deploy.0 = Release|Any CPU
		{F141BE57-0DC1-4BA5-9200-AD0E60465C57}.Debug|Any CPU.ActiveCfg = Debug|Any CPU
		{F141BE57-0DC1-4BA5-9200-AD0E60465C57}.Debug|Any CPU.Build.0 = Debug|Any CPU
		{F141BE57-0DC1-4BA5-9200-AD0E60465C57}.Debug|Any CPU.Deploy.0 = Debug|Any CPU
		{F141BE57-0DC1-4BA5-9200-AD0E60465C57}.Debug|iPhone.ActiveCfg = Debug|Any CPU
		{F141BE57-0DC1-4BA5-9200-AD0E60465C57}.Debug|iPhone.Build.0 = Debug|Any CPU
		{F141BE57-0DC1-4BA5-9200-AD0E60465C57}.Debug|iPhone.Deploy.0 = Debug|Any CPU
		{F141BE57-0DC1-4BA5-9200-AD0E60465C57}.Debug|iPhoneSimulator.ActiveCfg = Debug|Any CPU
		{F141BE57-0DC1-4BA5-9200-AD0E60465C57}.Debug|iPhoneSimulator.Build.0 = Debug|Any CPU
		{F141BE57-0DC1-4BA5-9200-AD0E60465C57}.Debug|iPhoneSimulator.Deploy.0 = Debug|Any CPU
		{F141BE57-0DC1-4BA5-9200-AD0E60465C57}.Release|Any CPU.ActiveCfg = Release|Any CPU
		{F141BE57-0DC1-4BA5-9200-AD0E60465C57}.Release|Any CPU.Build.0 = Release|Any CPU
		{F141BE57-0DC1-4BA5-9200-AD0E60465C57}.Release|Any CPU.Deploy.0 = Release|Any CPU
		{F141BE57-0DC1-4BA5-9200-AD0E60465C57}.Release|iPhone.ActiveCfg = Release|Any CPU
		{F141BE57-0DC1-4BA5-9200-AD0E60465C57}.Release|iPhone.Build.0 = Release|Any CPU
		{F141BE57-0DC1-4BA5-9200-AD0E60465C57}.Release|iPhone.Deploy.0 = Release|Any CPU
		{F141BE57-0DC1-4BA5-9200-AD0E60465C57}.Release|iPhoneSimulator.ActiveCfg = Release|Any CPU
		{F141BE57-0DC1-4BA5-9200-AD0E60465C57}.Release|iPhoneSimulator.Build.0 = Release|Any CPU
		{F141BE57-0DC1-4BA5-9200-AD0E60465C57}.Release|iPhoneSimulator.Deploy.0 = Release|Any CPU
		{4D5A31D7-5D81-49DA-92B3-13285CA4E09E}.Debug|Any CPU.ActiveCfg = Debug|Any CPU
		{4D5A31D7-5D81-49DA-92B3-13285CA4E09E}.Debug|Any CPU.Build.0 = Debug|Any CPU
		{4D5A31D7-5D81-49DA-92B3-13285CA4E09E}.Debug|Any CPU.Deploy.0 = Debug|Any CPU
		{4D5A31D7-5D81-49DA-92B3-13285CA4E09E}.Debug|iPhone.ActiveCfg = Debug|Any CPU
		{4D5A31D7-5D81-49DA-92B3-13285CA4E09E}.Debug|iPhone.Build.0 = Debug|Any CPU
		{4D5A31D7-5D81-49DA-92B3-13285CA4E09E}.Debug|iPhone.Deploy.0 = Debug|Any CPU
		{4D5A31D7-5D81-49DA-92B3-13285CA4E09E}.Debug|iPhoneSimulator.ActiveCfg = Debug|Any CPU
		{4D5A31D7-5D81-49DA-92B3-13285CA4E09E}.Debug|iPhoneSimulator.Build.0 = Debug|Any CPU
		{4D5A31D7-5D81-49DA-92B3-13285CA4E09E}.Debug|iPhoneSimulator.Deploy.0 = Debug|Any CPU
		{4D5A31D7-5D81-49DA-92B3-13285CA4E09E}.Release|Any CPU.ActiveCfg = Release|Any CPU
		{4D5A31D7-5D81-49DA-92B3-13285CA4E09E}.Release|Any CPU.Build.0 = Release|Any CPU
		{4D5A31D7-5D81-49DA-92B3-13285CA4E09E}.Release|Any CPU.Deploy.0 = Release|Any CPU
		{4D5A31D7-5D81-49DA-92B3-13285CA4E09E}.Release|iPhone.ActiveCfg = Release|Any CPU
		{4D5A31D7-5D81-49DA-92B3-13285CA4E09E}.Release|iPhone.Build.0 = Release|Any CPU
		{4D5A31D7-5D81-49DA-92B3-13285CA4E09E}.Release|iPhone.Deploy.0 = Release|Any CPU
		{4D5A31D7-5D81-49DA-92B3-13285CA4E09E}.Release|iPhoneSimulator.ActiveCfg = Release|Any CPU
		{4D5A31D7-5D81-49DA-92B3-13285CA4E09E}.Release|iPhoneSimulator.Build.0 = Release|Any CPU
		{4D5A31D7-5D81-49DA-92B3-13285CA4E09E}.Release|iPhoneSimulator.Deploy.0 = Release|Any CPU
		{6205CC53-BB71-4F5A-AC29-444DC55BB4BA}.Debug|Any CPU.ActiveCfg = Debug|Any CPU
		{6205CC53-BB71-4F5A-AC29-444DC55BB4BA}.Debug|Any CPU.Build.0 = Debug|Any CPU
		{6205CC53-BB71-4F5A-AC29-444DC55BB4BA}.Debug|Any CPU.Deploy.0 = Debug|Any CPU
		{6205CC53-BB71-4F5A-AC29-444DC55BB4BA}.Debug|iPhone.ActiveCfg = Debug|Any CPU
		{6205CC53-BB71-4F5A-AC29-444DC55BB4BA}.Debug|iPhone.Build.0 = Debug|Any CPU
		{6205CC53-BB71-4F5A-AC29-444DC55BB4BA}.Debug|iPhone.Deploy.0 = Debug|Any CPU
		{6205CC53-BB71-4F5A-AC29-444DC55BB4BA}.Debug|iPhoneSimulator.ActiveCfg = Debug|Any CPU
		{6205CC53-BB71-4F5A-AC29-444DC55BB4BA}.Debug|iPhoneSimulator.Build.0 = Debug|Any CPU
		{6205CC53-BB71-4F5A-AC29-444DC55BB4BA}.Debug|iPhoneSimulator.Deploy.0 = Debug|Any CPU
		{6205CC53-BB71-4F5A-AC29-444DC55BB4BA}.Release|Any CPU.ActiveCfg = Release|Any CPU
		{6205CC53-BB71-4F5A-AC29-444DC55BB4BA}.Release|Any CPU.Build.0 = Release|Any CPU
		{6205CC53-BB71-4F5A-AC29-444DC55BB4BA}.Release|Any CPU.Deploy.0 = Release|Any CPU
		{6205CC53-BB71-4F5A-AC29-444DC55BB4BA}.Release|iPhone.ActiveCfg = Release|Any CPU
		{6205CC53-BB71-4F5A-AC29-444DC55BB4BA}.Release|iPhone.Build.0 = Release|Any CPU
		{6205CC53-BB71-4F5A-AC29-444DC55BB4BA}.Release|iPhone.Deploy.0 = Release|Any CPU
		{6205CC53-BB71-4F5A-AC29-444DC55BB4BA}.Release|iPhoneSimulator.ActiveCfg = Release|Any CPU
		{6205CC53-BB71-4F5A-AC29-444DC55BB4BA}.Release|iPhoneSimulator.Build.0 = Release|Any CPU
		{6205CC53-BB71-4F5A-AC29-444DC55BB4BA}.Release|iPhoneSimulator.Deploy.0 = Release|Any CPU
		{B5806FEA-885A-40AC-B242-C729569F9AB5}.Debug|Any CPU.ActiveCfg = Debug|Any CPU
		{B5806FEA-885A-40AC-B242-C729569F9AB5}.Debug|Any CPU.Build.0 = Debug|Any CPU
		{B5806FEA-885A-40AC-B242-C729569F9AB5}.Debug|Any CPU.Deploy.0 = Debug|Any CPU
		{B5806FEA-885A-40AC-B242-C729569F9AB5}.Debug|iPhone.ActiveCfg = Debug|Any CPU
		{B5806FEA-885A-40AC-B242-C729569F9AB5}.Debug|iPhone.Build.0 = Debug|Any CPU
		{B5806FEA-885A-40AC-B242-C729569F9AB5}.Debug|iPhone.Deploy.0 = Debug|Any CPU
		{B5806FEA-885A-40AC-B242-C729569F9AB5}.Debug|iPhoneSimulator.ActiveCfg = Debug|Any CPU
		{B5806FEA-885A-40AC-B242-C729569F9AB5}.Debug|iPhoneSimulator.Build.0 = Debug|Any CPU
		{B5806FEA-885A-40AC-B242-C729569F9AB5}.Debug|iPhoneSimulator.Deploy.0 = Debug|Any CPU
		{B5806FEA-885A-40AC-B242-C729569F9AB5}.Release|Any CPU.ActiveCfg = Release|Any CPU
		{B5806FEA-885A-40AC-B242-C729569F9AB5}.Release|Any CPU.Build.0 = Release|Any CPU
		{B5806FEA-885A-40AC-B242-C729569F9AB5}.Release|Any CPU.Deploy.0 = Release|Any CPU
		{B5806FEA-885A-40AC-B242-C729569F9AB5}.Release|iPhone.ActiveCfg = Release|Any CPU
		{B5806FEA-885A-40AC-B242-C729569F9AB5}.Release|iPhone.Build.0 = Release|Any CPU
		{B5806FEA-885A-40AC-B242-C729569F9AB5}.Release|iPhone.Deploy.0 = Release|Any CPU
		{B5806FEA-885A-40AC-B242-C729569F9AB5}.Release|iPhoneSimulator.ActiveCfg = Release|Any CPU
		{B5806FEA-885A-40AC-B242-C729569F9AB5}.Release|iPhoneSimulator.Build.0 = Release|Any CPU
		{B5806FEA-885A-40AC-B242-C729569F9AB5}.Release|iPhoneSimulator.Deploy.0 = Release|Any CPU
		{A6141607-D2E9-4436-9BBD-523EF9D27497}.Debug|Any CPU.ActiveCfg = Debug|Any CPU
		{A6141607-D2E9-4436-9BBD-523EF9D27497}.Debug|Any CPU.Build.0 = Debug|Any CPU
		{A6141607-D2E9-4436-9BBD-523EF9D27497}.Debug|Any CPU.Deploy.0 = Debug|Any CPU
		{A6141607-D2E9-4436-9BBD-523EF9D27497}.Debug|iPhone.ActiveCfg = Debug|Any CPU
		{A6141607-D2E9-4436-9BBD-523EF9D27497}.Debug|iPhone.Build.0 = Debug|Any CPU
		{A6141607-D2E9-4436-9BBD-523EF9D27497}.Debug|iPhone.Deploy.0 = Debug|Any CPU
		{A6141607-D2E9-4436-9BBD-523EF9D27497}.Debug|iPhoneSimulator.ActiveCfg = Debug|Any CPU
		{A6141607-D2E9-4436-9BBD-523EF9D27497}.Debug|iPhoneSimulator.Build.0 = Debug|Any CPU
		{A6141607-D2E9-4436-9BBD-523EF9D27497}.Debug|iPhoneSimulator.Deploy.0 = Debug|Any CPU
		{A6141607-D2E9-4436-9BBD-523EF9D27497}.Release|Any CPU.ActiveCfg = Release|Any CPU
		{A6141607-D2E9-4436-9BBD-523EF9D27497}.Release|Any CPU.Build.0 = Release|Any CPU
		{A6141607-D2E9-4436-9BBD-523EF9D27497}.Release|Any CPU.Deploy.0 = Release|Any CPU
		{A6141607-D2E9-4436-9BBD-523EF9D27497}.Release|iPhone.ActiveCfg = Release|Any CPU
		{A6141607-D2E9-4436-9BBD-523EF9D27497}.Release|iPhone.Build.0 = Release|Any CPU
		{A6141607-D2E9-4436-9BBD-523EF9D27497}.Release|iPhone.Deploy.0 = Release|Any CPU
		{A6141607-D2E9-4436-9BBD-523EF9D27497}.Release|iPhoneSimulator.ActiveCfg = Release|Any CPU
		{A6141607-D2E9-4436-9BBD-523EF9D27497}.Release|iPhoneSimulator.Build.0 = Release|Any CPU
		{A6141607-D2E9-4436-9BBD-523EF9D27497}.Release|iPhoneSimulator.Deploy.0 = Release|Any CPU
		{2E2416E2-CBE2-4F63-B1F9-4195A12942FA}.Debug|Any CPU.ActiveCfg = Debug|Any CPU
		{2E2416E2-CBE2-4F63-B1F9-4195A12942FA}.Debug|Any CPU.Build.0 = Debug|Any CPU
		{2E2416E2-CBE2-4F63-B1F9-4195A12942FA}.Debug|Any CPU.Deploy.0 = Debug|Any CPU
		{2E2416E2-CBE2-4F63-B1F9-4195A12942FA}.Debug|iPhone.ActiveCfg = Debug|Any CPU
		{2E2416E2-CBE2-4F63-B1F9-4195A12942FA}.Debug|iPhone.Build.0 = Debug|Any CPU
		{2E2416E2-CBE2-4F63-B1F9-4195A12942FA}.Debug|iPhone.Deploy.0 = Debug|Any CPU
		{2E2416E2-CBE2-4F63-B1F9-4195A12942FA}.Debug|iPhoneSimulator.ActiveCfg = Debug|Any CPU
		{2E2416E2-CBE2-4F63-B1F9-4195A12942FA}.Debug|iPhoneSimulator.Build.0 = Debug|Any CPU
		{2E2416E2-CBE2-4F63-B1F9-4195A12942FA}.Debug|iPhoneSimulator.Deploy.0 = Debug|Any CPU
		{2E2416E2-CBE2-4F63-B1F9-4195A12942FA}.Release|Any CPU.ActiveCfg = Release|Any CPU
		{2E2416E2-CBE2-4F63-B1F9-4195A12942FA}.Release|Any CPU.Build.0 = Release|Any CPU
		{2E2416E2-CBE2-4F63-B1F9-4195A12942FA}.Release|Any CPU.Deploy.0 = Release|Any CPU
		{2E2416E2-CBE2-4F63-B1F9-4195A12942FA}.Release|iPhone.ActiveCfg = Release|Any CPU
		{2E2416E2-CBE2-4F63-B1F9-4195A12942FA}.Release|iPhone.Build.0 = Release|Any CPU
		{2E2416E2-CBE2-4F63-B1F9-4195A12942FA}.Release|iPhone.Deploy.0 = Release|Any CPU
		{2E2416E2-CBE2-4F63-B1F9-4195A12942FA}.Release|iPhoneSimulator.ActiveCfg = Release|Any CPU
		{2E2416E2-CBE2-4F63-B1F9-4195A12942FA}.Release|iPhoneSimulator.Build.0 = Release|Any CPU
		{2E2416E2-CBE2-4F63-B1F9-4195A12942FA}.Release|iPhoneSimulator.Deploy.0 = Release|Any CPU
		{A73A816D-D4F9-41D4-8C38-E9330F21F78E}.Debug|Any CPU.ActiveCfg = Debug|Any CPU
		{A73A816D-D4F9-41D4-8C38-E9330F21F78E}.Debug|Any CPU.Build.0 = Debug|Any CPU
		{A73A816D-D4F9-41D4-8C38-E9330F21F78E}.Debug|iPhone.ActiveCfg = Debug|Any CPU
		{A73A816D-D4F9-41D4-8C38-E9330F21F78E}.Debug|iPhone.Build.0 = Debug|Any CPU
		{A73A816D-D4F9-41D4-8C38-E9330F21F78E}.Debug|iPhoneSimulator.ActiveCfg = Debug|Any CPU
		{A73A816D-D4F9-41D4-8C38-E9330F21F78E}.Debug|iPhoneSimulator.Build.0 = Debug|Any CPU
		{A73A816D-D4F9-41D4-8C38-E9330F21F78E}.Release|Any CPU.ActiveCfg = Release|Any CPU
		{A73A816D-D4F9-41D4-8C38-E9330F21F78E}.Release|Any CPU.Build.0 = Release|Any CPU
		{A73A816D-D4F9-41D4-8C38-E9330F21F78E}.Release|iPhone.ActiveCfg = Release|Any CPU
		{A73A816D-D4F9-41D4-8C38-E9330F21F78E}.Release|iPhone.Build.0 = Release|Any CPU
		{A73A816D-D4F9-41D4-8C38-E9330F21F78E}.Release|iPhoneSimulator.ActiveCfg = Release|Any CPU
		{A73A816D-D4F9-41D4-8C38-E9330F21F78E}.Release|iPhoneSimulator.Build.0 = Release|Any CPU
		{2CDE2BE0-2B91-48D8-8F89-16D6F215E845}.Debug|Any CPU.ActiveCfg = Debug|Any CPU
		{2CDE2BE0-2B91-48D8-8F89-16D6F215E845}.Debug|Any CPU.Build.0 = Debug|Any CPU
		{2CDE2BE0-2B91-48D8-8F89-16D6F215E845}.Debug|iPhone.ActiveCfg = Debug|Any CPU
		{2CDE2BE0-2B91-48D8-8F89-16D6F215E845}.Debug|iPhone.Build.0 = Debug|Any CPU
		{2CDE2BE0-2B91-48D8-8F89-16D6F215E845}.Debug|iPhoneSimulator.ActiveCfg = Debug|Any CPU
		{2CDE2BE0-2B91-48D8-8F89-16D6F215E845}.Debug|iPhoneSimulator.Build.0 = Debug|Any CPU
		{2CDE2BE0-2B91-48D8-8F89-16D6F215E845}.Release|Any CPU.ActiveCfg = Release|Any CPU
		{2CDE2BE0-2B91-48D8-8F89-16D6F215E845}.Release|Any CPU.Build.0 = Release|Any CPU
		{2CDE2BE0-2B91-48D8-8F89-16D6F215E845}.Release|iPhone.ActiveCfg = Release|Any CPU
		{2CDE2BE0-2B91-48D8-8F89-16D6F215E845}.Release|iPhone.Build.0 = Release|Any CPU
		{2CDE2BE0-2B91-48D8-8F89-16D6F215E845}.Release|iPhoneSimulator.ActiveCfg = Release|Any CPU
		{2CDE2BE0-2B91-48D8-8F89-16D6F215E845}.Release|iPhoneSimulator.Build.0 = Release|Any CPU
	EndGlobalSection
	GlobalSection(SolutionProperties) = preSolution
		HideSolutionNode = FALSE
	EndGlobalSection
	GlobalSection(NestedProjects) = preSolution
		{95F44AA6-7A82-43E7-A61A-3BE5B6D02C9A} = {440AD92F-6011-4301-BED5-87EB28E0F32D}
		{567267B3-ED96-4FEA-B555-2EE203372EA4} = {3526B55E-A473-4714-AED2-4CE73B07F545}
		{BB001FC4-CB47-485E-9EF3-BC7BF5C3198C} = {3526B55E-A473-4714-AED2-4CE73B07F545}
		{ABED43BD-98ED-4921-9F14-D5208FC87EAE} = {07065FBF-FF56-4F48-BE7C-4A6570DC08DA}
		{D6820577-5EE6-494F-8E12-CBEBC3B7632E} = {07065FBF-FF56-4F48-BE7C-4A6570DC08DA}
		{64351E49-F2A9-40DA-A103-A30CECEDADD9} = {07065FBF-FF56-4F48-BE7C-4A6570DC08DA}
		{ED34806C-725B-4095-9FD3-D19058B04C86} = {07065FBF-FF56-4F48-BE7C-4A6570DC08DA}
		{14B37232-34A9-4F1F-A34A-81941C0DA1FF} = {07065FBF-FF56-4F48-BE7C-4A6570DC08DA}
		{F141BE57-0DC1-4BA5-9200-AD0E60465C57} = {07065FBF-FF56-4F48-BE7C-4A6570DC08DA}
		{4D5A31D7-5D81-49DA-92B3-13285CA4E09E} = {07065FBF-FF56-4F48-BE7C-4A6570DC08DA}
		{6205CC53-BB71-4F5A-AC29-444DC55BB4BA} = {07065FBF-FF56-4F48-BE7C-4A6570DC08DA}
		{B5806FEA-885A-40AC-B242-C729569F9AB5} = {07065FBF-FF56-4F48-BE7C-4A6570DC08DA}
		{A6141607-D2E9-4436-9BBD-523EF9D27497} = {07065FBF-FF56-4F48-BE7C-4A6570DC08DA}
		{2E2416E2-CBE2-4F63-B1F9-4195A12942FA} = {07065FBF-FF56-4F48-BE7C-4A6570DC08DA}
		{A73A816D-D4F9-41D4-8C38-E9330F21F78E} = {07065FBF-FF56-4F48-BE7C-4A6570DC08DA}
		{2CDE2BE0-2B91-48D8-8F89-16D6F215E845} = {07065FBF-FF56-4F48-BE7C-4A6570DC08DA}
	EndGlobalSection
	GlobalSection(ExtensibilityGlobals) = postSolution
		SolutionGuid = {43AB8674-050D-49FE-BB0A-5158149A21A4}
	EndGlobalSection
	GlobalSection(SharedMSBuildProjectFiles) = preSolution
		Connectivity\CommonContracts\CommonContracts.projitems*{567267b3-ed96-4fea-b555-2ee203372ea4}*SharedItemsImports = 13
		Connectivity\CommonContracts\CommonContracts.projitems*{bb001fc4-cb47-485e-9ef3-bc7bf5c3198c}*SharedItemsImports = 5
		Connectivity\CommonContracts\CommonContracts.projitems*{fdf30616-3277-44b9-88d4-96a6d4fdf169}*SharedItemsImports = 5
	EndGlobalSection
EndGlobal
