
Microsoft Visual Studio Solution File, Format Version 12.00
# Visual Studio Version 17
VisualStudioVersion = 17.3.32901.215
MinimumVisualStudioVersion = 10.0.40219.1
Project("{2150E333-8FDC-42A3-9474-1A3956D46DE8}") = "_ref", "_ref", "{7439A77A-D45C-4487-9E03-9DB9D5E80607}"
EndProject
Project("{9A19103F-16F7-4668-BE54-9A1E7A4F7556}") = "Meadow.ProjLab", "Meadow.ProjLab\Meadow.ProjLab.csproj", "{A42945D2-CA5C-42D7-90F6-C6550496CA66}"
EndProject
Project("{2150E333-8FDC-42A3-9474-1A3956D46DE8}") = "_lib", "_lib", "{FC813589-1F30-49D2-8561-D70155C4877D}"
EndProject
Project("{9A19103F-16F7-4668-BE54-9A1E7A4F7556}") = "Meadow.Contracts", "..\..\Meadow.Contracts\Source\Meadow.Contracts\Meadow.Contracts.csproj", "{66400DE6-6FE5-4F22-A1A1-59AF8135E0C5}"
EndProject
Project("{9A19103F-16F7-4668-BE54-9A1E7A4F7556}") = "Meadow.Units", "..\..\Meadow.Units\Source\Meadow.Units\Meadow.Units.csproj", "{FD4A7C21-229A-44C5-97FB-688C241E9D40}"
EndProject
Project("{9A19103F-16F7-4668-BE54-9A1E7A4F7556}") = "MQTTnet", "..\..\MQTTnet\Source\MQTTnet\MQTTnet.csproj", "{FECD6AEE-519B-4221-B1CB-3254EFFD338A}"
EndProject
Project("{9A19103F-16F7-4668-BE54-9A1E7A4F7556}") = "Meadow.Core", "..\..\Meadow.Core\source\Meadow.Core\Meadow.Core.csproj", "{ED51A0BC-9F88-4FFD-A3A5-4913B355CB42}"
EndProject
Project("{9A19103F-16F7-4668-BE54-9A1E7A4F7556}") = "Meadow.F7", "..\..\Meadow.Core\source\Meadow.F7\Meadow.F7.csproj", "{A2355B72-8A4F-49B7-847A-7D9712EF5916}"
EndProject
Project("{9A19103F-16F7-4668-BE54-9A1E7A4F7556}") = "Graphics.MicroGraphics", "..\..\Meadow.Foundation\Source\Meadow.Foundation.Libraries_and_Frameworks\Graphics.MicroGraphics\Driver\Graphics.MicroGraphics.csproj", "{9CEDB42E-8F0E-4176-A47E-1EAB82D074C8}"
EndProject
Project("{9A19103F-16F7-4668-BE54-9A1E7A4F7556}") = "Meadow.Foundation.Core", "..\..\Meadow.Foundation\Source\Meadow.Foundation.Core\Meadow.Foundation.Core.csproj", "{A92874AE-CB44-4717-B315-9430C916ED6A}"
EndProject
Project("{9A19103F-16F7-4668-BE54-9A1E7A4F7556}") = "Displays.TftSpi", "..\..\Meadow.Foundation\Source\Meadow.Foundation.Peripherals\Displays.TftSpi\Driver\Displays.TftSpi.csproj", "{7C7F9E3E-537C-4E84-93E8-AD44C544B3B1}"
EndProject
Project("{9A19103F-16F7-4668-BE54-9A1E7A4F7556}") = "Sensors.Atmospheric.Bme68x", "..\..\Meadow.Foundation\Source\Meadow.Foundation.Peripherals\Sensors.Atmospheric.Bme68x\Driver\Sensors.Atmospheric.Bme68x.csproj", "{78A12BEF-F482-44EB-96FE-B9591ED94DE7}"
EndProject
Project("{9A19103F-16F7-4668-BE54-9A1E7A4F7556}") = "ICs.IOExpanders.Mcp23xxx", "..\..\Meadow.Foundation\Source\Meadow.Foundation.Peripherals\ICs.IOExpanders.Mcp23xxx\Driver\ICs.IOExpanders.Mcp23xxx.csproj", "{731F06A8-54F4-421B-AA12-26D8AFF00ABC}"
EndProject
Project("{9A19103F-16F7-4668-BE54-9A1E7A4F7556}") = "Sensors.Light.Bh1750", "..\..\Meadow.Foundation\Source\Meadow.Foundation.Peripherals\Sensors.Light.Bh1750\Driver\Sensors.Light.Bh1750.csproj", "{A4793221-7E35-42FC-8BF4-2D84FD570619}"
EndProject
Project("{9A19103F-16F7-4668-BE54-9A1E7A4F7556}") = "Sensors.Motion.Bmi270", "..\..\Meadow.Foundation\Source\Meadow.Foundation.Peripherals\Sensors.Motion.Bmi270\Driver\Sensors.Motion.Bmi270.csproj", "{7127C30B-4379-4215-8DB7-6A1EA447811A}"
EndProject
Project("{9A19103F-16F7-4668-BE54-9A1E7A4F7556}") = "AmbientRoomMonitor", "AmbientRoomMonitor\AmbientRoomMonitor.csproj", "{743D4422-F17F-4F78-98DD-4B94FB54A522}"
EndProject
Project("{9A19103F-16F7-4668-BE54-9A1E7A4F7556}") = "AnalogClockFace", "AnalogClockFace\AnalogClockFace.csproj", "{264A8085-9153-48D2-A4DA-8B1840FEDC23}"
EndProject
Project("{9A19103F-16F7-4668-BE54-9A1E7A4F7556}") = "GalleryViewer", "GalleryViewer\GalleryViewer.csproj", "{C192EA7C-31FE-414C-9939-D568CADAAF18}"
EndProject
Project("{9A19103F-16F7-4668-BE54-9A1E7A4F7556}") = "MoistureMeter", "MoistureMeter\MoistureMeter.csproj", "{BBF981C7-3821-4B6F-870D-CB41B093407D}"
EndProject
Project("{9A19103F-16F7-4668-BE54-9A1E7A4F7556}") = "MoistureSensor", "..\..\Meadow.Foundation.Grove\Source\MoistureSensor\Driver\MoistureSensor.csproj", "{8FAEB5D3-96DE-4FD2-8059-F07C32212AC5}"
EndProject
Project("{9A19103F-16F7-4668-BE54-9A1E7A4F7556}") = "MorseCodeTrainer", "MorseCodeTrainer\MorseCodeTrainer.csproj", "{F1B5F93C-B46D-4027-A4CD-A9D4F9A3D7FC}"
EndProject
Project("{9A19103F-16F7-4668-BE54-9A1E7A4F7556}") = "PlantMonitor", "PlantMonitor\PlantMonitor.csproj", "{2164F026-A6CC-4C95-B3E7-8A8B3B8EA200}"
EndProject
Project("{9A19103F-16F7-4668-BE54-9A1E7A4F7556}") = "Simon", "Simon\Simon.csproj", "{4B834034-D2D9-40E9-97EF-EDDE589C48FD}"
EndProject
Project("{9A19103F-16F7-4668-BE54-9A1E7A4F7556}") = "WifiWeather", "WifiWeather\WifiWeather.csproj", "{3747C749-3D61-41E4-A488-68016FBFA59F}"
EndProject
Global
	GlobalSection(SolutionConfigurationPlatforms) = preSolution
		Debug|Any CPU = Debug|Any CPU
		Release|Any CPU = Release|Any CPU
	EndGlobalSection
	GlobalSection(ProjectConfigurationPlatforms) = postSolution
		{A42945D2-CA5C-42D7-90F6-C6550496CA66}.Debug|Any CPU.ActiveCfg = Debug|Any CPU
		{A42945D2-CA5C-42D7-90F6-C6550496CA66}.Debug|Any CPU.Build.0 = Debug|Any CPU
		{A42945D2-CA5C-42D7-90F6-C6550496CA66}.Debug|Any CPU.Deploy.0 = Debug|Any CPU
		{A42945D2-CA5C-42D7-90F6-C6550496CA66}.Release|Any CPU.ActiveCfg = Release|Any CPU
		{A42945D2-CA5C-42D7-90F6-C6550496CA66}.Release|Any CPU.Build.0 = Release|Any CPU
		{A42945D2-CA5C-42D7-90F6-C6550496CA66}.Release|Any CPU.Deploy.0 = Release|Any CPU
		{66400DE6-6FE5-4F22-A1A1-59AF8135E0C5}.Debug|Any CPU.ActiveCfg = Debug|Any CPU
		{66400DE6-6FE5-4F22-A1A1-59AF8135E0C5}.Debug|Any CPU.Build.0 = Debug|Any CPU
		{66400DE6-6FE5-4F22-A1A1-59AF8135E0C5}.Debug|Any CPU.Deploy.0 = Debug|Any CPU
		{66400DE6-6FE5-4F22-A1A1-59AF8135E0C5}.Release|Any CPU.ActiveCfg = Release|Any CPU
		{66400DE6-6FE5-4F22-A1A1-59AF8135E0C5}.Release|Any CPU.Build.0 = Release|Any CPU
		{66400DE6-6FE5-4F22-A1A1-59AF8135E0C5}.Release|Any CPU.Deploy.0 = Release|Any CPU
		{FD4A7C21-229A-44C5-97FB-688C241E9D40}.Debug|Any CPU.ActiveCfg = Debug|Any CPU
		{FD4A7C21-229A-44C5-97FB-688C241E9D40}.Debug|Any CPU.Build.0 = Debug|Any CPU
		{FD4A7C21-229A-44C5-97FB-688C241E9D40}.Debug|Any CPU.Deploy.0 = Debug|Any CPU
		{FD4A7C21-229A-44C5-97FB-688C241E9D40}.Release|Any CPU.ActiveCfg = Release|Any CPU
		{FD4A7C21-229A-44C5-97FB-688C241E9D40}.Release|Any CPU.Build.0 = Release|Any CPU
		{FD4A7C21-229A-44C5-97FB-688C241E9D40}.Release|Any CPU.Deploy.0 = Release|Any CPU
		{FECD6AEE-519B-4221-B1CB-3254EFFD338A}.Debug|Any CPU.ActiveCfg = Debug|Any CPU
		{FECD6AEE-519B-4221-B1CB-3254EFFD338A}.Debug|Any CPU.Build.0 = Debug|Any CPU
		{FECD6AEE-519B-4221-B1CB-3254EFFD338A}.Release|Any CPU.ActiveCfg = Release|Any CPU
		{FECD6AEE-519B-4221-B1CB-3254EFFD338A}.Release|Any CPU.Build.0 = Release|Any CPU
		{ED51A0BC-9F88-4FFD-A3A5-4913B355CB42}.Debug|Any CPU.ActiveCfg = Debug|Any CPU
		{ED51A0BC-9F88-4FFD-A3A5-4913B355CB42}.Debug|Any CPU.Build.0 = Debug|Any CPU
		{ED51A0BC-9F88-4FFD-A3A5-4913B355CB42}.Debug|Any CPU.Deploy.0 = Debug|Any CPU
		{ED51A0BC-9F88-4FFD-A3A5-4913B355CB42}.Release|Any CPU.ActiveCfg = Release|Any CPU
		{ED51A0BC-9F88-4FFD-A3A5-4913B355CB42}.Release|Any CPU.Build.0 = Release|Any CPU
		{ED51A0BC-9F88-4FFD-A3A5-4913B355CB42}.Release|Any CPU.Deploy.0 = Release|Any CPU
		{A2355B72-8A4F-49B7-847A-7D9712EF5916}.Debug|Any CPU.ActiveCfg = Debug|Any CPU
		{A2355B72-8A4F-49B7-847A-7D9712EF5916}.Debug|Any CPU.Build.0 = Debug|Any CPU
		{A2355B72-8A4F-49B7-847A-7D9712EF5916}.Debug|Any CPU.Deploy.0 = Debug|Any CPU
		{A2355B72-8A4F-49B7-847A-7D9712EF5916}.Release|Any CPU.ActiveCfg = Release|Any CPU
		{A2355B72-8A4F-49B7-847A-7D9712EF5916}.Release|Any CPU.Build.0 = Release|Any CPU
		{A2355B72-8A4F-49B7-847A-7D9712EF5916}.Release|Any CPU.Deploy.0 = Release|Any CPU
		{9CEDB42E-8F0E-4176-A47E-1EAB82D074C8}.Debug|Any CPU.ActiveCfg = Debug|Any CPU
		{9CEDB42E-8F0E-4176-A47E-1EAB82D074C8}.Debug|Any CPU.Build.0 = Debug|Any CPU
		{9CEDB42E-8F0E-4176-A47E-1EAB82D074C8}.Debug|Any CPU.Deploy.0 = Debug|Any CPU
		{9CEDB42E-8F0E-4176-A47E-1EAB82D074C8}.Release|Any CPU.ActiveCfg = Release|Any CPU
		{9CEDB42E-8F0E-4176-A47E-1EAB82D074C8}.Release|Any CPU.Build.0 = Release|Any CPU
		{9CEDB42E-8F0E-4176-A47E-1EAB82D074C8}.Release|Any CPU.Deploy.0 = Release|Any CPU
		{A92874AE-CB44-4717-B315-9430C916ED6A}.Debug|Any CPU.ActiveCfg = Debug|Any CPU
		{A92874AE-CB44-4717-B315-9430C916ED6A}.Debug|Any CPU.Build.0 = Debug|Any CPU
		{A92874AE-CB44-4717-B315-9430C916ED6A}.Debug|Any CPU.Deploy.0 = Debug|Any CPU
		{A92874AE-CB44-4717-B315-9430C916ED6A}.Release|Any CPU.ActiveCfg = Release|Any CPU
		{A92874AE-CB44-4717-B315-9430C916ED6A}.Release|Any CPU.Build.0 = Release|Any CPU
		{A92874AE-CB44-4717-B315-9430C916ED6A}.Release|Any CPU.Deploy.0 = Release|Any CPU
		{7C7F9E3E-537C-4E84-93E8-AD44C544B3B1}.Debug|Any CPU.ActiveCfg = Debug|Any CPU
		{7C7F9E3E-537C-4E84-93E8-AD44C544B3B1}.Debug|Any CPU.Build.0 = Debug|Any CPU
		{7C7F9E3E-537C-4E84-93E8-AD44C544B3B1}.Debug|Any CPU.Deploy.0 = Debug|Any CPU
		{7C7F9E3E-537C-4E84-93E8-AD44C544B3B1}.Release|Any CPU.ActiveCfg = Release|Any CPU
		{7C7F9E3E-537C-4E84-93E8-AD44C544B3B1}.Release|Any CPU.Build.0 = Release|Any CPU
		{7C7F9E3E-537C-4E84-93E8-AD44C544B3B1}.Release|Any CPU.Deploy.0 = Release|Any CPU
		{78A12BEF-F482-44EB-96FE-B9591ED94DE7}.Debug|Any CPU.ActiveCfg = Debug|Any CPU
		{78A12BEF-F482-44EB-96FE-B9591ED94DE7}.Debug|Any CPU.Build.0 = Debug|Any CPU
		{78A12BEF-F482-44EB-96FE-B9591ED94DE7}.Debug|Any CPU.Deploy.0 = Debug|Any CPU
		{78A12BEF-F482-44EB-96FE-B9591ED94DE7}.Release|Any CPU.ActiveCfg = Release|Any CPU
		{78A12BEF-F482-44EB-96FE-B9591ED94DE7}.Release|Any CPU.Build.0 = Release|Any CPU
		{78A12BEF-F482-44EB-96FE-B9591ED94DE7}.Release|Any CPU.Deploy.0 = Release|Any CPU
		{731F06A8-54F4-421B-AA12-26D8AFF00ABC}.Debug|Any CPU.ActiveCfg = Debug|Any CPU
		{731F06A8-54F4-421B-AA12-26D8AFF00ABC}.Debug|Any CPU.Build.0 = Debug|Any CPU
		{731F06A8-54F4-421B-AA12-26D8AFF00ABC}.Debug|Any CPU.Deploy.0 = Debug|Any CPU
		{731F06A8-54F4-421B-AA12-26D8AFF00ABC}.Release|Any CPU.ActiveCfg = Release|Any CPU
		{731F06A8-54F4-421B-AA12-26D8AFF00ABC}.Release|Any CPU.Build.0 = Release|Any CPU
		{731F06A8-54F4-421B-AA12-26D8AFF00ABC}.Release|Any CPU.Deploy.0 = Release|Any CPU
		{A4793221-7E35-42FC-8BF4-2D84FD570619}.Debug|Any CPU.ActiveCfg = Debug|Any CPU
		{A4793221-7E35-42FC-8BF4-2D84FD570619}.Debug|Any CPU.Build.0 = Debug|Any CPU
		{A4793221-7E35-42FC-8BF4-2D84FD570619}.Debug|Any CPU.Deploy.0 = Debug|Any CPU
		{A4793221-7E35-42FC-8BF4-2D84FD570619}.Release|Any CPU.ActiveCfg = Release|Any CPU
		{A4793221-7E35-42FC-8BF4-2D84FD570619}.Release|Any CPU.Build.0 = Release|Any CPU
		{A4793221-7E35-42FC-8BF4-2D84FD570619}.Release|Any CPU.Deploy.0 = Release|Any CPU
		{7127C30B-4379-4215-8DB7-6A1EA447811A}.Debug|Any CPU.ActiveCfg = Debug|Any CPU
		{7127C30B-4379-4215-8DB7-6A1EA447811A}.Debug|Any CPU.Build.0 = Debug|Any CPU
		{7127C30B-4379-4215-8DB7-6A1EA447811A}.Debug|Any CPU.Deploy.0 = Debug|Any CPU
		{7127C30B-4379-4215-8DB7-6A1EA447811A}.Release|Any CPU.ActiveCfg = Release|Any CPU
		{7127C30B-4379-4215-8DB7-6A1EA447811A}.Release|Any CPU.Build.0 = Release|Any CPU
		{7127C30B-4379-4215-8DB7-6A1EA447811A}.Release|Any CPU.Deploy.0 = Release|Any CPU
		{743D4422-F17F-4F78-98DD-4B94FB54A522}.Debug|Any CPU.ActiveCfg = Debug|Any CPU
		{743D4422-F17F-4F78-98DD-4B94FB54A522}.Debug|Any CPU.Build.0 = Debug|Any CPU
		{743D4422-F17F-4F78-98DD-4B94FB54A522}.Debug|Any CPU.Deploy.0 = Debug|Any CPU
		{743D4422-F17F-4F78-98DD-4B94FB54A522}.Release|Any CPU.ActiveCfg = Release|Any CPU
		{743D4422-F17F-4F78-98DD-4B94FB54A522}.Release|Any CPU.Build.0 = Release|Any CPU
		{743D4422-F17F-4F78-98DD-4B94FB54A522}.Release|Any CPU.Deploy.0 = Release|Any CPU
		{264A8085-9153-48D2-A4DA-8B1840FEDC23}.Debug|Any CPU.ActiveCfg = Debug|Any CPU
		{264A8085-9153-48D2-A4DA-8B1840FEDC23}.Debug|Any CPU.Build.0 = Debug|Any CPU
		{264A8085-9153-48D2-A4DA-8B1840FEDC23}.Debug|Any CPU.Deploy.0 = Debug|Any CPU
		{264A8085-9153-48D2-A4DA-8B1840FEDC23}.Release|Any CPU.ActiveCfg = Release|Any CPU
		{264A8085-9153-48D2-A4DA-8B1840FEDC23}.Release|Any CPU.Build.0 = Release|Any CPU
		{264A8085-9153-48D2-A4DA-8B1840FEDC23}.Release|Any CPU.Deploy.0 = Release|Any CPU
		{C192EA7C-31FE-414C-9939-D568CADAAF18}.Debug|Any CPU.ActiveCfg = Debug|Any CPU
		{C192EA7C-31FE-414C-9939-D568CADAAF18}.Debug|Any CPU.Build.0 = Debug|Any CPU
		{C192EA7C-31FE-414C-9939-D568CADAAF18}.Debug|Any CPU.Deploy.0 = Debug|Any CPU
		{C192EA7C-31FE-414C-9939-D568CADAAF18}.Release|Any CPU.ActiveCfg = Release|Any CPU
		{C192EA7C-31FE-414C-9939-D568CADAAF18}.Release|Any CPU.Build.0 = Release|Any CPU
		{C192EA7C-31FE-414C-9939-D568CADAAF18}.Release|Any CPU.Deploy.0 = Release|Any CPU
		{BBF981C7-3821-4B6F-870D-CB41B093407D}.Debug|Any CPU.ActiveCfg = Debug|Any CPU
		{BBF981C7-3821-4B6F-870D-CB41B093407D}.Debug|Any CPU.Build.0 = Debug|Any CPU
		{BBF981C7-3821-4B6F-870D-CB41B093407D}.Debug|Any CPU.Deploy.0 = Debug|Any CPU
		{BBF981C7-3821-4B6F-870D-CB41B093407D}.Release|Any CPU.ActiveCfg = Release|Any CPU
		{BBF981C7-3821-4B6F-870D-CB41B093407D}.Release|Any CPU.Build.0 = Release|Any CPU
		{BBF981C7-3821-4B6F-870D-CB41B093407D}.Release|Any CPU.Deploy.0 = Release|Any CPU
		{8FAEB5D3-96DE-4FD2-8059-F07C32212AC5}.Debug|Any CPU.ActiveCfg = Debug|Any CPU
		{8FAEB5D3-96DE-4FD2-8059-F07C32212AC5}.Debug|Any CPU.Build.0 = Debug|Any CPU
		{8FAEB5D3-96DE-4FD2-8059-F07C32212AC5}.Debug|Any CPU.Deploy.0 = Debug|Any CPU
		{8FAEB5D3-96DE-4FD2-8059-F07C32212AC5}.Release|Any CPU.ActiveCfg = Release|Any CPU
		{8FAEB5D3-96DE-4FD2-8059-F07C32212AC5}.Release|Any CPU.Build.0 = Release|Any CPU
		{8FAEB5D3-96DE-4FD2-8059-F07C32212AC5}.Release|Any CPU.Deploy.0 = Release|Any CPU
		{F1B5F93C-B46D-4027-A4CD-A9D4F9A3D7FC}.Debug|Any CPU.ActiveCfg = Debug|Any CPU
		{F1B5F93C-B46D-4027-A4CD-A9D4F9A3D7FC}.Debug|Any CPU.Build.0 = Debug|Any CPU
		{F1B5F93C-B46D-4027-A4CD-A9D4F9A3D7FC}.Debug|Any CPU.Deploy.0 = Debug|Any CPU
		{F1B5F93C-B46D-4027-A4CD-A9D4F9A3D7FC}.Release|Any CPU.ActiveCfg = Release|Any CPU
		{F1B5F93C-B46D-4027-A4CD-A9D4F9A3D7FC}.Release|Any CPU.Build.0 = Release|Any CPU
		{F1B5F93C-B46D-4027-A4CD-A9D4F9A3D7FC}.Release|Any CPU.Deploy.0 = Release|Any CPU
		{2164F026-A6CC-4C95-B3E7-8A8B3B8EA200}.Debug|Any CPU.ActiveCfg = Debug|Any CPU
		{2164F026-A6CC-4C95-B3E7-8A8B3B8EA200}.Debug|Any CPU.Build.0 = Debug|Any CPU
		{2164F026-A6CC-4C95-B3E7-8A8B3B8EA200}.Debug|Any CPU.Deploy.0 = Debug|Any CPU
		{2164F026-A6CC-4C95-B3E7-8A8B3B8EA200}.Release|Any CPU.ActiveCfg = Release|Any CPU
		{2164F026-A6CC-4C95-B3E7-8A8B3B8EA200}.Release|Any CPU.Build.0 = Release|Any CPU
		{2164F026-A6CC-4C95-B3E7-8A8B3B8EA200}.Release|Any CPU.Deploy.0 = Release|Any CPU
		{4B834034-D2D9-40E9-97EF-EDDE589C48FD}.Debug|Any CPU.ActiveCfg = Debug|Any CPU
		{4B834034-D2D9-40E9-97EF-EDDE589C48FD}.Debug|Any CPU.Build.0 = Debug|Any CPU
		{4B834034-D2D9-40E9-97EF-EDDE589C48FD}.Debug|Any CPU.Deploy.0 = Debug|Any CPU
		{4B834034-D2D9-40E9-97EF-EDDE589C48FD}.Release|Any CPU.ActiveCfg = Release|Any CPU
		{4B834034-D2D9-40E9-97EF-EDDE589C48FD}.Release|Any CPU.Build.0 = Release|Any CPU
		{4B834034-D2D9-40E9-97EF-EDDE589C48FD}.Release|Any CPU.Deploy.0 = Release|Any CPU
		{3747C749-3D61-41E4-A488-68016FBFA59F}.Debug|Any CPU.ActiveCfg = Debug|Any CPU
		{3747C749-3D61-41E4-A488-68016FBFA59F}.Debug|Any CPU.Build.0 = Debug|Any CPU
		{3747C749-3D61-41E4-A488-68016FBFA59F}.Debug|Any CPU.Deploy.0 = Debug|Any CPU
		{3747C749-3D61-41E4-A488-68016FBFA59F}.Release|Any CPU.ActiveCfg = Release|Any CPU
		{3747C749-3D61-41E4-A488-68016FBFA59F}.Release|Any CPU.Build.0 = Release|Any CPU
		{3747C749-3D61-41E4-A488-68016FBFA59F}.Release|Any CPU.Deploy.0 = Release|Any CPU
	EndGlobalSection
	GlobalSection(SolutionProperties) = preSolution
		HideSolutionNode = FALSE
	EndGlobalSection
	GlobalSection(NestedProjects) = preSolution
		{A42945D2-CA5C-42D7-90F6-C6550496CA66} = {FC813589-1F30-49D2-8561-D70155C4877D}
		{66400DE6-6FE5-4F22-A1A1-59AF8135E0C5} = {7439A77A-D45C-4487-9E03-9DB9D5E80607}
		{FD4A7C21-229A-44C5-97FB-688C241E9D40} = {7439A77A-D45C-4487-9E03-9DB9D5E80607}
		{FECD6AEE-519B-4221-B1CB-3254EFFD338A} = {7439A77A-D45C-4487-9E03-9DB9D5E80607}
		{ED51A0BC-9F88-4FFD-A3A5-4913B355CB42} = {7439A77A-D45C-4487-9E03-9DB9D5E80607}
		{A2355B72-8A4F-49B7-847A-7D9712EF5916} = {7439A77A-D45C-4487-9E03-9DB9D5E80607}
		{9CEDB42E-8F0E-4176-A47E-1EAB82D074C8} = {7439A77A-D45C-4487-9E03-9DB9D5E80607}
		{A92874AE-CB44-4717-B315-9430C916ED6A} = {7439A77A-D45C-4487-9E03-9DB9D5E80607}
		{7C7F9E3E-537C-4E84-93E8-AD44C544B3B1} = {7439A77A-D45C-4487-9E03-9DB9D5E80607}
		{78A12BEF-F482-44EB-96FE-B9591ED94DE7} = {7439A77A-D45C-4487-9E03-9DB9D5E80607}
		{731F06A8-54F4-421B-AA12-26D8AFF00ABC} = {7439A77A-D45C-4487-9E03-9DB9D5E80607}
		{A4793221-7E35-42FC-8BF4-2D84FD570619} = {7439A77A-D45C-4487-9E03-9DB9D5E80607}
		{7127C30B-4379-4215-8DB7-6A1EA447811A} = {7439A77A-D45C-4487-9E03-9DB9D5E80607}
		{8FAEB5D3-96DE-4FD2-8059-F07C32212AC5} = {7439A77A-D45C-4487-9E03-9DB9D5E80607}
	EndGlobalSection
	GlobalSection(ExtensibilityGlobals) = postSolution
		SolutionGuid = {0AD554B2-93F3-4B0A-9725-304A66FB780A}
	EndGlobalSection
EndGlobal
