Microsoft Visual Studio Solution File, Format Version 12.00
# Visual Studio Version 17
VisualStudioVersion = 17.3.32901.215
MinimumVisualStudioVersion = 10.0.40219.1
Project("{9A19103F-16F7-4668-BE54-9A1E7A4F7556}") = "AmbientRoomMonitor", "AmbientRoomMonitor\AmbientRoomMonitor.csproj", "{743D4422-F17F-4F78-98DD-4B94FB54A522}"
EndProject
Project("{9A19103F-16F7-4668-BE54-9A1E7A4F7556}") = "AnalogClockFace", "AnalogClockFace\AnalogClockFace.csproj", "{264A8085-9153-48D2-A4DA-8B1840FEDC23}"
EndProject
Project("{9A19103F-16F7-4668-BE54-9A1E7A4F7556}") = "GalleryViewer", "GalleryViewer\GalleryViewer.csproj", "{C192EA7C-31FE-414C-9939-D568CADAAF18}"
EndProject
Project("{9A19103F-16F7-4668-BE54-9A1E7A4F7556}") = "MoistureMeter", "MoistureMeter\MoistureMeter.csproj", "{BBF981C7-3821-4B6F-870D-CB41B093407D}"
EndProject
Project("{9A19103F-16F7-4668-BE54-9A1E7A4F7556}") = "MorseCodeTrainer", "MorseCodeTrainer\MorseCodeTrainer.csproj", "{F1B5F93C-B46D-4027-A4CD-A9D4F9A3D7FC}"
EndProject
Project("{9A19103F-16F7-4668-BE54-9A1E7A4F7556}") = "PlantMonitor", "PlantMonitor\PlantMonitor.csproj", "{2164F026-A6CC-4C95-B3E7-8A8B3B8EA200}"
EndProject
Project("{9A19103F-16F7-4668-BE54-9A1E7A4F7556}") = "Simon", "Simon\Simon.csproj", "{4B834034-D2D9-40E9-97EF-EDDE589C48FD}"
EndProject
Project("{9A19103F-16F7-4668-BE54-9A1E7A4F7556}") = "WifiWeather", "WifiWeather\WifiWeather.csproj", "{3747C749-3D61-41E4-A488-68016FBFA59F}"
EndProject
Project("{2150E333-8FDC-42A3-9474-1A3956D46DE8}") = "WiFi_BLE", "WiFi_BLE", "{E4B23E5C-A52A-4543-AE88-CB2ED9F57297}"
EndProject
Project("{9A19103F-16F7-4668-BE54-9A1E7A4F7556}") = "MeadowConnectedSample", "Connectivity\MeadowConnectedSample\MeadowConnectedSample.csproj", "{A36C7D57-8484-4BC3-BF3A-5A44B6E5CE42}"
EndProject
Project("{9A19103F-16F7-4668-BE54-9A1E7A4F7556}") = "MobileProjectLab", "Connectivity\MobileProjectLab\MobileProjectLab.csproj", "{3F9471F1-6C04-4645-802A-66C7314CA75A}"
EndProject
Project("{9A19103F-16F7-4668-BE54-9A1E7A4F7556}") = "MagicEightMeadow", "MagicEightMeadow\MagicEightMeadow.csproj", "{5FD110C7-3D9B-44CA-8F58-569B037C7299}"
EndProject
Project("{9A19103F-16F7-4668-BE54-9A1E7A4F7556}") = "RotatingCube", "RotatingCube\RotatingCube.csproj", "{B07326E6-03B7-4C67-BF8F-E702B6379EA7}"
EndProject
Project("{9A19103F-16F7-4668-BE54-9A1E7A4F7556}") = "ThermalCamera", "ThermalCamera\ThermalCamera.csproj", "{0ADF1EE0-3DF8-4859-8C9C-BBF5E5883183}"
EndProject
Project("{2150E333-8FDC-42A3-9474-1A3956D46DE8}") = "Azure", "Azure", "{B72D3A65-B26C-4A6E-AEA6-7A280BA79847}"
EndProject
Project("{9A19103F-16F7-4668-BE54-9A1E7A4F7556}") = "MeadowAzureIoTHub", "MeadowAzureIoTHub\MeadowAzureIoTHub\MeadowAzureIoTHub.csproj", "{853D4036-FA83-411A-981C-2CB4DE0DA4D1}"
EndProject
Project("{9A19103F-16F7-4668-BE54-9A1E7A4F7556}") = "MeadowAzureServo", "MeadowAzureServo\MeadowAzureServo.csproj", "{A9061CEB-D584-4FD7-876F-7EA780095004}"
EndProject
Project("{D954291E-2A0B-460D-934E-DC6B0785DB48}") = "Connectivity.Common", "Connectivity\Connectivity.Common\Connectivity.Common.shproj", "{5E32A8F6-1EC5-46BA-AE3D-E3E376FD82D0}"
EndProject
Project("{9A19103F-16F7-4668-BE54-9A1E7A4F7556}") = "Meadow.Cloud_Update", "Meadow.Cloud_Update\Meadow.Cloud_Update.csproj", "{86F59281-E4A7-4CB2-880B-B61B49044232}"
EndProject
Project("{9A19103F-16F7-4668-BE54-9A1E7A4F7556}") = "MicroLayoutMenu", "MicroLayoutMenu\MicroLayoutMenu.csproj", "{31DC0106-F249-4F48-ABAD-2C1DA24A833B}"
EndProject
Project("{2150E333-8FDC-42A3-9474-1A3956D46DE8}") = "Modbus Server", "Modbus Server", "{91CF7813-4612-402E-8E39-78745A2D42B1}"
EndProject
Project("{9A19103F-16F7-4668-BE54-9A1E7A4F7556}") = "MeadowModbusServer", "ModbusServer\MeadowModbusServer\MeadowModbusServer.csproj", "{ED974FE8-DC3C-4EF5-9F1A-62E045379778}"
EndProject
Project("{9A19103F-16F7-4668-BE54-9A1E7A4F7556}") = "DesktopModbusClient", "ModbusServer\DesktopModbusClient\DesktopModbusClient.csproj", "{59295DD7-6A9E-4D1E-8812-6B234D4686EE}"
EndProject
Project("{9A19103F-16F7-4668-BE54-9A1E7A4F7556}") = "MathLineCharts", "MathLineCharts\MathLineCharts.csproj", "{72D8B6DE-B1C0-4674-83A5-17970ED59B6D}"
EndProject
Project("{9A19103F-16F7-4668-BE54-9A1E7A4F7556}") = "MeadowAzureFunction", "MeadowAzureFunction\MeadowAzureFunction.csproj", "{F6ABADF8-6D54-4ECA-8976-5E444E0A638C}"
EndProject
Project("{2150E333-8FDC-42A3-9474-1A3956D46DE8}") = "Meadow.Cloud", "Meadow.Cloud", "{D78E2994-3F1F-4008-A53F-85A08C13F578}"
EndProject
Project("{2150E333-8FDC-42A3-9474-1A3956D46DE8}") = "_External", "_External", "{6642BF7F-62F8-4A92-B9A2-77BAC814335C}"
EndProject
Project("{9A19103F-16F7-4668-BE54-9A1E7A4F7556}") = "Meadow.Units", "..\..\Meadow.Units\Source\Meadow.Units\Meadow.Units.csproj", "{9D7B9DD4-4BFA-475F-99AF-CEB8C01A5D6C}"
EndProject
Project("{9A19103F-16F7-4668-BE54-9A1E7A4F7556}") = "Meadow.Logging", "..\..\Meadow.Logging\Source\Meadow.Logging\lib\Meadow.Logging.csproj", "{C6EA0708-E79D-417F-B37F-795E385DC9B6}"
EndProject
Project("{9A19103F-16F7-4668-BE54-9A1E7A4F7556}") = "Meadow.Contracts", "..\..\Meadow.Contracts\Source\Meadow.Contracts\Meadow.Contracts.csproj", "{CA846AE0-000A-4673-9630-930948C7C63B}"
EndProject
Project("{9A19103F-16F7-4668-BE54-9A1E7A4F7556}") = "Meadow.Core", "..\..\Meadow.Core\source\Meadow.Core\Meadow.Core.csproj", "{6DC72759-0348-462E-A499-A785893BEF87}"
EndProject
Project("{9A19103F-16F7-4668-BE54-9A1E7A4F7556}") = "Meadow.F7", "..\..\Meadow.Core\source\implementations\f7\Meadow.F7\Meadow.F7.csproj", "{0C9278C8-F5CE-4496-87C9-AFC844817823}"
EndProject
Project("{9A19103F-16F7-4668-BE54-9A1E7A4F7556}") = "Meadow.Modbus", "..\..\Meadow.Modbus\src\Meadow.Modbus\Meadow.Modbus.csproj", "{710F6A6D-93A0-45DA-8F59-1C59B9394D70}"
EndProject
Project("{9A19103F-16F7-4668-BE54-9A1E7A4F7556}") = "MQTTnet", "..\..\MQTTnet\Source\MQTTnet\MQTTnet.csproj", "{43A5CF2F-BD1E-4BDE-8F77-9AE9A0402D82}"
EndProject
Project("{9A19103F-16F7-4668-BE54-9A1E7A4F7556}") = "Meadow.ProjectLab", "..\..\Meadow.ProjectLab\Source\Meadow.ProjectLab\Meadow.ProjectLab.csproj", "{38DC6461-D0A7-42AA-8F88-4A12013AFA43}"
EndProject
Project("{9A19103F-16F7-4668-BE54-9A1E7A4F7556}") = "Meadow.Foundation.Core", "..\..\Meadow.Foundation\Source\Meadow.Foundation.Core\Meadow.Foundation.Core.csproj", "{4A272142-415C-445F-9496-850A1DAA23E0}"
EndProject
Project("{9A19103F-16F7-4668-BE54-9A1E7A4F7556}") = "ICs.IOExpanders.Mcp23xxx", "..\..\Meadow.Foundation\Source\Meadow.Foundation.Peripherals\ICs.IOExpanders.Mcp23xxx\Driver\ICs.IOExpanders.Mcp23xxx.csproj", "{AECDD966-E716-46B1-B60E-06AA8BCB6874}"
EndProject
Project("{9A19103F-16F7-4668-BE54-9A1E7A4F7556}") = "ICs.IOExpanders.Sc16is7x2", "..\..\Meadow.Foundation\Source\Meadow.Foundation.Peripherals\ICs.IOExpanders.Sc16is7x2\Driver\ICs.IOExpanders.Sc16is7x2.csproj", "{D96B8E87-1307-4384-9401-21E741BE29F6}"
EndProject
Project("{9A19103F-16F7-4668-BE54-9A1E7A4F7556}") = "Graphics.MicroGraphics", "..\..\Meadow.Foundation\Source\Meadow.Foundation.Libraries_and_Frameworks\Graphics.MicroGraphics\Driver\Graphics.MicroGraphics.csproj", "{116D3BBA-F231-4706-904B-9E18C7E73D4B}"
EndProject
Project("{9A19103F-16F7-4668-BE54-9A1E7A4F7556}") = "Graphics.MicroLayout", "..\..\Meadow.Foundation\Source\Meadow.Foundation.Libraries_and_Frameworks\Graphics.MicroLayout\Driver\Graphics.MicroLayout.csproj", "{60D76371-03EB-4A5D-9F33-B8F638AB4AAF}"
EndProject
Project("{9A19103F-16F7-4668-BE54-9A1E7A4F7556}") = "Displays.TftSpi", "..\..\Meadow.Foundation\Source\Meadow.Foundation.Peripherals\Displays.TftSpi\Driver\Displays.TftSpi.csproj", "{4FE82A48-F2A6-47BE-95CB-830C93308FEE}"
EndProject
Project("{9A19103F-16F7-4668-BE54-9A1E7A4F7556}") = "Sensors.Atmospheric.Bme68x", "..\..\Meadow.Foundation\Source\Meadow.Foundation.Peripherals\Sensors.Atmospheric.Bme68x\Driver\Sensors.Atmospheric.Bme68x.csproj", "{EDCFCEEE-9EE0-4945-A15F-5725C16BBF43}"
EndProject
Project("{9A19103F-16F7-4668-BE54-9A1E7A4F7556}") = "Sensors.Light.Bh1750", "..\..\Meadow.Foundation\Source\Meadow.Foundation.Peripherals\Sensors.Light.Bh1750\Driver\Sensors.Light.Bh1750.csproj", "{47574974-7FFD-4392-9D4E-3A1387D992D5}"
EndProject
Project("{9A19103F-16F7-4668-BE54-9A1E7A4F7556}") = "Sensors.Motion.Bmi270", "..\..\Meadow.Foundation\Source\Meadow.Foundation.Peripherals\Sensors.Motion.Bmi270\Driver\Sensors.Motion.Bmi270.csproj", "{7FC0678A-4E03-48B1-9EFF-C5A613FA5E43}"
EndProject
Project("{9A19103F-16F7-4668-BE54-9A1E7A4F7556}") = "Sensors.Camera.Mlx90640", "..\..\Meadow.Foundation\Source\Meadow.Foundation.Peripherals\Sensors.Camera.Mlx90640\Driver\Sensors.Camera.Mlx90640.csproj", "{582B99E1-8680-423E-A954-1170800129B0}"
EndProject
Project("{9A19103F-16F7-4668-BE54-9A1E7A4F7556}") = "Audio.MicroAudio", "..\..\Meadow.Foundation\Source\Meadow.Foundation.Libraries_and_Frameworks\Audio.MicroAudio\Driver\Audio.MicroAudio.csproj", "{B8482D66-9476-40DD-BF9E-41B2C316CB92}"
EndProject
Project("{9A19103F-16F7-4668-BE54-9A1E7A4F7556}") = "Servo", "..\..\Meadow.Foundation.Grove\Source\Servo\Driver\Servo.csproj", "{4614ED3F-02C4-4961-BB7F-F6E6DA879BAD}"
EndProject
Project("{9A19103F-16F7-4668-BE54-9A1E7A4F7556}") = "MoistureSensor", "..\..\Meadow.Foundation.Grove\Source\MoistureSensor\Driver\MoistureSensor.csproj", "{39FF6F78-A36B-4DDA-BF06-72292BF9114C}"
EndProject
Project("{9A19103F-16F7-4668-BE54-9A1E7A4F7556}") = "Servos.ServoCore", "..\..\Meadow.Foundation\Source\Meadow.Foundation.Peripherals\Servos.ServoCore\Driver\Servos.ServoCore.csproj", "{7E5E5667-C18E-4729-8F7B-65AB98D685FA}"
EndProject
Project("{9A19103F-16F7-4668-BE54-9A1E7A4F7556}") = "Web.Maple.Server", "..\..\Maple\Source\Web.Maple.Server\Web.Maple.Server.csproj", "{D0E2BECF-944D-42C8-A39B-F5826EDCA957}"
EndProject
Project("{9A19103F-16F7-4668-BE54-9A1E7A4F7556}") = "GridEYE", "GridEYE\GridEYE.csproj", "{39B97115-A014-4DAB-8F01-0853F80013FC}"
EndProject
Project("{9A19103F-16F7-4668-BE54-9A1E7A4F7556}") = "Sensors.Camera.Amg8833", "..\..\Meadow.Foundation\Source\Meadow.Foundation.Peripherals\Sensors.Camera.Amg8833\Driver\Sensors.Camera.Amg8833.csproj", "{65F2E1CF-2ACA-4A3C-B8BC-633DBA779FAE}"
EndProject
Project("{9A19103F-16F7-4668-BE54-9A1E7A4F7556}") = "Amqp", "..\..\amqpnetlite\src\Amqp.csproj", "{D7CC10E4-E2BE-4834-9089-0655DF8B71B2}"
EndProject
Global
	GlobalSection(SolutionConfigurationPlatforms) = preSolution
		Debug_v1_ProjLab|Any CPU = Debug_v1_ProjLab|Any CPU
		Debug_v2_ProjLab|Any CPU = Debug_v2_ProjLab|Any CPU
		Debug|Any CPU = Debug|Any CPU
		Release_v1_ProjLab|Any CPU = Release_v1_ProjLab|Any CPU
		Release_v2_ProjLab|Any CPU = Release_v2_ProjLab|Any CPU
		Release|Any CPU = Release|Any CPU
	EndGlobalSection
	GlobalSection(ProjectConfigurationPlatforms) = postSolution
		{743D4422-F17F-4F78-98DD-4B94FB54A522}.Debug_v1_ProjLab|Any CPU.ActiveCfg = Debug|Any CPU
		{743D4422-F17F-4F78-98DD-4B94FB54A522}.Debug_v1_ProjLab|Any CPU.Build.0 = Debug|Any CPU
		{743D4422-F17F-4F78-98DD-4B94FB54A522}.Debug_v1_ProjLab|Any CPU.Deploy.0 = Debug|Any CPU
		{743D4422-F17F-4F78-98DD-4B94FB54A522}.Debug_v2_ProjLab|Any CPU.ActiveCfg = Debug|Any CPU
		{743D4422-F17F-4F78-98DD-4B94FB54A522}.Debug_v2_ProjLab|Any CPU.Build.0 = Debug|Any CPU
		{743D4422-F17F-4F78-98DD-4B94FB54A522}.Debug_v2_ProjLab|Any CPU.Deploy.0 = Debug|Any CPU
		{743D4422-F17F-4F78-98DD-4B94FB54A522}.Debug|Any CPU.ActiveCfg = Debug|Any CPU
		{743D4422-F17F-4F78-98DD-4B94FB54A522}.Debug|Any CPU.Build.0 = Debug|Any CPU
		{743D4422-F17F-4F78-98DD-4B94FB54A522}.Debug|Any CPU.Deploy.0 = Debug|Any CPU
		{743D4422-F17F-4F78-98DD-4B94FB54A522}.Release_v1_ProjLab|Any CPU.ActiveCfg = Release|Any CPU
		{743D4422-F17F-4F78-98DD-4B94FB54A522}.Release_v1_ProjLab|Any CPU.Build.0 = Release|Any CPU
		{743D4422-F17F-4F78-98DD-4B94FB54A522}.Release_v1_ProjLab|Any CPU.Deploy.0 = Release|Any CPU
		{743D4422-F17F-4F78-98DD-4B94FB54A522}.Release_v2_ProjLab|Any CPU.ActiveCfg = Release|Any CPU
		{743D4422-F17F-4F78-98DD-4B94FB54A522}.Release_v2_ProjLab|Any CPU.Build.0 = Release|Any CPU
		{743D4422-F17F-4F78-98DD-4B94FB54A522}.Release_v2_ProjLab|Any CPU.Deploy.0 = Release|Any CPU
		{743D4422-F17F-4F78-98DD-4B94FB54A522}.Release|Any CPU.ActiveCfg = Release|Any CPU
		{743D4422-F17F-4F78-98DD-4B94FB54A522}.Release|Any CPU.Build.0 = Release|Any CPU
		{743D4422-F17F-4F78-98DD-4B94FB54A522}.Release|Any CPU.Deploy.0 = Release|Any CPU
		{264A8085-9153-48D2-A4DA-8B1840FEDC23}.Debug_v1_ProjLab|Any CPU.ActiveCfg = Debug|Any CPU
		{264A8085-9153-48D2-A4DA-8B1840FEDC23}.Debug_v1_ProjLab|Any CPU.Build.0 = Debug|Any CPU
		{264A8085-9153-48D2-A4DA-8B1840FEDC23}.Debug_v1_ProjLab|Any CPU.Deploy.0 = Debug|Any CPU
		{264A8085-9153-48D2-A4DA-8B1840FEDC23}.Debug_v2_ProjLab|Any CPU.ActiveCfg = Debug|Any CPU
		{264A8085-9153-48D2-A4DA-8B1840FEDC23}.Debug_v2_ProjLab|Any CPU.Build.0 = Debug|Any CPU
		{264A8085-9153-48D2-A4DA-8B1840FEDC23}.Debug_v2_ProjLab|Any CPU.Deploy.0 = Debug|Any CPU
		{264A8085-9153-48D2-A4DA-8B1840FEDC23}.Debug|Any CPU.ActiveCfg = Debug|Any CPU
		{264A8085-9153-48D2-A4DA-8B1840FEDC23}.Debug|Any CPU.Build.0 = Debug|Any CPU
		{264A8085-9153-48D2-A4DA-8B1840FEDC23}.Debug|Any CPU.Deploy.0 = Debug|Any CPU
		{264A8085-9153-48D2-A4DA-8B1840FEDC23}.Release_v1_ProjLab|Any CPU.ActiveCfg = Release|Any CPU
		{264A8085-9153-48D2-A4DA-8B1840FEDC23}.Release_v1_ProjLab|Any CPU.Build.0 = Release|Any CPU
		{264A8085-9153-48D2-A4DA-8B1840FEDC23}.Release_v1_ProjLab|Any CPU.Deploy.0 = Release|Any CPU
		{264A8085-9153-48D2-A4DA-8B1840FEDC23}.Release_v2_ProjLab|Any CPU.ActiveCfg = Release|Any CPU
		{264A8085-9153-48D2-A4DA-8B1840FEDC23}.Release_v2_ProjLab|Any CPU.Build.0 = Release|Any CPU
		{264A8085-9153-48D2-A4DA-8B1840FEDC23}.Release_v2_ProjLab|Any CPU.Deploy.0 = Release|Any CPU
		{264A8085-9153-48D2-A4DA-8B1840FEDC23}.Release|Any CPU.ActiveCfg = Release|Any CPU
		{264A8085-9153-48D2-A4DA-8B1840FEDC23}.Release|Any CPU.Build.0 = Release|Any CPU
		{264A8085-9153-48D2-A4DA-8B1840FEDC23}.Release|Any CPU.Deploy.0 = Release|Any CPU
		{C192EA7C-31FE-414C-9939-D568CADAAF18}.Debug_v1_ProjLab|Any CPU.ActiveCfg = Debug|Any CPU
		{C192EA7C-31FE-414C-9939-D568CADAAF18}.Debug_v1_ProjLab|Any CPU.Build.0 = Debug|Any CPU
		{C192EA7C-31FE-414C-9939-D568CADAAF18}.Debug_v1_ProjLab|Any CPU.Deploy.0 = Debug|Any CPU
		{C192EA7C-31FE-414C-9939-D568CADAAF18}.Debug_v2_ProjLab|Any CPU.ActiveCfg = Debug|Any CPU
		{C192EA7C-31FE-414C-9939-D568CADAAF18}.Debug_v2_ProjLab|Any CPU.Build.0 = Debug|Any CPU
		{C192EA7C-31FE-414C-9939-D568CADAAF18}.Debug_v2_ProjLab|Any CPU.Deploy.0 = Debug|Any CPU
		{C192EA7C-31FE-414C-9939-D568CADAAF18}.Debug|Any CPU.ActiveCfg = Debug|Any CPU
		{C192EA7C-31FE-414C-9939-D568CADAAF18}.Debug|Any CPU.Build.0 = Debug|Any CPU
		{C192EA7C-31FE-414C-9939-D568CADAAF18}.Debug|Any CPU.Deploy.0 = Debug|Any CPU
		{C192EA7C-31FE-414C-9939-D568CADAAF18}.Release_v1_ProjLab|Any CPU.ActiveCfg = Release|Any CPU
		{C192EA7C-31FE-414C-9939-D568CADAAF18}.Release_v1_ProjLab|Any CPU.Build.0 = Release|Any CPU
		{C192EA7C-31FE-414C-9939-D568CADAAF18}.Release_v1_ProjLab|Any CPU.Deploy.0 = Release|Any CPU
		{C192EA7C-31FE-414C-9939-D568CADAAF18}.Release_v2_ProjLab|Any CPU.ActiveCfg = Release|Any CPU
		{C192EA7C-31FE-414C-9939-D568CADAAF18}.Release_v2_ProjLab|Any CPU.Build.0 = Release|Any CPU
		{C192EA7C-31FE-414C-9939-D568CADAAF18}.Release_v2_ProjLab|Any CPU.Deploy.0 = Release|Any CPU
		{C192EA7C-31FE-414C-9939-D568CADAAF18}.Release|Any CPU.ActiveCfg = Release|Any CPU
		{C192EA7C-31FE-414C-9939-D568CADAAF18}.Release|Any CPU.Build.0 = Release|Any CPU
		{C192EA7C-31FE-414C-9939-D568CADAAF18}.Release|Any CPU.Deploy.0 = Release|Any CPU
		{BBF981C7-3821-4B6F-870D-CB41B093407D}.Debug_v1_ProjLab|Any CPU.ActiveCfg = Debug|Any CPU
		{BBF981C7-3821-4B6F-870D-CB41B093407D}.Debug_v1_ProjLab|Any CPU.Build.0 = Debug|Any CPU
		{BBF981C7-3821-4B6F-870D-CB41B093407D}.Debug_v1_ProjLab|Any CPU.Deploy.0 = Debug|Any CPU
		{BBF981C7-3821-4B6F-870D-CB41B093407D}.Debug_v2_ProjLab|Any CPU.ActiveCfg = Debug|Any CPU
		{BBF981C7-3821-4B6F-870D-CB41B093407D}.Debug_v2_ProjLab|Any CPU.Build.0 = Debug|Any CPU
		{BBF981C7-3821-4B6F-870D-CB41B093407D}.Debug_v2_ProjLab|Any CPU.Deploy.0 = Debug|Any CPU
		{BBF981C7-3821-4B6F-870D-CB41B093407D}.Debug|Any CPU.ActiveCfg = Debug|Any CPU
		{BBF981C7-3821-4B6F-870D-CB41B093407D}.Debug|Any CPU.Build.0 = Debug|Any CPU
		{BBF981C7-3821-4B6F-870D-CB41B093407D}.Debug|Any CPU.Deploy.0 = Debug|Any CPU
		{BBF981C7-3821-4B6F-870D-CB41B093407D}.Release_v1_ProjLab|Any CPU.ActiveCfg = Release|Any CPU
		{BBF981C7-3821-4B6F-870D-CB41B093407D}.Release_v1_ProjLab|Any CPU.Build.0 = Release|Any CPU
		{BBF981C7-3821-4B6F-870D-CB41B093407D}.Release_v1_ProjLab|Any CPU.Deploy.0 = Release|Any CPU
		{BBF981C7-3821-4B6F-870D-CB41B093407D}.Release_v2_ProjLab|Any CPU.ActiveCfg = Release|Any CPU
		{BBF981C7-3821-4B6F-870D-CB41B093407D}.Release_v2_ProjLab|Any CPU.Build.0 = Release|Any CPU
		{BBF981C7-3821-4B6F-870D-CB41B093407D}.Release_v2_ProjLab|Any CPU.Deploy.0 = Release|Any CPU
		{BBF981C7-3821-4B6F-870D-CB41B093407D}.Release|Any CPU.ActiveCfg = Release|Any CPU
		{BBF981C7-3821-4B6F-870D-CB41B093407D}.Release|Any CPU.Build.0 = Release|Any CPU
		{BBF981C7-3821-4B6F-870D-CB41B093407D}.Release|Any CPU.Deploy.0 = Release|Any CPU
		{F1B5F93C-B46D-4027-A4CD-A9D4F9A3D7FC}.Debug_v1_ProjLab|Any CPU.ActiveCfg = Debug|Any CPU
		{F1B5F93C-B46D-4027-A4CD-A9D4F9A3D7FC}.Debug_v1_ProjLab|Any CPU.Build.0 = Debug|Any CPU
		{F1B5F93C-B46D-4027-A4CD-A9D4F9A3D7FC}.Debug_v1_ProjLab|Any CPU.Deploy.0 = Debug|Any CPU
		{F1B5F93C-B46D-4027-A4CD-A9D4F9A3D7FC}.Debug_v2_ProjLab|Any CPU.ActiveCfg = Debug|Any CPU
		{F1B5F93C-B46D-4027-A4CD-A9D4F9A3D7FC}.Debug_v2_ProjLab|Any CPU.Build.0 = Debug|Any CPU
		{F1B5F93C-B46D-4027-A4CD-A9D4F9A3D7FC}.Debug_v2_ProjLab|Any CPU.Deploy.0 = Debug|Any CPU
		{F1B5F93C-B46D-4027-A4CD-A9D4F9A3D7FC}.Debug|Any CPU.ActiveCfg = Debug|Any CPU
		{F1B5F93C-B46D-4027-A4CD-A9D4F9A3D7FC}.Debug|Any CPU.Build.0 = Debug|Any CPU
		{F1B5F93C-B46D-4027-A4CD-A9D4F9A3D7FC}.Debug|Any CPU.Deploy.0 = Debug|Any CPU
		{F1B5F93C-B46D-4027-A4CD-A9D4F9A3D7FC}.Release_v1_ProjLab|Any CPU.ActiveCfg = Release|Any CPU
		{F1B5F93C-B46D-4027-A4CD-A9D4F9A3D7FC}.Release_v1_ProjLab|Any CPU.Build.0 = Release|Any CPU
		{F1B5F93C-B46D-4027-A4CD-A9D4F9A3D7FC}.Release_v1_ProjLab|Any CPU.Deploy.0 = Release|Any CPU
		{F1B5F93C-B46D-4027-A4CD-A9D4F9A3D7FC}.Release_v2_ProjLab|Any CPU.ActiveCfg = Release|Any CPU
		{F1B5F93C-B46D-4027-A4CD-A9D4F9A3D7FC}.Release_v2_ProjLab|Any CPU.Build.0 = Release|Any CPU
		{F1B5F93C-B46D-4027-A4CD-A9D4F9A3D7FC}.Release_v2_ProjLab|Any CPU.Deploy.0 = Release|Any CPU
		{F1B5F93C-B46D-4027-A4CD-A9D4F9A3D7FC}.Release|Any CPU.ActiveCfg = Release|Any CPU
		{F1B5F93C-B46D-4027-A4CD-A9D4F9A3D7FC}.Release|Any CPU.Build.0 = Release|Any CPU
		{F1B5F93C-B46D-4027-A4CD-A9D4F9A3D7FC}.Release|Any CPU.Deploy.0 = Release|Any CPU
		{2164F026-A6CC-4C95-B3E7-8A8B3B8EA200}.Debug_v1_ProjLab|Any CPU.ActiveCfg = Debug|Any CPU
		{2164F026-A6CC-4C95-B3E7-8A8B3B8EA200}.Debug_v1_ProjLab|Any CPU.Build.0 = Debug|Any CPU
		{2164F026-A6CC-4C95-B3E7-8A8B3B8EA200}.Debug_v1_ProjLab|Any CPU.Deploy.0 = Debug|Any CPU
		{2164F026-A6CC-4C95-B3E7-8A8B3B8EA200}.Debug_v2_ProjLab|Any CPU.ActiveCfg = Debug|Any CPU
		{2164F026-A6CC-4C95-B3E7-8A8B3B8EA200}.Debug_v2_ProjLab|Any CPU.Build.0 = Debug|Any CPU
		{2164F026-A6CC-4C95-B3E7-8A8B3B8EA200}.Debug_v2_ProjLab|Any CPU.Deploy.0 = Debug|Any CPU
		{2164F026-A6CC-4C95-B3E7-8A8B3B8EA200}.Debug|Any CPU.ActiveCfg = Debug|Any CPU
		{2164F026-A6CC-4C95-B3E7-8A8B3B8EA200}.Debug|Any CPU.Build.0 = Debug|Any CPU
		{2164F026-A6CC-4C95-B3E7-8A8B3B8EA200}.Debug|Any CPU.Deploy.0 = Debug|Any CPU
		{2164F026-A6CC-4C95-B3E7-8A8B3B8EA200}.Release_v1_ProjLab|Any CPU.ActiveCfg = Release|Any CPU
		{2164F026-A6CC-4C95-B3E7-8A8B3B8EA200}.Release_v1_ProjLab|Any CPU.Build.0 = Release|Any CPU
		{2164F026-A6CC-4C95-B3E7-8A8B3B8EA200}.Release_v1_ProjLab|Any CPU.Deploy.0 = Release|Any CPU
		{2164F026-A6CC-4C95-B3E7-8A8B3B8EA200}.Release_v2_ProjLab|Any CPU.ActiveCfg = Release|Any CPU
		{2164F026-A6CC-4C95-B3E7-8A8B3B8EA200}.Release_v2_ProjLab|Any CPU.Build.0 = Release|Any CPU
		{2164F026-A6CC-4C95-B3E7-8A8B3B8EA200}.Release_v2_ProjLab|Any CPU.Deploy.0 = Release|Any CPU
		{2164F026-A6CC-4C95-B3E7-8A8B3B8EA200}.Release|Any CPU.ActiveCfg = Release|Any CPU
		{2164F026-A6CC-4C95-B3E7-8A8B3B8EA200}.Release|Any CPU.Build.0 = Release|Any CPU
		{2164F026-A6CC-4C95-B3E7-8A8B3B8EA200}.Release|Any CPU.Deploy.0 = Release|Any CPU
		{4B834034-D2D9-40E9-97EF-EDDE589C48FD}.Debug_v1_ProjLab|Any CPU.ActiveCfg = Debug|Any CPU
		{4B834034-D2D9-40E9-97EF-EDDE589C48FD}.Debug_v1_ProjLab|Any CPU.Build.0 = Debug|Any CPU
		{4B834034-D2D9-40E9-97EF-EDDE589C48FD}.Debug_v1_ProjLab|Any CPU.Deploy.0 = Debug|Any CPU
		{4B834034-D2D9-40E9-97EF-EDDE589C48FD}.Debug_v2_ProjLab|Any CPU.ActiveCfg = Debug|Any CPU
		{4B834034-D2D9-40E9-97EF-EDDE589C48FD}.Debug_v2_ProjLab|Any CPU.Build.0 = Debug|Any CPU
		{4B834034-D2D9-40E9-97EF-EDDE589C48FD}.Debug_v2_ProjLab|Any CPU.Deploy.0 = Debug|Any CPU
		{4B834034-D2D9-40E9-97EF-EDDE589C48FD}.Debug|Any CPU.ActiveCfg = Debug|Any CPU
		{4B834034-D2D9-40E9-97EF-EDDE589C48FD}.Debug|Any CPU.Build.0 = Debug|Any CPU
		{4B834034-D2D9-40E9-97EF-EDDE589C48FD}.Debug|Any CPU.Deploy.0 = Debug|Any CPU
		{4B834034-D2D9-40E9-97EF-EDDE589C48FD}.Release_v1_ProjLab|Any CPU.ActiveCfg = Release|Any CPU
		{4B834034-D2D9-40E9-97EF-EDDE589C48FD}.Release_v1_ProjLab|Any CPU.Build.0 = Release|Any CPU
		{4B834034-D2D9-40E9-97EF-EDDE589C48FD}.Release_v1_ProjLab|Any CPU.Deploy.0 = Release|Any CPU
		{4B834034-D2D9-40E9-97EF-EDDE589C48FD}.Release_v2_ProjLab|Any CPU.ActiveCfg = Release|Any CPU
		{4B834034-D2D9-40E9-97EF-EDDE589C48FD}.Release_v2_ProjLab|Any CPU.Build.0 = Release|Any CPU
		{4B834034-D2D9-40E9-97EF-EDDE589C48FD}.Release_v2_ProjLab|Any CPU.Deploy.0 = Release|Any CPU
		{4B834034-D2D9-40E9-97EF-EDDE589C48FD}.Release|Any CPU.ActiveCfg = Release|Any CPU
		{4B834034-D2D9-40E9-97EF-EDDE589C48FD}.Release|Any CPU.Build.0 = Release|Any CPU
		{4B834034-D2D9-40E9-97EF-EDDE589C48FD}.Release|Any CPU.Deploy.0 = Release|Any CPU
		{3747C749-3D61-41E4-A488-68016FBFA59F}.Debug_v1_ProjLab|Any CPU.ActiveCfg = Debug|Any CPU
		{3747C749-3D61-41E4-A488-68016FBFA59F}.Debug_v1_ProjLab|Any CPU.Build.0 = Debug|Any CPU
		{3747C749-3D61-41E4-A488-68016FBFA59F}.Debug_v1_ProjLab|Any CPU.Deploy.0 = Debug|Any CPU
		{3747C749-3D61-41E4-A488-68016FBFA59F}.Debug_v2_ProjLab|Any CPU.ActiveCfg = Debug|Any CPU
		{3747C749-3D61-41E4-A488-68016FBFA59F}.Debug_v2_ProjLab|Any CPU.Build.0 = Debug|Any CPU
		{3747C749-3D61-41E4-A488-68016FBFA59F}.Debug_v2_ProjLab|Any CPU.Deploy.0 = Debug|Any CPU
		{3747C749-3D61-41E4-A488-68016FBFA59F}.Debug|Any CPU.ActiveCfg = Debug|Any CPU
		{3747C749-3D61-41E4-A488-68016FBFA59F}.Debug|Any CPU.Build.0 = Debug|Any CPU
		{3747C749-3D61-41E4-A488-68016FBFA59F}.Debug|Any CPU.Deploy.0 = Debug|Any CPU
		{3747C749-3D61-41E4-A488-68016FBFA59F}.Release_v1_ProjLab|Any CPU.ActiveCfg = Release|Any CPU
		{3747C749-3D61-41E4-A488-68016FBFA59F}.Release_v1_ProjLab|Any CPU.Build.0 = Release|Any CPU
		{3747C749-3D61-41E4-A488-68016FBFA59F}.Release_v1_ProjLab|Any CPU.Deploy.0 = Release|Any CPU
		{3747C749-3D61-41E4-A488-68016FBFA59F}.Release_v2_ProjLab|Any CPU.ActiveCfg = Release|Any CPU
		{3747C749-3D61-41E4-A488-68016FBFA59F}.Release_v2_ProjLab|Any CPU.Build.0 = Release|Any CPU
		{3747C749-3D61-41E4-A488-68016FBFA59F}.Release_v2_ProjLab|Any CPU.Deploy.0 = Release|Any CPU
		{3747C749-3D61-41E4-A488-68016FBFA59F}.Release|Any CPU.ActiveCfg = Release|Any CPU
		{3747C749-3D61-41E4-A488-68016FBFA59F}.Release|Any CPU.Build.0 = Release|Any CPU
		{3747C749-3D61-41E4-A488-68016FBFA59F}.Release|Any CPU.Deploy.0 = Release|Any CPU
		{A36C7D57-8484-4BC3-BF3A-5A44B6E5CE42}.Debug_v1_ProjLab|Any CPU.ActiveCfg = Debug|Any CPU
		{A36C7D57-8484-4BC3-BF3A-5A44B6E5CE42}.Debug_v1_ProjLab|Any CPU.Build.0 = Debug|Any CPU
		{A36C7D57-8484-4BC3-BF3A-5A44B6E5CE42}.Debug_v1_ProjLab|Any CPU.Deploy.0 = Debug|Any CPU
		{A36C7D57-8484-4BC3-BF3A-5A44B6E5CE42}.Debug_v2_ProjLab|Any CPU.ActiveCfg = Debug|Any CPU
		{A36C7D57-8484-4BC3-BF3A-5A44B6E5CE42}.Debug_v2_ProjLab|Any CPU.Build.0 = Debug|Any CPU
		{A36C7D57-8484-4BC3-BF3A-5A44B6E5CE42}.Debug_v2_ProjLab|Any CPU.Deploy.0 = Debug|Any CPU
		{A36C7D57-8484-4BC3-BF3A-5A44B6E5CE42}.Debug|Any CPU.ActiveCfg = Debug|Any CPU
		{A36C7D57-8484-4BC3-BF3A-5A44B6E5CE42}.Debug|Any CPU.Build.0 = Debug|Any CPU
		{A36C7D57-8484-4BC3-BF3A-5A44B6E5CE42}.Debug|Any CPU.Deploy.0 = Debug|Any CPU
		{A36C7D57-8484-4BC3-BF3A-5A44B6E5CE42}.Release_v1_ProjLab|Any CPU.ActiveCfg = Release|Any CPU
		{A36C7D57-8484-4BC3-BF3A-5A44B6E5CE42}.Release_v1_ProjLab|Any CPU.Build.0 = Release|Any CPU
		{A36C7D57-8484-4BC3-BF3A-5A44B6E5CE42}.Release_v1_ProjLab|Any CPU.Deploy.0 = Release|Any CPU
		{A36C7D57-8484-4BC3-BF3A-5A44B6E5CE42}.Release_v2_ProjLab|Any CPU.ActiveCfg = Release|Any CPU
		{A36C7D57-8484-4BC3-BF3A-5A44B6E5CE42}.Release_v2_ProjLab|Any CPU.Build.0 = Release|Any CPU
		{A36C7D57-8484-4BC3-BF3A-5A44B6E5CE42}.Release_v2_ProjLab|Any CPU.Deploy.0 = Release|Any CPU
		{A36C7D57-8484-4BC3-BF3A-5A44B6E5CE42}.Release|Any CPU.ActiveCfg = Release|Any CPU
		{A36C7D57-8484-4BC3-BF3A-5A44B6E5CE42}.Release|Any CPU.Build.0 = Release|Any CPU
		{A36C7D57-8484-4BC3-BF3A-5A44B6E5CE42}.Release|Any CPU.Deploy.0 = Release|Any CPU
		{3F9471F1-6C04-4645-802A-66C7314CA75A}.Debug_v1_ProjLab|Any CPU.ActiveCfg = Debug|Any CPU
		{3F9471F1-6C04-4645-802A-66C7314CA75A}.Debug_v1_ProjLab|Any CPU.Build.0 = Debug|Any CPU
		{3F9471F1-6C04-4645-802A-66C7314CA75A}.Debug_v1_ProjLab|Any CPU.Deploy.0 = Debug|Any CPU
		{3F9471F1-6C04-4645-802A-66C7314CA75A}.Debug_v2_ProjLab|Any CPU.ActiveCfg = Debug|Any CPU
		{3F9471F1-6C04-4645-802A-66C7314CA75A}.Debug_v2_ProjLab|Any CPU.Build.0 = Debug|Any CPU
		{3F9471F1-6C04-4645-802A-66C7314CA75A}.Debug_v2_ProjLab|Any CPU.Deploy.0 = Debug|Any CPU
		{3F9471F1-6C04-4645-802A-66C7314CA75A}.Debug|Any CPU.ActiveCfg = Debug|Any CPU
		{3F9471F1-6C04-4645-802A-66C7314CA75A}.Debug|Any CPU.Build.0 = Debug|Any CPU
		{3F9471F1-6C04-4645-802A-66C7314CA75A}.Debug|Any CPU.Deploy.0 = Debug|Any CPU
		{3F9471F1-6C04-4645-802A-66C7314CA75A}.Release_v1_ProjLab|Any CPU.ActiveCfg = Release|Any CPU
		{3F9471F1-6C04-4645-802A-66C7314CA75A}.Release_v1_ProjLab|Any CPU.Build.0 = Release|Any CPU
		{3F9471F1-6C04-4645-802A-66C7314CA75A}.Release_v1_ProjLab|Any CPU.Deploy.0 = Release|Any CPU
		{3F9471F1-6C04-4645-802A-66C7314CA75A}.Release_v2_ProjLab|Any CPU.ActiveCfg = Release|Any CPU
		{3F9471F1-6C04-4645-802A-66C7314CA75A}.Release_v2_ProjLab|Any CPU.Build.0 = Release|Any CPU
		{3F9471F1-6C04-4645-802A-66C7314CA75A}.Release_v2_ProjLab|Any CPU.Deploy.0 = Release|Any CPU
		{3F9471F1-6C04-4645-802A-66C7314CA75A}.Release|Any CPU.ActiveCfg = Release|Any CPU
		{3F9471F1-6C04-4645-802A-66C7314CA75A}.Release|Any CPU.Build.0 = Release|Any CPU
		{3F9471F1-6C04-4645-802A-66C7314CA75A}.Release|Any CPU.Deploy.0 = Release|Any CPU
		{5FD110C7-3D9B-44CA-8F58-569B037C7299}.Debug_v1_ProjLab|Any CPU.ActiveCfg = Debug|Any CPU
		{5FD110C7-3D9B-44CA-8F58-569B037C7299}.Debug_v1_ProjLab|Any CPU.Build.0 = Debug|Any CPU
		{5FD110C7-3D9B-44CA-8F58-569B037C7299}.Debug_v1_ProjLab|Any CPU.Deploy.0 = Debug|Any CPU
		{5FD110C7-3D9B-44CA-8F58-569B037C7299}.Debug_v2_ProjLab|Any CPU.ActiveCfg = Debug|Any CPU
		{5FD110C7-3D9B-44CA-8F58-569B037C7299}.Debug_v2_ProjLab|Any CPU.Build.0 = Debug|Any CPU
		{5FD110C7-3D9B-44CA-8F58-569B037C7299}.Debug_v2_ProjLab|Any CPU.Deploy.0 = Debug|Any CPU
		{5FD110C7-3D9B-44CA-8F58-569B037C7299}.Debug|Any CPU.ActiveCfg = Debug|Any CPU
		{5FD110C7-3D9B-44CA-8F58-569B037C7299}.Debug|Any CPU.Build.0 = Debug|Any CPU
		{5FD110C7-3D9B-44CA-8F58-569B037C7299}.Debug|Any CPU.Deploy.0 = Debug|Any CPU
		{5FD110C7-3D9B-44CA-8F58-569B037C7299}.Release_v1_ProjLab|Any CPU.ActiveCfg = Release|Any CPU
		{5FD110C7-3D9B-44CA-8F58-569B037C7299}.Release_v1_ProjLab|Any CPU.Build.0 = Release|Any CPU
		{5FD110C7-3D9B-44CA-8F58-569B037C7299}.Release_v1_ProjLab|Any CPU.Deploy.0 = Release|Any CPU
		{5FD110C7-3D9B-44CA-8F58-569B037C7299}.Release_v2_ProjLab|Any CPU.ActiveCfg = Release|Any CPU
		{5FD110C7-3D9B-44CA-8F58-569B037C7299}.Release_v2_ProjLab|Any CPU.Build.0 = Release|Any CPU
		{5FD110C7-3D9B-44CA-8F58-569B037C7299}.Release_v2_ProjLab|Any CPU.Deploy.0 = Release|Any CPU
		{5FD110C7-3D9B-44CA-8F58-569B037C7299}.Release|Any CPU.ActiveCfg = Release|Any CPU
		{5FD110C7-3D9B-44CA-8F58-569B037C7299}.Release|Any CPU.Build.0 = Release|Any CPU
		{5FD110C7-3D9B-44CA-8F58-569B037C7299}.Release|Any CPU.Deploy.0 = Release|Any CPU
		{B07326E6-03B7-4C67-BF8F-E702B6379EA7}.Debug_v1_ProjLab|Any CPU.ActiveCfg = Debug|Any CPU
		{B07326E6-03B7-4C67-BF8F-E702B6379EA7}.Debug_v1_ProjLab|Any CPU.Build.0 = Debug|Any CPU
		{B07326E6-03B7-4C67-BF8F-E702B6379EA7}.Debug_v1_ProjLab|Any CPU.Deploy.0 = Debug|Any CPU
		{B07326E6-03B7-4C67-BF8F-E702B6379EA7}.Debug_v2_ProjLab|Any CPU.ActiveCfg = Debug|Any CPU
		{B07326E6-03B7-4C67-BF8F-E702B6379EA7}.Debug_v2_ProjLab|Any CPU.Build.0 = Debug|Any CPU
		{B07326E6-03B7-4C67-BF8F-E702B6379EA7}.Debug_v2_ProjLab|Any CPU.Deploy.0 = Debug|Any CPU
		{B07326E6-03B7-4C67-BF8F-E702B6379EA7}.Debug|Any CPU.ActiveCfg = Debug|Any CPU
		{B07326E6-03B7-4C67-BF8F-E702B6379EA7}.Debug|Any CPU.Build.0 = Debug|Any CPU
		{B07326E6-03B7-4C67-BF8F-E702B6379EA7}.Debug|Any CPU.Deploy.0 = Debug|Any CPU
		{B07326E6-03B7-4C67-BF8F-E702B6379EA7}.Release_v1_ProjLab|Any CPU.ActiveCfg = Release|Any CPU
		{B07326E6-03B7-4C67-BF8F-E702B6379EA7}.Release_v1_ProjLab|Any CPU.Build.0 = Release|Any CPU
		{B07326E6-03B7-4C67-BF8F-E702B6379EA7}.Release_v1_ProjLab|Any CPU.Deploy.0 = Release|Any CPU
		{B07326E6-03B7-4C67-BF8F-E702B6379EA7}.Release_v2_ProjLab|Any CPU.ActiveCfg = Release|Any CPU
		{B07326E6-03B7-4C67-BF8F-E702B6379EA7}.Release_v2_ProjLab|Any CPU.Build.0 = Release|Any CPU
		{B07326E6-03B7-4C67-BF8F-E702B6379EA7}.Release_v2_ProjLab|Any CPU.Deploy.0 = Release|Any CPU
		{B07326E6-03B7-4C67-BF8F-E702B6379EA7}.Release|Any CPU.ActiveCfg = Release|Any CPU
		{B07326E6-03B7-4C67-BF8F-E702B6379EA7}.Release|Any CPU.Build.0 = Release|Any CPU
		{B07326E6-03B7-4C67-BF8F-E702B6379EA7}.Release|Any CPU.Deploy.0 = Release|Any CPU
		{0ADF1EE0-3DF8-4859-8C9C-BBF5E5883183}.Debug_v1_ProjLab|Any CPU.ActiveCfg = Debug|Any CPU
		{0ADF1EE0-3DF8-4859-8C9C-BBF5E5883183}.Debug_v1_ProjLab|Any CPU.Build.0 = Debug|Any CPU
		{0ADF1EE0-3DF8-4859-8C9C-BBF5E5883183}.Debug_v1_ProjLab|Any CPU.Deploy.0 = Debug|Any CPU
		{0ADF1EE0-3DF8-4859-8C9C-BBF5E5883183}.Debug_v2_ProjLab|Any CPU.ActiveCfg = Debug|Any CPU
		{0ADF1EE0-3DF8-4859-8C9C-BBF5E5883183}.Debug_v2_ProjLab|Any CPU.Build.0 = Debug|Any CPU
		{0ADF1EE0-3DF8-4859-8C9C-BBF5E5883183}.Debug_v2_ProjLab|Any CPU.Deploy.0 = Debug|Any CPU
		{0ADF1EE0-3DF8-4859-8C9C-BBF5E5883183}.Debug|Any CPU.ActiveCfg = Debug|Any CPU
		{0ADF1EE0-3DF8-4859-8C9C-BBF5E5883183}.Debug|Any CPU.Build.0 = Debug|Any CPU
		{0ADF1EE0-3DF8-4859-8C9C-BBF5E5883183}.Debug|Any CPU.Deploy.0 = Debug|Any CPU
		{0ADF1EE0-3DF8-4859-8C9C-BBF5E5883183}.Release_v1_ProjLab|Any CPU.ActiveCfg = Release|Any CPU
		{0ADF1EE0-3DF8-4859-8C9C-BBF5E5883183}.Release_v1_ProjLab|Any CPU.Build.0 = Release|Any CPU
		{0ADF1EE0-3DF8-4859-8C9C-BBF5E5883183}.Release_v1_ProjLab|Any CPU.Deploy.0 = Release|Any CPU
		{0ADF1EE0-3DF8-4859-8C9C-BBF5E5883183}.Release_v2_ProjLab|Any CPU.ActiveCfg = Release|Any CPU
		{0ADF1EE0-3DF8-4859-8C9C-BBF5E5883183}.Release_v2_ProjLab|Any CPU.Build.0 = Release|Any CPU
		{0ADF1EE0-3DF8-4859-8C9C-BBF5E5883183}.Release_v2_ProjLab|Any CPU.Deploy.0 = Release|Any CPU
		{0ADF1EE0-3DF8-4859-8C9C-BBF5E5883183}.Release|Any CPU.ActiveCfg = Release|Any CPU
		{0ADF1EE0-3DF8-4859-8C9C-BBF5E5883183}.Release|Any CPU.Build.0 = Release|Any CPU
		{0ADF1EE0-3DF8-4859-8C9C-BBF5E5883183}.Release|Any CPU.Deploy.0 = Release|Any CPU
		{853D4036-FA83-411A-981C-2CB4DE0DA4D1}.Debug_v1_ProjLab|Any CPU.ActiveCfg = Debug|Any CPU
		{853D4036-FA83-411A-981C-2CB4DE0DA4D1}.Debug_v1_ProjLab|Any CPU.Build.0 = Debug|Any CPU
		{853D4036-FA83-411A-981C-2CB4DE0DA4D1}.Debug_v1_ProjLab|Any CPU.Deploy.0 = Debug|Any CPU
		{853D4036-FA83-411A-981C-2CB4DE0DA4D1}.Debug_v2_ProjLab|Any CPU.ActiveCfg = Debug|Any CPU
		{853D4036-FA83-411A-981C-2CB4DE0DA4D1}.Debug_v2_ProjLab|Any CPU.Build.0 = Debug|Any CPU
		{853D4036-FA83-411A-981C-2CB4DE0DA4D1}.Debug_v2_ProjLab|Any CPU.Deploy.0 = Debug|Any CPU
		{853D4036-FA83-411A-981C-2CB4DE0DA4D1}.Debug|Any CPU.ActiveCfg = Debug|Any CPU
		{853D4036-FA83-411A-981C-2CB4DE0DA4D1}.Debug|Any CPU.Build.0 = Debug|Any CPU
		{853D4036-FA83-411A-981C-2CB4DE0DA4D1}.Debug|Any CPU.Deploy.0 = Debug|Any CPU
		{853D4036-FA83-411A-981C-2CB4DE0DA4D1}.Release_v1_ProjLab|Any CPU.ActiveCfg = Release|Any CPU
		{853D4036-FA83-411A-981C-2CB4DE0DA4D1}.Release_v1_ProjLab|Any CPU.Build.0 = Release|Any CPU
		{853D4036-FA83-411A-981C-2CB4DE0DA4D1}.Release_v1_ProjLab|Any CPU.Deploy.0 = Release|Any CPU
		{853D4036-FA83-411A-981C-2CB4DE0DA4D1}.Release_v2_ProjLab|Any CPU.ActiveCfg = Release|Any CPU
		{853D4036-FA83-411A-981C-2CB4DE0DA4D1}.Release_v2_ProjLab|Any CPU.Build.0 = Release|Any CPU
		{853D4036-FA83-411A-981C-2CB4DE0DA4D1}.Release_v2_ProjLab|Any CPU.Deploy.0 = Release|Any CPU
		{853D4036-FA83-411A-981C-2CB4DE0DA4D1}.Release|Any CPU.ActiveCfg = Release|Any CPU
		{853D4036-FA83-411A-981C-2CB4DE0DA4D1}.Release|Any CPU.Build.0 = Release|Any CPU
		{853D4036-FA83-411A-981C-2CB4DE0DA4D1}.Release|Any CPU.Deploy.0 = Release|Any CPU
		{A9061CEB-D584-4FD7-876F-7EA780095004}.Debug_v1_ProjLab|Any CPU.ActiveCfg = Debug|Any CPU
		{A9061CEB-D584-4FD7-876F-7EA780095004}.Debug_v1_ProjLab|Any CPU.Build.0 = Debug|Any CPU
		{A9061CEB-D584-4FD7-876F-7EA780095004}.Debug_v1_ProjLab|Any CPU.Deploy.0 = Debug|Any CPU
		{A9061CEB-D584-4FD7-876F-7EA780095004}.Debug_v2_ProjLab|Any CPU.ActiveCfg = Debug|Any CPU
		{A9061CEB-D584-4FD7-876F-7EA780095004}.Debug_v2_ProjLab|Any CPU.Build.0 = Debug|Any CPU
		{A9061CEB-D584-4FD7-876F-7EA780095004}.Debug_v2_ProjLab|Any CPU.Deploy.0 = Debug|Any CPU
		{A9061CEB-D584-4FD7-876F-7EA780095004}.Debug|Any CPU.ActiveCfg = Debug|Any CPU
		{A9061CEB-D584-4FD7-876F-7EA780095004}.Debug|Any CPU.Build.0 = Debug|Any CPU
		{A9061CEB-D584-4FD7-876F-7EA780095004}.Debug|Any CPU.Deploy.0 = Debug|Any CPU
		{A9061CEB-D584-4FD7-876F-7EA780095004}.Release_v1_ProjLab|Any CPU.ActiveCfg = Release|Any CPU
		{A9061CEB-D584-4FD7-876F-7EA780095004}.Release_v1_ProjLab|Any CPU.Build.0 = Release|Any CPU
		{A9061CEB-D584-4FD7-876F-7EA780095004}.Release_v1_ProjLab|Any CPU.Deploy.0 = Release|Any CPU
		{A9061CEB-D584-4FD7-876F-7EA780095004}.Release_v2_ProjLab|Any CPU.ActiveCfg = Release|Any CPU
		{A9061CEB-D584-4FD7-876F-7EA780095004}.Release_v2_ProjLab|Any CPU.Build.0 = Release|Any CPU
		{A9061CEB-D584-4FD7-876F-7EA780095004}.Release_v2_ProjLab|Any CPU.Deploy.0 = Release|Any CPU
		{A9061CEB-D584-4FD7-876F-7EA780095004}.Release|Any CPU.ActiveCfg = Release|Any CPU
		{A9061CEB-D584-4FD7-876F-7EA780095004}.Release|Any CPU.Build.0 = Release|Any CPU
		{A9061CEB-D584-4FD7-876F-7EA780095004}.Release|Any CPU.Deploy.0 = Release|Any CPU
		{86F59281-E4A7-4CB2-880B-B61B49044232}.Debug_v1_ProjLab|Any CPU.ActiveCfg = Debug|Any CPU
		{86F59281-E4A7-4CB2-880B-B61B49044232}.Debug_v1_ProjLab|Any CPU.Build.0 = Debug|Any CPU
		{86F59281-E4A7-4CB2-880B-B61B49044232}.Debug_v2_ProjLab|Any CPU.ActiveCfg = Debug|Any CPU
		{86F59281-E4A7-4CB2-880B-B61B49044232}.Debug_v2_ProjLab|Any CPU.Build.0 = Debug|Any CPU
		{86F59281-E4A7-4CB2-880B-B61B49044232}.Debug|Any CPU.ActiveCfg = Debug|Any CPU
		{86F59281-E4A7-4CB2-880B-B61B49044232}.Debug|Any CPU.Build.0 = Debug|Any CPU
		{86F59281-E4A7-4CB2-880B-B61B49044232}.Release_v1_ProjLab|Any CPU.ActiveCfg = Release|Any CPU
		{86F59281-E4A7-4CB2-880B-B61B49044232}.Release_v1_ProjLab|Any CPU.Build.0 = Release|Any CPU
		{86F59281-E4A7-4CB2-880B-B61B49044232}.Release_v2_ProjLab|Any CPU.ActiveCfg = Release|Any CPU
		{86F59281-E4A7-4CB2-880B-B61B49044232}.Release_v2_ProjLab|Any CPU.Build.0 = Release|Any CPU
		{86F59281-E4A7-4CB2-880B-B61B49044232}.Release|Any CPU.ActiveCfg = Release|Any CPU
		{86F59281-E4A7-4CB2-880B-B61B49044232}.Release|Any CPU.Build.0 = Release|Any CPU
		{31DC0106-F249-4F48-ABAD-2C1DA24A833B}.Debug_v1_ProjLab|Any CPU.ActiveCfg = Debug|Any CPU
		{31DC0106-F249-4F48-ABAD-2C1DA24A833B}.Debug_v1_ProjLab|Any CPU.Build.0 = Debug|Any CPU
		{31DC0106-F249-4F48-ABAD-2C1DA24A833B}.Debug_v1_ProjLab|Any CPU.Deploy.0 = Debug|Any CPU
		{31DC0106-F249-4F48-ABAD-2C1DA24A833B}.Debug_v2_ProjLab|Any CPU.ActiveCfg = Debug|Any CPU
		{31DC0106-F249-4F48-ABAD-2C1DA24A833B}.Debug_v2_ProjLab|Any CPU.Build.0 = Debug|Any CPU
		{31DC0106-F249-4F48-ABAD-2C1DA24A833B}.Debug_v2_ProjLab|Any CPU.Deploy.0 = Debug|Any CPU
		{31DC0106-F249-4F48-ABAD-2C1DA24A833B}.Debug|Any CPU.ActiveCfg = Debug|Any CPU
		{31DC0106-F249-4F48-ABAD-2C1DA24A833B}.Debug|Any CPU.Build.0 = Debug|Any CPU
		{31DC0106-F249-4F48-ABAD-2C1DA24A833B}.Debug|Any CPU.Deploy.0 = Debug|Any CPU
		{31DC0106-F249-4F48-ABAD-2C1DA24A833B}.Release_v1_ProjLab|Any CPU.ActiveCfg = Release|Any CPU
		{31DC0106-F249-4F48-ABAD-2C1DA24A833B}.Release_v1_ProjLab|Any CPU.Build.0 = Release|Any CPU
		{31DC0106-F249-4F48-ABAD-2C1DA24A833B}.Release_v1_ProjLab|Any CPU.Deploy.0 = Release|Any CPU
		{31DC0106-F249-4F48-ABAD-2C1DA24A833B}.Release_v2_ProjLab|Any CPU.ActiveCfg = Release|Any CPU
		{31DC0106-F249-4F48-ABAD-2C1DA24A833B}.Release_v2_ProjLab|Any CPU.Build.0 = Release|Any CPU
		{31DC0106-F249-4F48-ABAD-2C1DA24A833B}.Release_v2_ProjLab|Any CPU.Deploy.0 = Release|Any CPU
		{31DC0106-F249-4F48-ABAD-2C1DA24A833B}.Release|Any CPU.ActiveCfg = Release|Any CPU
		{31DC0106-F249-4F48-ABAD-2C1DA24A833B}.Release|Any CPU.Build.0 = Release|Any CPU
		{31DC0106-F249-4F48-ABAD-2C1DA24A833B}.Release|Any CPU.Deploy.0 = Release|Any CPU
		{ED974FE8-DC3C-4EF5-9F1A-62E045379778}.Debug_v1_ProjLab|Any CPU.ActiveCfg = Debug|Any CPU
		{ED974FE8-DC3C-4EF5-9F1A-62E045379778}.Debug_v1_ProjLab|Any CPU.Build.0 = Debug|Any CPU
		{ED974FE8-DC3C-4EF5-9F1A-62E045379778}.Debug_v1_ProjLab|Any CPU.Deploy.0 = Debug|Any CPU
		{ED974FE8-DC3C-4EF5-9F1A-62E045379778}.Debug_v2_ProjLab|Any CPU.ActiveCfg = Debug|Any CPU
		{ED974FE8-DC3C-4EF5-9F1A-62E045379778}.Debug_v2_ProjLab|Any CPU.Build.0 = Debug|Any CPU
		{ED974FE8-DC3C-4EF5-9F1A-62E045379778}.Debug_v2_ProjLab|Any CPU.Deploy.0 = Debug|Any CPU
		{ED974FE8-DC3C-4EF5-9F1A-62E045379778}.Debug|Any CPU.ActiveCfg = Debug|Any CPU
		{ED974FE8-DC3C-4EF5-9F1A-62E045379778}.Debug|Any CPU.Build.0 = Debug|Any CPU
		{ED974FE8-DC3C-4EF5-9F1A-62E045379778}.Debug|Any CPU.Deploy.0 = Debug|Any CPU
		{ED974FE8-DC3C-4EF5-9F1A-62E045379778}.Release_v1_ProjLab|Any CPU.ActiveCfg = Release|Any CPU
		{ED974FE8-DC3C-4EF5-9F1A-62E045379778}.Release_v1_ProjLab|Any CPU.Build.0 = Release|Any CPU
		{ED974FE8-DC3C-4EF5-9F1A-62E045379778}.Release_v1_ProjLab|Any CPU.Deploy.0 = Release|Any CPU
		{ED974FE8-DC3C-4EF5-9F1A-62E045379778}.Release_v2_ProjLab|Any CPU.ActiveCfg = Release|Any CPU
		{ED974FE8-DC3C-4EF5-9F1A-62E045379778}.Release_v2_ProjLab|Any CPU.Build.0 = Release|Any CPU
		{ED974FE8-DC3C-4EF5-9F1A-62E045379778}.Release_v2_ProjLab|Any CPU.Deploy.0 = Release|Any CPU
		{ED974FE8-DC3C-4EF5-9F1A-62E045379778}.Release|Any CPU.ActiveCfg = Release|Any CPU
		{ED974FE8-DC3C-4EF5-9F1A-62E045379778}.Release|Any CPU.Build.0 = Release|Any CPU
		{ED974FE8-DC3C-4EF5-9F1A-62E045379778}.Release|Any CPU.Deploy.0 = Release|Any CPU
		{59295DD7-6A9E-4D1E-8812-6B234D4686EE}.Debug_v1_ProjLab|Any CPU.ActiveCfg = Debug|Any CPU
		{59295DD7-6A9E-4D1E-8812-6B234D4686EE}.Debug_v1_ProjLab|Any CPU.Build.0 = Debug|Any CPU
		{59295DD7-6A9E-4D1E-8812-6B234D4686EE}.Debug_v2_ProjLab|Any CPU.ActiveCfg = Debug|Any CPU
		{59295DD7-6A9E-4D1E-8812-6B234D4686EE}.Debug_v2_ProjLab|Any CPU.Build.0 = Debug|Any CPU
		{59295DD7-6A9E-4D1E-8812-6B234D4686EE}.Debug|Any CPU.ActiveCfg = Debug|Any CPU
		{59295DD7-6A9E-4D1E-8812-6B234D4686EE}.Debug|Any CPU.Build.0 = Debug|Any CPU
		{59295DD7-6A9E-4D1E-8812-6B234D4686EE}.Release_v1_ProjLab|Any CPU.ActiveCfg = Release|Any CPU
		{59295DD7-6A9E-4D1E-8812-6B234D4686EE}.Release_v1_ProjLab|Any CPU.Build.0 = Release|Any CPU
		{59295DD7-6A9E-4D1E-8812-6B234D4686EE}.Release_v2_ProjLab|Any CPU.ActiveCfg = Release|Any CPU
		{59295DD7-6A9E-4D1E-8812-6B234D4686EE}.Release_v2_ProjLab|Any CPU.Build.0 = Release|Any CPU
		{59295DD7-6A9E-4D1E-8812-6B234D4686EE}.Release|Any CPU.ActiveCfg = Release|Any CPU
		{59295DD7-6A9E-4D1E-8812-6B234D4686EE}.Release|Any CPU.Build.0 = Release|Any CPU
		{72D8B6DE-B1C0-4674-83A5-17970ED59B6D}.Debug_v1_ProjLab|Any CPU.ActiveCfg = Debug|Any CPU
		{72D8B6DE-B1C0-4674-83A5-17970ED59B6D}.Debug_v1_ProjLab|Any CPU.Build.0 = Debug|Any CPU
		{72D8B6DE-B1C0-4674-83A5-17970ED59B6D}.Debug_v1_ProjLab|Any CPU.Deploy.0 = Debug|Any CPU
		{72D8B6DE-B1C0-4674-83A5-17970ED59B6D}.Debug_v2_ProjLab|Any CPU.ActiveCfg = Debug|Any CPU
		{72D8B6DE-B1C0-4674-83A5-17970ED59B6D}.Debug_v2_ProjLab|Any CPU.Build.0 = Debug|Any CPU
		{72D8B6DE-B1C0-4674-83A5-17970ED59B6D}.Debug_v2_ProjLab|Any CPU.Deploy.0 = Debug|Any CPU
		{72D8B6DE-B1C0-4674-83A5-17970ED59B6D}.Debug|Any CPU.ActiveCfg = Debug|Any CPU
		{72D8B6DE-B1C0-4674-83A5-17970ED59B6D}.Debug|Any CPU.Build.0 = Debug|Any CPU
		{72D8B6DE-B1C0-4674-83A5-17970ED59B6D}.Debug|Any CPU.Deploy.0 = Debug|Any CPU
		{72D8B6DE-B1C0-4674-83A5-17970ED59B6D}.Release_v1_ProjLab|Any CPU.ActiveCfg = Release|Any CPU
		{72D8B6DE-B1C0-4674-83A5-17970ED59B6D}.Release_v1_ProjLab|Any CPU.Build.0 = Release|Any CPU
		{72D8B6DE-B1C0-4674-83A5-17970ED59B6D}.Release_v1_ProjLab|Any CPU.Deploy.0 = Release|Any CPU
		{72D8B6DE-B1C0-4674-83A5-17970ED59B6D}.Release_v2_ProjLab|Any CPU.ActiveCfg = Release|Any CPU
		{72D8B6DE-B1C0-4674-83A5-17970ED59B6D}.Release_v2_ProjLab|Any CPU.Build.0 = Release|Any CPU
		{72D8B6DE-B1C0-4674-83A5-17970ED59B6D}.Release_v2_ProjLab|Any CPU.Deploy.0 = Release|Any CPU
		{72D8B6DE-B1C0-4674-83A5-17970ED59B6D}.Release|Any CPU.ActiveCfg = Release|Any CPU
		{72D8B6DE-B1C0-4674-83A5-17970ED59B6D}.Release|Any CPU.Build.0 = Release|Any CPU
		{72D8B6DE-B1C0-4674-83A5-17970ED59B6D}.Release|Any CPU.Deploy.0 = Release|Any CPU
		{F6ABADF8-6D54-4ECA-8976-5E444E0A638C}.Debug_v1_ProjLab|Any CPU.ActiveCfg = Debug|Any CPU
		{F6ABADF8-6D54-4ECA-8976-5E444E0A638C}.Debug_v1_ProjLab|Any CPU.Build.0 = Debug|Any CPU
		{F6ABADF8-6D54-4ECA-8976-5E444E0A638C}.Debug_v2_ProjLab|Any CPU.ActiveCfg = Debug|Any CPU
		{F6ABADF8-6D54-4ECA-8976-5E444E0A638C}.Debug_v2_ProjLab|Any CPU.Build.0 = Debug|Any CPU
		{F6ABADF8-6D54-4ECA-8976-5E444E0A638C}.Debug|Any CPU.ActiveCfg = Debug|Any CPU
		{F6ABADF8-6D54-4ECA-8976-5E444E0A638C}.Debug|Any CPU.Build.0 = Debug|Any CPU
		{F6ABADF8-6D54-4ECA-8976-5E444E0A638C}.Release_v1_ProjLab|Any CPU.ActiveCfg = Release|Any CPU
		{F6ABADF8-6D54-4ECA-8976-5E444E0A638C}.Release_v1_ProjLab|Any CPU.Build.0 = Release|Any CPU
		{F6ABADF8-6D54-4ECA-8976-5E444E0A638C}.Release_v2_ProjLab|Any CPU.ActiveCfg = Release|Any CPU
		{F6ABADF8-6D54-4ECA-8976-5E444E0A638C}.Release_v2_ProjLab|Any CPU.Build.0 = Release|Any CPU
		{F6ABADF8-6D54-4ECA-8976-5E444E0A638C}.Release|Any CPU.ActiveCfg = Release|Any CPU
		{F6ABADF8-6D54-4ECA-8976-5E444E0A638C}.Release|Any CPU.Build.0 = Release|Any CPU
		{9D7B9DD4-4BFA-475F-99AF-CEB8C01A5D6C}.Debug_v1_ProjLab|Any CPU.ActiveCfg = Debug|Any CPU
		{9D7B9DD4-4BFA-475F-99AF-CEB8C01A5D6C}.Debug_v1_ProjLab|Any CPU.Build.0 = Debug|Any CPU
		{9D7B9DD4-4BFA-475F-99AF-CEB8C01A5D6C}.Debug_v1_ProjLab|Any CPU.Deploy.0 = Debug|Any CPU
		{9D7B9DD4-4BFA-475F-99AF-CEB8C01A5D6C}.Debug_v2_ProjLab|Any CPU.ActiveCfg = Debug|Any CPU
		{9D7B9DD4-4BFA-475F-99AF-CEB8C01A5D6C}.Debug_v2_ProjLab|Any CPU.Build.0 = Debug|Any CPU
		{9D7B9DD4-4BFA-475F-99AF-CEB8C01A5D6C}.Debug_v2_ProjLab|Any CPU.Deploy.0 = Debug|Any CPU
		{9D7B9DD4-4BFA-475F-99AF-CEB8C01A5D6C}.Debug|Any CPU.ActiveCfg = Debug|Any CPU
		{9D7B9DD4-4BFA-475F-99AF-CEB8C01A5D6C}.Debug|Any CPU.Build.0 = Debug|Any CPU
		{9D7B9DD4-4BFA-475F-99AF-CEB8C01A5D6C}.Debug|Any CPU.Deploy.0 = Debug|Any CPU
		{9D7B9DD4-4BFA-475F-99AF-CEB8C01A5D6C}.Release_v1_ProjLab|Any CPU.ActiveCfg = Release|Any CPU
		{9D7B9DD4-4BFA-475F-99AF-CEB8C01A5D6C}.Release_v1_ProjLab|Any CPU.Build.0 = Release|Any CPU
		{9D7B9DD4-4BFA-475F-99AF-CEB8C01A5D6C}.Release_v1_ProjLab|Any CPU.Deploy.0 = Release|Any CPU
		{9D7B9DD4-4BFA-475F-99AF-CEB8C01A5D6C}.Release_v2_ProjLab|Any CPU.ActiveCfg = Release|Any CPU
		{9D7B9DD4-4BFA-475F-99AF-CEB8C01A5D6C}.Release_v2_ProjLab|Any CPU.Build.0 = Release|Any CPU
		{9D7B9DD4-4BFA-475F-99AF-CEB8C01A5D6C}.Release_v2_ProjLab|Any CPU.Deploy.0 = Release|Any CPU
		{9D7B9DD4-4BFA-475F-99AF-CEB8C01A5D6C}.Release|Any CPU.ActiveCfg = Release|Any CPU
		{9D7B9DD4-4BFA-475F-99AF-CEB8C01A5D6C}.Release|Any CPU.Build.0 = Release|Any CPU
		{9D7B9DD4-4BFA-475F-99AF-CEB8C01A5D6C}.Release|Any CPU.Deploy.0 = Release|Any CPU
		{C6EA0708-E79D-417F-B37F-795E385DC9B6}.Debug_v1_ProjLab|Any CPU.ActiveCfg = Debug|Any CPU
		{C6EA0708-E79D-417F-B37F-795E385DC9B6}.Debug_v1_ProjLab|Any CPU.Build.0 = Debug|Any CPU
		{C6EA0708-E79D-417F-B37F-795E385DC9B6}.Debug_v2_ProjLab|Any CPU.ActiveCfg = Debug|Any CPU
		{C6EA0708-E79D-417F-B37F-795E385DC9B6}.Debug_v2_ProjLab|Any CPU.Build.0 = Debug|Any CPU
		{C6EA0708-E79D-417F-B37F-795E385DC9B6}.Debug|Any CPU.ActiveCfg = Debug|Any CPU
		{C6EA0708-E79D-417F-B37F-795E385DC9B6}.Debug|Any CPU.Build.0 = Debug|Any CPU
		{C6EA0708-E79D-417F-B37F-795E385DC9B6}.Release_v1_ProjLab|Any CPU.ActiveCfg = Release|Any CPU
		{C6EA0708-E79D-417F-B37F-795E385DC9B6}.Release_v1_ProjLab|Any CPU.Build.0 = Release|Any CPU
		{C6EA0708-E79D-417F-B37F-795E385DC9B6}.Release_v2_ProjLab|Any CPU.ActiveCfg = Release|Any CPU
		{C6EA0708-E79D-417F-B37F-795E385DC9B6}.Release_v2_ProjLab|Any CPU.Build.0 = Release|Any CPU
		{C6EA0708-E79D-417F-B37F-795E385DC9B6}.Release|Any CPU.ActiveCfg = Release|Any CPU
		{C6EA0708-E79D-417F-B37F-795E385DC9B6}.Release|Any CPU.Build.0 = Release|Any CPU
		{CA846AE0-000A-4673-9630-930948C7C63B}.Debug_v1_ProjLab|Any CPU.ActiveCfg = Debug|Any CPU
		{CA846AE0-000A-4673-9630-930948C7C63B}.Debug_v1_ProjLab|Any CPU.Build.0 = Debug|Any CPU
		{CA846AE0-000A-4673-9630-930948C7C63B}.Debug_v1_ProjLab|Any CPU.Deploy.0 = Debug|Any CPU
		{CA846AE0-000A-4673-9630-930948C7C63B}.Debug_v2_ProjLab|Any CPU.ActiveCfg = Debug|Any CPU
		{CA846AE0-000A-4673-9630-930948C7C63B}.Debug_v2_ProjLab|Any CPU.Build.0 = Debug|Any CPU
		{CA846AE0-000A-4673-9630-930948C7C63B}.Debug_v2_ProjLab|Any CPU.Deploy.0 = Debug|Any CPU
		{CA846AE0-000A-4673-9630-930948C7C63B}.Debug|Any CPU.ActiveCfg = Debug|Any CPU
		{CA846AE0-000A-4673-9630-930948C7C63B}.Debug|Any CPU.Build.0 = Debug|Any CPU
		{CA846AE0-000A-4673-9630-930948C7C63B}.Debug|Any CPU.Deploy.0 = Debug|Any CPU
		{CA846AE0-000A-4673-9630-930948C7C63B}.Release_v1_ProjLab|Any CPU.ActiveCfg = Release|Any CPU
		{CA846AE0-000A-4673-9630-930948C7C63B}.Release_v1_ProjLab|Any CPU.Build.0 = Release|Any CPU
		{CA846AE0-000A-4673-9630-930948C7C63B}.Release_v1_ProjLab|Any CPU.Deploy.0 = Release|Any CPU
		{CA846AE0-000A-4673-9630-930948C7C63B}.Release_v2_ProjLab|Any CPU.ActiveCfg = Release|Any CPU
		{CA846AE0-000A-4673-9630-930948C7C63B}.Release_v2_ProjLab|Any CPU.Build.0 = Release|Any CPU
		{CA846AE0-000A-4673-9630-930948C7C63B}.Release_v2_ProjLab|Any CPU.Deploy.0 = Release|Any CPU
		{CA846AE0-000A-4673-9630-930948C7C63B}.Release|Any CPU.ActiveCfg = Release|Any CPU
		{CA846AE0-000A-4673-9630-930948C7C63B}.Release|Any CPU.Build.0 = Release|Any CPU
		{CA846AE0-000A-4673-9630-930948C7C63B}.Release|Any CPU.Deploy.0 = Release|Any CPU
		{6DC72759-0348-462E-A499-A785893BEF87}.Debug_v1_ProjLab|Any CPU.ActiveCfg = Debug|Any CPU
		{6DC72759-0348-462E-A499-A785893BEF87}.Debug_v1_ProjLab|Any CPU.Build.0 = Debug|Any CPU
		{6DC72759-0348-462E-A499-A785893BEF87}.Debug_v1_ProjLab|Any CPU.Deploy.0 = Debug|Any CPU
		{6DC72759-0348-462E-A499-A785893BEF87}.Debug_v2_ProjLab|Any CPU.ActiveCfg = Debug|Any CPU
		{6DC72759-0348-462E-A499-A785893BEF87}.Debug_v2_ProjLab|Any CPU.Build.0 = Debug|Any CPU
		{6DC72759-0348-462E-A499-A785893BEF87}.Debug_v2_ProjLab|Any CPU.Deploy.0 = Debug|Any CPU
		{6DC72759-0348-462E-A499-A785893BEF87}.Debug|Any CPU.ActiveCfg = Debug|Any CPU
		{6DC72759-0348-462E-A499-A785893BEF87}.Debug|Any CPU.Build.0 = Debug|Any CPU
		{6DC72759-0348-462E-A499-A785893BEF87}.Debug|Any CPU.Deploy.0 = Debug|Any CPU
		{6DC72759-0348-462E-A499-A785893BEF87}.Release_v1_ProjLab|Any CPU.ActiveCfg = Release|Any CPU
		{6DC72759-0348-462E-A499-A785893BEF87}.Release_v1_ProjLab|Any CPU.Build.0 = Release|Any CPU
		{6DC72759-0348-462E-A499-A785893BEF87}.Release_v1_ProjLab|Any CPU.Deploy.0 = Release|Any CPU
		{6DC72759-0348-462E-A499-A785893BEF87}.Release_v2_ProjLab|Any CPU.ActiveCfg = Release|Any CPU
		{6DC72759-0348-462E-A499-A785893BEF87}.Release_v2_ProjLab|Any CPU.Build.0 = Release|Any CPU
		{6DC72759-0348-462E-A499-A785893BEF87}.Release_v2_ProjLab|Any CPU.Deploy.0 = Release|Any CPU
		{6DC72759-0348-462E-A499-A785893BEF87}.Release|Any CPU.ActiveCfg = Release|Any CPU
		{6DC72759-0348-462E-A499-A785893BEF87}.Release|Any CPU.Build.0 = Release|Any CPU
		{6DC72759-0348-462E-A499-A785893BEF87}.Release|Any CPU.Deploy.0 = Release|Any CPU
		{0C9278C8-F5CE-4496-87C9-AFC844817823}.Debug_v1_ProjLab|Any CPU.ActiveCfg = Debug|Any CPU
		{0C9278C8-F5CE-4496-87C9-AFC844817823}.Debug_v1_ProjLab|Any CPU.Build.0 = Debug|Any CPU
		{0C9278C8-F5CE-4496-87C9-AFC844817823}.Debug_v1_ProjLab|Any CPU.Deploy.0 = Debug|Any CPU
		{0C9278C8-F5CE-4496-87C9-AFC844817823}.Debug_v2_ProjLab|Any CPU.ActiveCfg = Debug|Any CPU
		{0C9278C8-F5CE-4496-87C9-AFC844817823}.Debug_v2_ProjLab|Any CPU.Build.0 = Debug|Any CPU
		{0C9278C8-F5CE-4496-87C9-AFC844817823}.Debug_v2_ProjLab|Any CPU.Deploy.0 = Debug|Any CPU
		{0C9278C8-F5CE-4496-87C9-AFC844817823}.Debug|Any CPU.ActiveCfg = Debug|Any CPU
		{0C9278C8-F5CE-4496-87C9-AFC844817823}.Debug|Any CPU.Build.0 = Debug|Any CPU
		{0C9278C8-F5CE-4496-87C9-AFC844817823}.Debug|Any CPU.Deploy.0 = Debug|Any CPU
		{0C9278C8-F5CE-4496-87C9-AFC844817823}.Release_v1_ProjLab|Any CPU.ActiveCfg = Release|Any CPU
		{0C9278C8-F5CE-4496-87C9-AFC844817823}.Release_v1_ProjLab|Any CPU.Build.0 = Release|Any CPU
		{0C9278C8-F5CE-4496-87C9-AFC844817823}.Release_v1_ProjLab|Any CPU.Deploy.0 = Release|Any CPU
		{0C9278C8-F5CE-4496-87C9-AFC844817823}.Release_v2_ProjLab|Any CPU.ActiveCfg = Release|Any CPU
		{0C9278C8-F5CE-4496-87C9-AFC844817823}.Release_v2_ProjLab|Any CPU.Build.0 = Release|Any CPU
		{0C9278C8-F5CE-4496-87C9-AFC844817823}.Release_v2_ProjLab|Any CPU.Deploy.0 = Release|Any CPU
		{0C9278C8-F5CE-4496-87C9-AFC844817823}.Release|Any CPU.ActiveCfg = Release|Any CPU
		{0C9278C8-F5CE-4496-87C9-AFC844817823}.Release|Any CPU.Build.0 = Release|Any CPU
		{0C9278C8-F5CE-4496-87C9-AFC844817823}.Release|Any CPU.Deploy.0 = Release|Any CPU
		{710F6A6D-93A0-45DA-8F59-1C59B9394D70}.Debug_v1_ProjLab|Any CPU.ActiveCfg = Debug|Any CPU
		{710F6A6D-93A0-45DA-8F59-1C59B9394D70}.Debug_v1_ProjLab|Any CPU.Build.0 = Debug|Any CPU
		{710F6A6D-93A0-45DA-8F59-1C59B9394D70}.Debug_v2_ProjLab|Any CPU.ActiveCfg = Debug|Any CPU
		{710F6A6D-93A0-45DA-8F59-1C59B9394D70}.Debug_v2_ProjLab|Any CPU.Build.0 = Debug|Any CPU
		{710F6A6D-93A0-45DA-8F59-1C59B9394D70}.Debug|Any CPU.ActiveCfg = Debug|Any CPU
		{710F6A6D-93A0-45DA-8F59-1C59B9394D70}.Debug|Any CPU.Build.0 = Debug|Any CPU
		{710F6A6D-93A0-45DA-8F59-1C59B9394D70}.Release_v1_ProjLab|Any CPU.ActiveCfg = Release|Any CPU
		{710F6A6D-93A0-45DA-8F59-1C59B9394D70}.Release_v1_ProjLab|Any CPU.Build.0 = Release|Any CPU
		{710F6A6D-93A0-45DA-8F59-1C59B9394D70}.Release_v2_ProjLab|Any CPU.ActiveCfg = Release|Any CPU
		{710F6A6D-93A0-45DA-8F59-1C59B9394D70}.Release_v2_ProjLab|Any CPU.Build.0 = Release|Any CPU
		{710F6A6D-93A0-45DA-8F59-1C59B9394D70}.Release|Any CPU.ActiveCfg = Release|Any CPU
		{710F6A6D-93A0-45DA-8F59-1C59B9394D70}.Release|Any CPU.Build.0 = Release|Any CPU
		{43A5CF2F-BD1E-4BDE-8F77-9AE9A0402D82}.Debug_v1_ProjLab|Any CPU.ActiveCfg = Debug|Any CPU
		{43A5CF2F-BD1E-4BDE-8F77-9AE9A0402D82}.Debug_v1_ProjLab|Any CPU.Build.0 = Debug|Any CPU
		{43A5CF2F-BD1E-4BDE-8F77-9AE9A0402D82}.Debug_v2_ProjLab|Any CPU.ActiveCfg = Debug|Any CPU
		{43A5CF2F-BD1E-4BDE-8F77-9AE9A0402D82}.Debug_v2_ProjLab|Any CPU.Build.0 = Debug|Any CPU
		{43A5CF2F-BD1E-4BDE-8F77-9AE9A0402D82}.Debug|Any CPU.ActiveCfg = Debug|Any CPU
		{43A5CF2F-BD1E-4BDE-8F77-9AE9A0402D82}.Debug|Any CPU.Build.0 = Debug|Any CPU
		{43A5CF2F-BD1E-4BDE-8F77-9AE9A0402D82}.Release_v1_ProjLab|Any CPU.ActiveCfg = Release|Any CPU
		{43A5CF2F-BD1E-4BDE-8F77-9AE9A0402D82}.Release_v1_ProjLab|Any CPU.Build.0 = Release|Any CPU
		{43A5CF2F-BD1E-4BDE-8F77-9AE9A0402D82}.Release_v2_ProjLab|Any CPU.ActiveCfg = Release|Any CPU
		{43A5CF2F-BD1E-4BDE-8F77-9AE9A0402D82}.Release_v2_ProjLab|Any CPU.Build.0 = Release|Any CPU
		{43A5CF2F-BD1E-4BDE-8F77-9AE9A0402D82}.Release|Any CPU.ActiveCfg = Release|Any CPU
		{43A5CF2F-BD1E-4BDE-8F77-9AE9A0402D82}.Release|Any CPU.Build.0 = Release|Any CPU
		{38DC6461-D0A7-42AA-8F88-4A12013AFA43}.Debug_v1_ProjLab|Any CPU.ActiveCfg = Debug|Any CPU
		{38DC6461-D0A7-42AA-8F88-4A12013AFA43}.Debug_v1_ProjLab|Any CPU.Build.0 = Debug|Any CPU
		{38DC6461-D0A7-42AA-8F88-4A12013AFA43}.Debug_v1_ProjLab|Any CPU.Deploy.0 = Debug|Any CPU
		{38DC6461-D0A7-42AA-8F88-4A12013AFA43}.Debug_v2_ProjLab|Any CPU.ActiveCfg = Debug|Any CPU
		{38DC6461-D0A7-42AA-8F88-4A12013AFA43}.Debug_v2_ProjLab|Any CPU.Build.0 = Debug|Any CPU
		{38DC6461-D0A7-42AA-8F88-4A12013AFA43}.Debug_v2_ProjLab|Any CPU.Deploy.0 = Debug|Any CPU
		{38DC6461-D0A7-42AA-8F88-4A12013AFA43}.Debug|Any CPU.ActiveCfg = Debug|Any CPU
		{38DC6461-D0A7-42AA-8F88-4A12013AFA43}.Debug|Any CPU.Build.0 = Debug|Any CPU
		{38DC6461-D0A7-42AA-8F88-4A12013AFA43}.Debug|Any CPU.Deploy.0 = Debug|Any CPU
		{38DC6461-D0A7-42AA-8F88-4A12013AFA43}.Release_v1_ProjLab|Any CPU.ActiveCfg = Release|Any CPU
		{38DC6461-D0A7-42AA-8F88-4A12013AFA43}.Release_v1_ProjLab|Any CPU.Build.0 = Release|Any CPU
		{38DC6461-D0A7-42AA-8F88-4A12013AFA43}.Release_v1_ProjLab|Any CPU.Deploy.0 = Release|Any CPU
		{38DC6461-D0A7-42AA-8F88-4A12013AFA43}.Release_v2_ProjLab|Any CPU.ActiveCfg = Release|Any CPU
		{38DC6461-D0A7-42AA-8F88-4A12013AFA43}.Release_v2_ProjLab|Any CPU.Build.0 = Release|Any CPU
		{38DC6461-D0A7-42AA-8F88-4A12013AFA43}.Release_v2_ProjLab|Any CPU.Deploy.0 = Release|Any CPU
		{38DC6461-D0A7-42AA-8F88-4A12013AFA43}.Release|Any CPU.ActiveCfg = Release|Any CPU
		{38DC6461-D0A7-42AA-8F88-4A12013AFA43}.Release|Any CPU.Build.0 = Release|Any CPU
		{38DC6461-D0A7-42AA-8F88-4A12013AFA43}.Release|Any CPU.Deploy.0 = Release|Any CPU
		{4A272142-415C-445F-9496-850A1DAA23E0}.Debug_v1_ProjLab|Any CPU.ActiveCfg = Debug|Any CPU
		{4A272142-415C-445F-9496-850A1DAA23E0}.Debug_v1_ProjLab|Any CPU.Build.0 = Debug|Any CPU
		{4A272142-415C-445F-9496-850A1DAA23E0}.Debug_v1_ProjLab|Any CPU.Deploy.0 = Debug|Any CPU
		{4A272142-415C-445F-9496-850A1DAA23E0}.Debug_v2_ProjLab|Any CPU.ActiveCfg = Debug|Any CPU
		{4A272142-415C-445F-9496-850A1DAA23E0}.Debug_v2_ProjLab|Any CPU.Build.0 = Debug|Any CPU
		{4A272142-415C-445F-9496-850A1DAA23E0}.Debug_v2_ProjLab|Any CPU.Deploy.0 = Debug|Any CPU
		{4A272142-415C-445F-9496-850A1DAA23E0}.Debug|Any CPU.ActiveCfg = Debug|Any CPU
		{4A272142-415C-445F-9496-850A1DAA23E0}.Debug|Any CPU.Build.0 = Debug|Any CPU
		{4A272142-415C-445F-9496-850A1DAA23E0}.Debug|Any CPU.Deploy.0 = Debug|Any CPU
		{4A272142-415C-445F-9496-850A1DAA23E0}.Release_v1_ProjLab|Any CPU.ActiveCfg = Release|Any CPU
		{4A272142-415C-445F-9496-850A1DAA23E0}.Release_v1_ProjLab|Any CPU.Build.0 = Release|Any CPU
		{4A272142-415C-445F-9496-850A1DAA23E0}.Release_v1_ProjLab|Any CPU.Deploy.0 = Release|Any CPU
		{4A272142-415C-445F-9496-850A1DAA23E0}.Release_v2_ProjLab|Any CPU.ActiveCfg = Release|Any CPU
		{4A272142-415C-445F-9496-850A1DAA23E0}.Release_v2_ProjLab|Any CPU.Build.0 = Release|Any CPU
		{4A272142-415C-445F-9496-850A1DAA23E0}.Release_v2_ProjLab|Any CPU.Deploy.0 = Release|Any CPU
		{4A272142-415C-445F-9496-850A1DAA23E0}.Release|Any CPU.ActiveCfg = Release|Any CPU
		{4A272142-415C-445F-9496-850A1DAA23E0}.Release|Any CPU.Build.0 = Release|Any CPU
		{4A272142-415C-445F-9496-850A1DAA23E0}.Release|Any CPU.Deploy.0 = Release|Any CPU
		{AECDD966-E716-46B1-B60E-06AA8BCB6874}.Debug_v1_ProjLab|Any CPU.ActiveCfg = Debug|Any CPU
		{AECDD966-E716-46B1-B60E-06AA8BCB6874}.Debug_v1_ProjLab|Any CPU.Build.0 = Debug|Any CPU
		{AECDD966-E716-46B1-B60E-06AA8BCB6874}.Debug_v1_ProjLab|Any CPU.Deploy.0 = Debug|Any CPU
		{AECDD966-E716-46B1-B60E-06AA8BCB6874}.Debug_v2_ProjLab|Any CPU.ActiveCfg = Debug|Any CPU
		{AECDD966-E716-46B1-B60E-06AA8BCB6874}.Debug_v2_ProjLab|Any CPU.Build.0 = Debug|Any CPU
		{AECDD966-E716-46B1-B60E-06AA8BCB6874}.Debug_v2_ProjLab|Any CPU.Deploy.0 = Debug|Any CPU
		{AECDD966-E716-46B1-B60E-06AA8BCB6874}.Debug|Any CPU.ActiveCfg = Debug|Any CPU
		{AECDD966-E716-46B1-B60E-06AA8BCB6874}.Debug|Any CPU.Build.0 = Debug|Any CPU
		{AECDD966-E716-46B1-B60E-06AA8BCB6874}.Debug|Any CPU.Deploy.0 = Debug|Any CPU
		{AECDD966-E716-46B1-B60E-06AA8BCB6874}.Release_v1_ProjLab|Any CPU.ActiveCfg = Release|Any CPU
		{AECDD966-E716-46B1-B60E-06AA8BCB6874}.Release_v1_ProjLab|Any CPU.Build.0 = Release|Any CPU
		{AECDD966-E716-46B1-B60E-06AA8BCB6874}.Release_v1_ProjLab|Any CPU.Deploy.0 = Release|Any CPU
		{AECDD966-E716-46B1-B60E-06AA8BCB6874}.Release_v2_ProjLab|Any CPU.ActiveCfg = Release|Any CPU
		{AECDD966-E716-46B1-B60E-06AA8BCB6874}.Release_v2_ProjLab|Any CPU.Build.0 = Release|Any CPU
		{AECDD966-E716-46B1-B60E-06AA8BCB6874}.Release_v2_ProjLab|Any CPU.Deploy.0 = Release|Any CPU
		{AECDD966-E716-46B1-B60E-06AA8BCB6874}.Release|Any CPU.ActiveCfg = Release|Any CPU
		{AECDD966-E716-46B1-B60E-06AA8BCB6874}.Release|Any CPU.Build.0 = Release|Any CPU
		{AECDD966-E716-46B1-B60E-06AA8BCB6874}.Release|Any CPU.Deploy.0 = Release|Any CPU
		{D96B8E87-1307-4384-9401-21E741BE29F6}.Debug_v1_ProjLab|Any CPU.ActiveCfg = Debug|Any CPU
		{D96B8E87-1307-4384-9401-21E741BE29F6}.Debug_v1_ProjLab|Any CPU.Build.0 = Debug|Any CPU
		{D96B8E87-1307-4384-9401-21E741BE29F6}.Debug_v1_ProjLab|Any CPU.Deploy.0 = Debug|Any CPU
		{D96B8E87-1307-4384-9401-21E741BE29F6}.Debug_v2_ProjLab|Any CPU.ActiveCfg = Debug|Any CPU
		{D96B8E87-1307-4384-9401-21E741BE29F6}.Debug_v2_ProjLab|Any CPU.Build.0 = Debug|Any CPU
		{D96B8E87-1307-4384-9401-21E741BE29F6}.Debug_v2_ProjLab|Any CPU.Deploy.0 = Debug|Any CPU
		{D96B8E87-1307-4384-9401-21E741BE29F6}.Debug|Any CPU.ActiveCfg = Debug|Any CPU
		{D96B8E87-1307-4384-9401-21E741BE29F6}.Debug|Any CPU.Build.0 = Debug|Any CPU
		{D96B8E87-1307-4384-9401-21E741BE29F6}.Debug|Any CPU.Deploy.0 = Debug|Any CPU
		{D96B8E87-1307-4384-9401-21E741BE29F6}.Release_v1_ProjLab|Any CPU.ActiveCfg = Release|Any CPU
		{D96B8E87-1307-4384-9401-21E741BE29F6}.Release_v1_ProjLab|Any CPU.Build.0 = Release|Any CPU
		{D96B8E87-1307-4384-9401-21E741BE29F6}.Release_v1_ProjLab|Any CPU.Deploy.0 = Release|Any CPU
		{D96B8E87-1307-4384-9401-21E741BE29F6}.Release_v2_ProjLab|Any CPU.ActiveCfg = Release|Any CPU
		{D96B8E87-1307-4384-9401-21E741BE29F6}.Release_v2_ProjLab|Any CPU.Build.0 = Release|Any CPU
		{D96B8E87-1307-4384-9401-21E741BE29F6}.Release_v2_ProjLab|Any CPU.Deploy.0 = Release|Any CPU
		{D96B8E87-1307-4384-9401-21E741BE29F6}.Release|Any CPU.ActiveCfg = Release|Any CPU
		{D96B8E87-1307-4384-9401-21E741BE29F6}.Release|Any CPU.Build.0 = Release|Any CPU
		{D96B8E87-1307-4384-9401-21E741BE29F6}.Release|Any CPU.Deploy.0 = Release|Any CPU
		{116D3BBA-F231-4706-904B-9E18C7E73D4B}.Debug_v1_ProjLab|Any CPU.ActiveCfg = Debug|Any CPU
		{116D3BBA-F231-4706-904B-9E18C7E73D4B}.Debug_v1_ProjLab|Any CPU.Build.0 = Debug|Any CPU
		{116D3BBA-F231-4706-904B-9E18C7E73D4B}.Debug_v1_ProjLab|Any CPU.Deploy.0 = Debug|Any CPU
		{116D3BBA-F231-4706-904B-9E18C7E73D4B}.Debug_v2_ProjLab|Any CPU.ActiveCfg = Debug|Any CPU
		{116D3BBA-F231-4706-904B-9E18C7E73D4B}.Debug_v2_ProjLab|Any CPU.Build.0 = Debug|Any CPU
		{116D3BBA-F231-4706-904B-9E18C7E73D4B}.Debug_v2_ProjLab|Any CPU.Deploy.0 = Debug|Any CPU
		{116D3BBA-F231-4706-904B-9E18C7E73D4B}.Debug|Any CPU.ActiveCfg = Debug|Any CPU
		{116D3BBA-F231-4706-904B-9E18C7E73D4B}.Debug|Any CPU.Build.0 = Debug|Any CPU
		{116D3BBA-F231-4706-904B-9E18C7E73D4B}.Debug|Any CPU.Deploy.0 = Debug|Any CPU
		{116D3BBA-F231-4706-904B-9E18C7E73D4B}.Release_v1_ProjLab|Any CPU.ActiveCfg = Release|Any CPU
		{116D3BBA-F231-4706-904B-9E18C7E73D4B}.Release_v1_ProjLab|Any CPU.Build.0 = Release|Any CPU
		{116D3BBA-F231-4706-904B-9E18C7E73D4B}.Release_v1_ProjLab|Any CPU.Deploy.0 = Release|Any CPU
		{116D3BBA-F231-4706-904B-9E18C7E73D4B}.Release_v2_ProjLab|Any CPU.ActiveCfg = Release|Any CPU
		{116D3BBA-F231-4706-904B-9E18C7E73D4B}.Release_v2_ProjLab|Any CPU.Build.0 = Release|Any CPU
		{116D3BBA-F231-4706-904B-9E18C7E73D4B}.Release_v2_ProjLab|Any CPU.Deploy.0 = Release|Any CPU
		{116D3BBA-F231-4706-904B-9E18C7E73D4B}.Release|Any CPU.ActiveCfg = Release|Any CPU
		{116D3BBA-F231-4706-904B-9E18C7E73D4B}.Release|Any CPU.Build.0 = Release|Any CPU
		{116D3BBA-F231-4706-904B-9E18C7E73D4B}.Release|Any CPU.Deploy.0 = Release|Any CPU
		{60D76371-03EB-4A5D-9F33-B8F638AB4AAF}.Debug_v1_ProjLab|Any CPU.ActiveCfg = Debug|Any CPU
		{60D76371-03EB-4A5D-9F33-B8F638AB4AAF}.Debug_v1_ProjLab|Any CPU.Build.0 = Debug|Any CPU
		{60D76371-03EB-4A5D-9F33-B8F638AB4AAF}.Debug_v2_ProjLab|Any CPU.ActiveCfg = Debug|Any CPU
		{60D76371-03EB-4A5D-9F33-B8F638AB4AAF}.Debug_v2_ProjLab|Any CPU.Build.0 = Debug|Any CPU
		{60D76371-03EB-4A5D-9F33-B8F638AB4AAF}.Debug|Any CPU.ActiveCfg = Debug|Any CPU
		{60D76371-03EB-4A5D-9F33-B8F638AB4AAF}.Debug|Any CPU.Build.0 = Debug|Any CPU
		{60D76371-03EB-4A5D-9F33-B8F638AB4AAF}.Release_v1_ProjLab|Any CPU.ActiveCfg = Release|Any CPU
		{60D76371-03EB-4A5D-9F33-B8F638AB4AAF}.Release_v1_ProjLab|Any CPU.Build.0 = Release|Any CPU
		{60D76371-03EB-4A5D-9F33-B8F638AB4AAF}.Release_v2_ProjLab|Any CPU.ActiveCfg = Release|Any CPU
		{60D76371-03EB-4A5D-9F33-B8F638AB4AAF}.Release_v2_ProjLab|Any CPU.Build.0 = Release|Any CPU
		{60D76371-03EB-4A5D-9F33-B8F638AB4AAF}.Release|Any CPU.ActiveCfg = Release|Any CPU
		{60D76371-03EB-4A5D-9F33-B8F638AB4AAF}.Release|Any CPU.Build.0 = Release|Any CPU
		{4FE82A48-F2A6-47BE-95CB-830C93308FEE}.Debug_v1_ProjLab|Any CPU.ActiveCfg = Debug|Any CPU
		{4FE82A48-F2A6-47BE-95CB-830C93308FEE}.Debug_v1_ProjLab|Any CPU.Build.0 = Debug|Any CPU
		{4FE82A48-F2A6-47BE-95CB-830C93308FEE}.Debug_v1_ProjLab|Any CPU.Deploy.0 = Debug|Any CPU
		{4FE82A48-F2A6-47BE-95CB-830C93308FEE}.Debug_v2_ProjLab|Any CPU.ActiveCfg = Debug|Any CPU
		{4FE82A48-F2A6-47BE-95CB-830C93308FEE}.Debug_v2_ProjLab|Any CPU.Build.0 = Debug|Any CPU
		{4FE82A48-F2A6-47BE-95CB-830C93308FEE}.Debug_v2_ProjLab|Any CPU.Deploy.0 = Debug|Any CPU
		{4FE82A48-F2A6-47BE-95CB-830C93308FEE}.Debug|Any CPU.ActiveCfg = Debug|Any CPU
		{4FE82A48-F2A6-47BE-95CB-830C93308FEE}.Debug|Any CPU.Build.0 = Debug|Any CPU
		{4FE82A48-F2A6-47BE-95CB-830C93308FEE}.Debug|Any CPU.Deploy.0 = Debug|Any CPU
		{4FE82A48-F2A6-47BE-95CB-830C93308FEE}.Release_v1_ProjLab|Any CPU.ActiveCfg = Release|Any CPU
		{4FE82A48-F2A6-47BE-95CB-830C93308FEE}.Release_v1_ProjLab|Any CPU.Build.0 = Release|Any CPU
		{4FE82A48-F2A6-47BE-95CB-830C93308FEE}.Release_v1_ProjLab|Any CPU.Deploy.0 = Release|Any CPU
		{4FE82A48-F2A6-47BE-95CB-830C93308FEE}.Release_v2_ProjLab|Any CPU.ActiveCfg = Release|Any CPU
		{4FE82A48-F2A6-47BE-95CB-830C93308FEE}.Release_v2_ProjLab|Any CPU.Build.0 = Release|Any CPU
		{4FE82A48-F2A6-47BE-95CB-830C93308FEE}.Release_v2_ProjLab|Any CPU.Deploy.0 = Release|Any CPU
		{4FE82A48-F2A6-47BE-95CB-830C93308FEE}.Release|Any CPU.ActiveCfg = Release|Any CPU
		{4FE82A48-F2A6-47BE-95CB-830C93308FEE}.Release|Any CPU.Build.0 = Release|Any CPU
		{4FE82A48-F2A6-47BE-95CB-830C93308FEE}.Release|Any CPU.Deploy.0 = Release|Any CPU
		{EDCFCEEE-9EE0-4945-A15F-5725C16BBF43}.Debug_v1_ProjLab|Any CPU.ActiveCfg = Debug|Any CPU
		{EDCFCEEE-9EE0-4945-A15F-5725C16BBF43}.Debug_v1_ProjLab|Any CPU.Build.0 = Debug|Any CPU
		{EDCFCEEE-9EE0-4945-A15F-5725C16BBF43}.Debug_v1_ProjLab|Any CPU.Deploy.0 = Debug|Any CPU
		{EDCFCEEE-9EE0-4945-A15F-5725C16BBF43}.Debug_v2_ProjLab|Any CPU.ActiveCfg = Debug|Any CPU
		{EDCFCEEE-9EE0-4945-A15F-5725C16BBF43}.Debug_v2_ProjLab|Any CPU.Build.0 = Debug|Any CPU
		{EDCFCEEE-9EE0-4945-A15F-5725C16BBF43}.Debug_v2_ProjLab|Any CPU.Deploy.0 = Debug|Any CPU
		{EDCFCEEE-9EE0-4945-A15F-5725C16BBF43}.Debug|Any CPU.ActiveCfg = Debug|Any CPU
		{EDCFCEEE-9EE0-4945-A15F-5725C16BBF43}.Debug|Any CPU.Build.0 = Debug|Any CPU
		{EDCFCEEE-9EE0-4945-A15F-5725C16BBF43}.Debug|Any CPU.Deploy.0 = Debug|Any CPU
		{EDCFCEEE-9EE0-4945-A15F-5725C16BBF43}.Release_v1_ProjLab|Any CPU.ActiveCfg = Release|Any CPU
		{EDCFCEEE-9EE0-4945-A15F-5725C16BBF43}.Release_v1_ProjLab|Any CPU.Build.0 = Release|Any CPU
		{EDCFCEEE-9EE0-4945-A15F-5725C16BBF43}.Release_v1_ProjLab|Any CPU.Deploy.0 = Release|Any CPU
		{EDCFCEEE-9EE0-4945-A15F-5725C16BBF43}.Release_v2_ProjLab|Any CPU.ActiveCfg = Release|Any CPU
		{EDCFCEEE-9EE0-4945-A15F-5725C16BBF43}.Release_v2_ProjLab|Any CPU.Build.0 = Release|Any CPU
		{EDCFCEEE-9EE0-4945-A15F-5725C16BBF43}.Release_v2_ProjLab|Any CPU.Deploy.0 = Release|Any CPU
		{EDCFCEEE-9EE0-4945-A15F-5725C16BBF43}.Release|Any CPU.ActiveCfg = Release|Any CPU
		{EDCFCEEE-9EE0-4945-A15F-5725C16BBF43}.Release|Any CPU.Build.0 = Release|Any CPU
		{EDCFCEEE-9EE0-4945-A15F-5725C16BBF43}.Release|Any CPU.Deploy.0 = Release|Any CPU
		{47574974-7FFD-4392-9D4E-3A1387D992D5}.Debug_v1_ProjLab|Any CPU.ActiveCfg = Debug|Any CPU
		{47574974-7FFD-4392-9D4E-3A1387D992D5}.Debug_v1_ProjLab|Any CPU.Build.0 = Debug|Any CPU
		{47574974-7FFD-4392-9D4E-3A1387D992D5}.Debug_v1_ProjLab|Any CPU.Deploy.0 = Debug|Any CPU
		{47574974-7FFD-4392-9D4E-3A1387D992D5}.Debug_v2_ProjLab|Any CPU.ActiveCfg = Debug|Any CPU
		{47574974-7FFD-4392-9D4E-3A1387D992D5}.Debug_v2_ProjLab|Any CPU.Build.0 = Debug|Any CPU
		{47574974-7FFD-4392-9D4E-3A1387D992D5}.Debug_v2_ProjLab|Any CPU.Deploy.0 = Debug|Any CPU
		{47574974-7FFD-4392-9D4E-3A1387D992D5}.Debug|Any CPU.ActiveCfg = Debug|Any CPU
		{47574974-7FFD-4392-9D4E-3A1387D992D5}.Debug|Any CPU.Build.0 = Debug|Any CPU
		{47574974-7FFD-4392-9D4E-3A1387D992D5}.Debug|Any CPU.Deploy.0 = Debug|Any CPU
		{47574974-7FFD-4392-9D4E-3A1387D992D5}.Release_v1_ProjLab|Any CPU.ActiveCfg = Release|Any CPU
		{47574974-7FFD-4392-9D4E-3A1387D992D5}.Release_v1_ProjLab|Any CPU.Build.0 = Release|Any CPU
		{47574974-7FFD-4392-9D4E-3A1387D992D5}.Release_v1_ProjLab|Any CPU.Deploy.0 = Release|Any CPU
		{47574974-7FFD-4392-9D4E-3A1387D992D5}.Release_v2_ProjLab|Any CPU.ActiveCfg = Release|Any CPU
		{47574974-7FFD-4392-9D4E-3A1387D992D5}.Release_v2_ProjLab|Any CPU.Build.0 = Release|Any CPU
		{47574974-7FFD-4392-9D4E-3A1387D992D5}.Release_v2_ProjLab|Any CPU.Deploy.0 = Release|Any CPU
		{47574974-7FFD-4392-9D4E-3A1387D992D5}.Release|Any CPU.ActiveCfg = Release|Any CPU
		{47574974-7FFD-4392-9D4E-3A1387D992D5}.Release|Any CPU.Build.0 = Release|Any CPU
		{47574974-7FFD-4392-9D4E-3A1387D992D5}.Release|Any CPU.Deploy.0 = Release|Any CPU
		{7FC0678A-4E03-48B1-9EFF-C5A613FA5E43}.Debug_v1_ProjLab|Any CPU.ActiveCfg = Debug|Any CPU
		{7FC0678A-4E03-48B1-9EFF-C5A613FA5E43}.Debug_v1_ProjLab|Any CPU.Build.0 = Debug|Any CPU
		{7FC0678A-4E03-48B1-9EFF-C5A613FA5E43}.Debug_v1_ProjLab|Any CPU.Deploy.0 = Debug|Any CPU
		{7FC0678A-4E03-48B1-9EFF-C5A613FA5E43}.Debug_v2_ProjLab|Any CPU.ActiveCfg = Debug|Any CPU
		{7FC0678A-4E03-48B1-9EFF-C5A613FA5E43}.Debug_v2_ProjLab|Any CPU.Build.0 = Debug|Any CPU
		{7FC0678A-4E03-48B1-9EFF-C5A613FA5E43}.Debug_v2_ProjLab|Any CPU.Deploy.0 = Debug|Any CPU
		{7FC0678A-4E03-48B1-9EFF-C5A613FA5E43}.Debug|Any CPU.ActiveCfg = Debug|Any CPU
		{7FC0678A-4E03-48B1-9EFF-C5A613FA5E43}.Debug|Any CPU.Build.0 = Debug|Any CPU
		{7FC0678A-4E03-48B1-9EFF-C5A613FA5E43}.Debug|Any CPU.Deploy.0 = Debug|Any CPU
		{7FC0678A-4E03-48B1-9EFF-C5A613FA5E43}.Release_v1_ProjLab|Any CPU.ActiveCfg = Release|Any CPU
		{7FC0678A-4E03-48B1-9EFF-C5A613FA5E43}.Release_v1_ProjLab|Any CPU.Build.0 = Release|Any CPU
		{7FC0678A-4E03-48B1-9EFF-C5A613FA5E43}.Release_v1_ProjLab|Any CPU.Deploy.0 = Release|Any CPU
		{7FC0678A-4E03-48B1-9EFF-C5A613FA5E43}.Release_v2_ProjLab|Any CPU.ActiveCfg = Release|Any CPU
		{7FC0678A-4E03-48B1-9EFF-C5A613FA5E43}.Release_v2_ProjLab|Any CPU.Build.0 = Release|Any CPU
		{7FC0678A-4E03-48B1-9EFF-C5A613FA5E43}.Release_v2_ProjLab|Any CPU.Deploy.0 = Release|Any CPU
		{7FC0678A-4E03-48B1-9EFF-C5A613FA5E43}.Release|Any CPU.ActiveCfg = Release|Any CPU
		{7FC0678A-4E03-48B1-9EFF-C5A613FA5E43}.Release|Any CPU.Build.0 = Release|Any CPU
		{7FC0678A-4E03-48B1-9EFF-C5A613FA5E43}.Release|Any CPU.Deploy.0 = Release|Any CPU
		{582B99E1-8680-423E-A954-1170800129B0}.Debug_v1_ProjLab|Any CPU.ActiveCfg = Debug|Any CPU
		{582B99E1-8680-423E-A954-1170800129B0}.Debug_v1_ProjLab|Any CPU.Build.0 = Debug|Any CPU
		{582B99E1-8680-423E-A954-1170800129B0}.Debug_v1_ProjLab|Any CPU.Deploy.0 = Debug|Any CPU
		{582B99E1-8680-423E-A954-1170800129B0}.Debug_v2_ProjLab|Any CPU.ActiveCfg = Debug|Any CPU
		{582B99E1-8680-423E-A954-1170800129B0}.Debug_v2_ProjLab|Any CPU.Build.0 = Debug|Any CPU
		{582B99E1-8680-423E-A954-1170800129B0}.Debug_v2_ProjLab|Any CPU.Deploy.0 = Debug|Any CPU
		{582B99E1-8680-423E-A954-1170800129B0}.Debug|Any CPU.ActiveCfg = Debug|Any CPU
		{582B99E1-8680-423E-A954-1170800129B0}.Debug|Any CPU.Build.0 = Debug|Any CPU
		{582B99E1-8680-423E-A954-1170800129B0}.Debug|Any CPU.Deploy.0 = Debug|Any CPU
		{582B99E1-8680-423E-A954-1170800129B0}.Release_v1_ProjLab|Any CPU.ActiveCfg = Release|Any CPU
		{582B99E1-8680-423E-A954-1170800129B0}.Release_v1_ProjLab|Any CPU.Build.0 = Release|Any CPU
		{582B99E1-8680-423E-A954-1170800129B0}.Release_v1_ProjLab|Any CPU.Deploy.0 = Release|Any CPU
		{582B99E1-8680-423E-A954-1170800129B0}.Release_v2_ProjLab|Any CPU.ActiveCfg = Release|Any CPU
		{582B99E1-8680-423E-A954-1170800129B0}.Release_v2_ProjLab|Any CPU.Build.0 = Release|Any CPU
		{582B99E1-8680-423E-A954-1170800129B0}.Release_v2_ProjLab|Any CPU.Deploy.0 = Release|Any CPU
		{582B99E1-8680-423E-A954-1170800129B0}.Release|Any CPU.ActiveCfg = Release|Any CPU
		{582B99E1-8680-423E-A954-1170800129B0}.Release|Any CPU.Build.0 = Release|Any CPU
		{582B99E1-8680-423E-A954-1170800129B0}.Release|Any CPU.Deploy.0 = Release|Any CPU
		{B8482D66-9476-40DD-BF9E-41B2C316CB92}.Debug_v1_ProjLab|Any CPU.ActiveCfg = Debug|Any CPU
		{B8482D66-9476-40DD-BF9E-41B2C316CB92}.Debug_v1_ProjLab|Any CPU.Build.0 = Debug|Any CPU
		{B8482D66-9476-40DD-BF9E-41B2C316CB92}.Debug_v1_ProjLab|Any CPU.Deploy.0 = Debug|Any CPU
		{B8482D66-9476-40DD-BF9E-41B2C316CB92}.Debug_v2_ProjLab|Any CPU.ActiveCfg = Debug|Any CPU
		{B8482D66-9476-40DD-BF9E-41B2C316CB92}.Debug_v2_ProjLab|Any CPU.Build.0 = Debug|Any CPU
		{B8482D66-9476-40DD-BF9E-41B2C316CB92}.Debug_v2_ProjLab|Any CPU.Deploy.0 = Debug|Any CPU
		{B8482D66-9476-40DD-BF9E-41B2C316CB92}.Debug|Any CPU.ActiveCfg = Debug|Any CPU
		{B8482D66-9476-40DD-BF9E-41B2C316CB92}.Debug|Any CPU.Build.0 = Debug|Any CPU
		{B8482D66-9476-40DD-BF9E-41B2C316CB92}.Debug|Any CPU.Deploy.0 = Debug|Any CPU
		{B8482D66-9476-40DD-BF9E-41B2C316CB92}.Release_v1_ProjLab|Any CPU.ActiveCfg = Release|Any CPU
		{B8482D66-9476-40DD-BF9E-41B2C316CB92}.Release_v1_ProjLab|Any CPU.Build.0 = Release|Any CPU
		{B8482D66-9476-40DD-BF9E-41B2C316CB92}.Release_v1_ProjLab|Any CPU.Deploy.0 = Release|Any CPU
		{B8482D66-9476-40DD-BF9E-41B2C316CB92}.Release_v2_ProjLab|Any CPU.ActiveCfg = Release|Any CPU
		{B8482D66-9476-40DD-BF9E-41B2C316CB92}.Release_v2_ProjLab|Any CPU.Build.0 = Release|Any CPU
		{B8482D66-9476-40DD-BF9E-41B2C316CB92}.Release_v2_ProjLab|Any CPU.Deploy.0 = Release|Any CPU
		{B8482D66-9476-40DD-BF9E-41B2C316CB92}.Release|Any CPU.ActiveCfg = Release|Any CPU
		{B8482D66-9476-40DD-BF9E-41B2C316CB92}.Release|Any CPU.Build.0 = Release|Any CPU
		{B8482D66-9476-40DD-BF9E-41B2C316CB92}.Release|Any CPU.Deploy.0 = Release|Any CPU
		{4614ED3F-02C4-4961-BB7F-F6E6DA879BAD}.Debug_v1_ProjLab|Any CPU.ActiveCfg = Debug|Any CPU
		{4614ED3F-02C4-4961-BB7F-F6E6DA879BAD}.Debug_v1_ProjLab|Any CPU.Build.0 = Debug|Any CPU
		{4614ED3F-02C4-4961-BB7F-F6E6DA879BAD}.Debug_v1_ProjLab|Any CPU.Deploy.0 = Debug|Any CPU
		{4614ED3F-02C4-4961-BB7F-F6E6DA879BAD}.Debug_v2_ProjLab|Any CPU.ActiveCfg = Debug|Any CPU
		{4614ED3F-02C4-4961-BB7F-F6E6DA879BAD}.Debug_v2_ProjLab|Any CPU.Build.0 = Debug|Any CPU
		{4614ED3F-02C4-4961-BB7F-F6E6DA879BAD}.Debug_v2_ProjLab|Any CPU.Deploy.0 = Debug|Any CPU
		{4614ED3F-02C4-4961-BB7F-F6E6DA879BAD}.Debug|Any CPU.ActiveCfg = Debug|Any CPU
		{4614ED3F-02C4-4961-BB7F-F6E6DA879BAD}.Debug|Any CPU.Build.0 = Debug|Any CPU
		{4614ED3F-02C4-4961-BB7F-F6E6DA879BAD}.Debug|Any CPU.Deploy.0 = Debug|Any CPU
		{4614ED3F-02C4-4961-BB7F-F6E6DA879BAD}.Release_v1_ProjLab|Any CPU.ActiveCfg = Release|Any CPU
		{4614ED3F-02C4-4961-BB7F-F6E6DA879BAD}.Release_v1_ProjLab|Any CPU.Build.0 = Release|Any CPU
		{4614ED3F-02C4-4961-BB7F-F6E6DA879BAD}.Release_v1_ProjLab|Any CPU.Deploy.0 = Release|Any CPU
		{4614ED3F-02C4-4961-BB7F-F6E6DA879BAD}.Release_v2_ProjLab|Any CPU.ActiveCfg = Release|Any CPU
		{4614ED3F-02C4-4961-BB7F-F6E6DA879BAD}.Release_v2_ProjLab|Any CPU.Build.0 = Release|Any CPU
		{4614ED3F-02C4-4961-BB7F-F6E6DA879BAD}.Release_v2_ProjLab|Any CPU.Deploy.0 = Release|Any CPU
		{4614ED3F-02C4-4961-BB7F-F6E6DA879BAD}.Release|Any CPU.ActiveCfg = Release|Any CPU
		{4614ED3F-02C4-4961-BB7F-F6E6DA879BAD}.Release|Any CPU.Build.0 = Release|Any CPU
		{4614ED3F-02C4-4961-BB7F-F6E6DA879BAD}.Release|Any CPU.Deploy.0 = Release|Any CPU
		{39FF6F78-A36B-4DDA-BF06-72292BF9114C}.Debug_v1_ProjLab|Any CPU.ActiveCfg = Debug|Any CPU
		{39FF6F78-A36B-4DDA-BF06-72292BF9114C}.Debug_v1_ProjLab|Any CPU.Build.0 = Debug|Any CPU
		{39FF6F78-A36B-4DDA-BF06-72292BF9114C}.Debug_v1_ProjLab|Any CPU.Deploy.0 = Debug|Any CPU
		{39FF6F78-A36B-4DDA-BF06-72292BF9114C}.Debug_v2_ProjLab|Any CPU.ActiveCfg = Debug|Any CPU
		{39FF6F78-A36B-4DDA-BF06-72292BF9114C}.Debug_v2_ProjLab|Any CPU.Build.0 = Debug|Any CPU
		{39FF6F78-A36B-4DDA-BF06-72292BF9114C}.Debug_v2_ProjLab|Any CPU.Deploy.0 = Debug|Any CPU
		{39FF6F78-A36B-4DDA-BF06-72292BF9114C}.Debug|Any CPU.ActiveCfg = Debug|Any CPU
		{39FF6F78-A36B-4DDA-BF06-72292BF9114C}.Debug|Any CPU.Build.0 = Debug|Any CPU
		{39FF6F78-A36B-4DDA-BF06-72292BF9114C}.Debug|Any CPU.Deploy.0 = Debug|Any CPU
		{39FF6F78-A36B-4DDA-BF06-72292BF9114C}.Release_v1_ProjLab|Any CPU.ActiveCfg = Release|Any CPU
		{39FF6F78-A36B-4DDA-BF06-72292BF9114C}.Release_v1_ProjLab|Any CPU.Build.0 = Release|Any CPU
		{39FF6F78-A36B-4DDA-BF06-72292BF9114C}.Release_v1_ProjLab|Any CPU.Deploy.0 = Release|Any CPU
		{39FF6F78-A36B-4DDA-BF06-72292BF9114C}.Release_v2_ProjLab|Any CPU.ActiveCfg = Release|Any CPU
		{39FF6F78-A36B-4DDA-BF06-72292BF9114C}.Release_v2_ProjLab|Any CPU.Build.0 = Release|Any CPU
		{39FF6F78-A36B-4DDA-BF06-72292BF9114C}.Release_v2_ProjLab|Any CPU.Deploy.0 = Release|Any CPU
		{39FF6F78-A36B-4DDA-BF06-72292BF9114C}.Release|Any CPU.ActiveCfg = Release|Any CPU
		{39FF6F78-A36B-4DDA-BF06-72292BF9114C}.Release|Any CPU.Build.0 = Release|Any CPU
		{39FF6F78-A36B-4DDA-BF06-72292BF9114C}.Release|Any CPU.Deploy.0 = Release|Any CPU
		{7E5E5667-C18E-4729-8F7B-65AB98D685FA}.Debug_v1_ProjLab|Any CPU.ActiveCfg = Debug|Any CPU
		{7E5E5667-C18E-4729-8F7B-65AB98D685FA}.Debug_v1_ProjLab|Any CPU.Build.0 = Debug|Any CPU
		{7E5E5667-C18E-4729-8F7B-65AB98D685FA}.Debug_v1_ProjLab|Any CPU.Deploy.0 = Debug|Any CPU
		{7E5E5667-C18E-4729-8F7B-65AB98D685FA}.Debug_v2_ProjLab|Any CPU.ActiveCfg = Debug|Any CPU
		{7E5E5667-C18E-4729-8F7B-65AB98D685FA}.Debug_v2_ProjLab|Any CPU.Build.0 = Debug|Any CPU
		{7E5E5667-C18E-4729-8F7B-65AB98D685FA}.Debug_v2_ProjLab|Any CPU.Deploy.0 = Debug|Any CPU
		{7E5E5667-C18E-4729-8F7B-65AB98D685FA}.Debug|Any CPU.ActiveCfg = Debug|Any CPU
		{7E5E5667-C18E-4729-8F7B-65AB98D685FA}.Debug|Any CPU.Build.0 = Debug|Any CPU
		{7E5E5667-C18E-4729-8F7B-65AB98D685FA}.Debug|Any CPU.Deploy.0 = Debug|Any CPU
		{7E5E5667-C18E-4729-8F7B-65AB98D685FA}.Release_v1_ProjLab|Any CPU.ActiveCfg = Release|Any CPU
		{7E5E5667-C18E-4729-8F7B-65AB98D685FA}.Release_v1_ProjLab|Any CPU.Build.0 = Release|Any CPU
		{7E5E5667-C18E-4729-8F7B-65AB98D685FA}.Release_v1_ProjLab|Any CPU.Deploy.0 = Release|Any CPU
		{7E5E5667-C18E-4729-8F7B-65AB98D685FA}.Release_v2_ProjLab|Any CPU.ActiveCfg = Release|Any CPU
		{7E5E5667-C18E-4729-8F7B-65AB98D685FA}.Release_v2_ProjLab|Any CPU.Build.0 = Release|Any CPU
		{7E5E5667-C18E-4729-8F7B-65AB98D685FA}.Release_v2_ProjLab|Any CPU.Deploy.0 = Release|Any CPU
		{7E5E5667-C18E-4729-8F7B-65AB98D685FA}.Release|Any CPU.ActiveCfg = Release|Any CPU
		{7E5E5667-C18E-4729-8F7B-65AB98D685FA}.Release|Any CPU.Build.0 = Release|Any CPU
		{7E5E5667-C18E-4729-8F7B-65AB98D685FA}.Release|Any CPU.Deploy.0 = Release|Any CPU
		{D0E2BECF-944D-42C8-A39B-F5826EDCA957}.Debug_v1_ProjLab|Any CPU.ActiveCfg = Debug|Any CPU
		{D0E2BECF-944D-42C8-A39B-F5826EDCA957}.Debug_v1_ProjLab|Any CPU.Build.0 = Debug|Any CPU
		{D0E2BECF-944D-42C8-A39B-F5826EDCA957}.Debug_v1_ProjLab|Any CPU.Deploy.0 = Debug|Any CPU
		{D0E2BECF-944D-42C8-A39B-F5826EDCA957}.Debug_v2_ProjLab|Any CPU.ActiveCfg = Debug|Any CPU
		{D0E2BECF-944D-42C8-A39B-F5826EDCA957}.Debug_v2_ProjLab|Any CPU.Build.0 = Debug|Any CPU
		{D0E2BECF-944D-42C8-A39B-F5826EDCA957}.Debug_v2_ProjLab|Any CPU.Deploy.0 = Debug|Any CPU
		{D0E2BECF-944D-42C8-A39B-F5826EDCA957}.Debug|Any CPU.ActiveCfg = Debug|Any CPU
		{D0E2BECF-944D-42C8-A39B-F5826EDCA957}.Debug|Any CPU.Build.0 = Debug|Any CPU
		{D0E2BECF-944D-42C8-A39B-F5826EDCA957}.Debug|Any CPU.Deploy.0 = Debug|Any CPU
		{D0E2BECF-944D-42C8-A39B-F5826EDCA957}.Release_v1_ProjLab|Any CPU.ActiveCfg = Release|Any CPU
		{D0E2BECF-944D-42C8-A39B-F5826EDCA957}.Release_v1_ProjLab|Any CPU.Build.0 = Release|Any CPU
		{D0E2BECF-944D-42C8-A39B-F5826EDCA957}.Release_v1_ProjLab|Any CPU.Deploy.0 = Release|Any CPU
		{D0E2BECF-944D-42C8-A39B-F5826EDCA957}.Release_v2_ProjLab|Any CPU.ActiveCfg = Release|Any CPU
		{D0E2BECF-944D-42C8-A39B-F5826EDCA957}.Release_v2_ProjLab|Any CPU.Build.0 = Release|Any CPU
		{D0E2BECF-944D-42C8-A39B-F5826EDCA957}.Release_v2_ProjLab|Any CPU.Deploy.0 = Release|Any CPU
		{D0E2BECF-944D-42C8-A39B-F5826EDCA957}.Release|Any CPU.ActiveCfg = Release|Any CPU
		{D0E2BECF-944D-42C8-A39B-F5826EDCA957}.Release|Any CPU.Build.0 = Release|Any CPU
		{D0E2BECF-944D-42C8-A39B-F5826EDCA957}.Release|Any CPU.Deploy.0 = Release|Any CPU
		{39B97115-A014-4DAB-8F01-0853F80013FC}.Debug_v1_ProjLab|Any CPU.ActiveCfg = Debug|Any CPU
		{39B97115-A014-4DAB-8F01-0853F80013FC}.Debug_v1_ProjLab|Any CPU.Build.0 = Debug|Any CPU
		{39B97115-A014-4DAB-8F01-0853F80013FC}.Debug_v1_ProjLab|Any CPU.Deploy.0 = Debug|Any CPU
		{39B97115-A014-4DAB-8F01-0853F80013FC}.Debug_v2_ProjLab|Any CPU.ActiveCfg = Debug|Any CPU
		{39B97115-A014-4DAB-8F01-0853F80013FC}.Debug_v2_ProjLab|Any CPU.Build.0 = Debug|Any CPU
		{39B97115-A014-4DAB-8F01-0853F80013FC}.Debug_v2_ProjLab|Any CPU.Deploy.0 = Debug|Any CPU
		{39B97115-A014-4DAB-8F01-0853F80013FC}.Debug|Any CPU.ActiveCfg = Debug|Any CPU
		{39B97115-A014-4DAB-8F01-0853F80013FC}.Debug|Any CPU.Build.0 = Debug|Any CPU
		{39B97115-A014-4DAB-8F01-0853F80013FC}.Debug|Any CPU.Deploy.0 = Debug|Any CPU
		{39B97115-A014-4DAB-8F01-0853F80013FC}.Release_v1_ProjLab|Any CPU.ActiveCfg = Release|Any CPU
		{39B97115-A014-4DAB-8F01-0853F80013FC}.Release_v1_ProjLab|Any CPU.Build.0 = Release|Any CPU
		{39B97115-A014-4DAB-8F01-0853F80013FC}.Release_v1_ProjLab|Any CPU.Deploy.0 = Release|Any CPU
		{39B97115-A014-4DAB-8F01-0853F80013FC}.Release_v2_ProjLab|Any CPU.ActiveCfg = Release|Any CPU
		{39B97115-A014-4DAB-8F01-0853F80013FC}.Release_v2_ProjLab|Any CPU.Build.0 = Release|Any CPU
		{39B97115-A014-4DAB-8F01-0853F80013FC}.Release_v2_ProjLab|Any CPU.Deploy.0 = Release|Any CPU
		{39B97115-A014-4DAB-8F01-0853F80013FC}.Release|Any CPU.ActiveCfg = Release|Any CPU
		{39B97115-A014-4DAB-8F01-0853F80013FC}.Release|Any CPU.Build.0 = Release|Any CPU
		{39B97115-A014-4DAB-8F01-0853F80013FC}.Release|Any CPU.Deploy.0 = Release|Any CPU
		{65F2E1CF-2ACA-4A3C-B8BC-633DBA779FAE}.Debug_v1_ProjLab|Any CPU.ActiveCfg = Debug|Any CPU
		{65F2E1CF-2ACA-4A3C-B8BC-633DBA779FAE}.Debug_v1_ProjLab|Any CPU.Build.0 = Debug|Any CPU
		{65F2E1CF-2ACA-4A3C-B8BC-633DBA779FAE}.Debug_v1_ProjLab|Any CPU.Deploy.0 = Debug|Any CPU
		{65F2E1CF-2ACA-4A3C-B8BC-633DBA779FAE}.Debug_v2_ProjLab|Any CPU.ActiveCfg = Debug|Any CPU
		{65F2E1CF-2ACA-4A3C-B8BC-633DBA779FAE}.Debug_v2_ProjLab|Any CPU.Build.0 = Debug|Any CPU
		{65F2E1CF-2ACA-4A3C-B8BC-633DBA779FAE}.Debug_v2_ProjLab|Any CPU.Deploy.0 = Debug|Any CPU
		{65F2E1CF-2ACA-4A3C-B8BC-633DBA779FAE}.Debug|Any CPU.ActiveCfg = Debug|Any CPU
		{65F2E1CF-2ACA-4A3C-B8BC-633DBA779FAE}.Debug|Any CPU.Build.0 = Debug|Any CPU
		{65F2E1CF-2ACA-4A3C-B8BC-633DBA779FAE}.Debug|Any CPU.Deploy.0 = Debug|Any CPU
		{65F2E1CF-2ACA-4A3C-B8BC-633DBA779FAE}.Release_v1_ProjLab|Any CPU.ActiveCfg = Release|Any CPU
		{65F2E1CF-2ACA-4A3C-B8BC-633DBA779FAE}.Release_v1_ProjLab|Any CPU.Build.0 = Release|Any CPU
		{65F2E1CF-2ACA-4A3C-B8BC-633DBA779FAE}.Release_v1_ProjLab|Any CPU.Deploy.0 = Release|Any CPU
		{65F2E1CF-2ACA-4A3C-B8BC-633DBA779FAE}.Release_v2_ProjLab|Any CPU.ActiveCfg = Release|Any CPU
		{65F2E1CF-2ACA-4A3C-B8BC-633DBA779FAE}.Release_v2_ProjLab|Any CPU.Build.0 = Release|Any CPU
		{65F2E1CF-2ACA-4A3C-B8BC-633DBA779FAE}.Release_v2_ProjLab|Any CPU.Deploy.0 = Release|Any CPU
		{65F2E1CF-2ACA-4A3C-B8BC-633DBA779FAE}.Release|Any CPU.ActiveCfg = Release|Any CPU
		{65F2E1CF-2ACA-4A3C-B8BC-633DBA779FAE}.Release|Any CPU.Build.0 = Release|Any CPU
		{65F2E1CF-2ACA-4A3C-B8BC-633DBA779FAE}.Release|Any CPU.Deploy.0 = Release|Any CPU
		{D7CC10E4-E2BE-4834-9089-0655DF8B71B2}.Debug_v1_ProjLab|Any CPU.ActiveCfg = Debug|Any CPU
		{D7CC10E4-E2BE-4834-9089-0655DF8B71B2}.Debug_v1_ProjLab|Any CPU.Build.0 = Debug|Any CPU
		{D7CC10E4-E2BE-4834-9089-0655DF8B71B2}.Debug_v2_ProjLab|Any CPU.ActiveCfg = Debug|Any CPU
		{D7CC10E4-E2BE-4834-9089-0655DF8B71B2}.Debug_v2_ProjLab|Any CPU.Build.0 = Debug|Any CPU
		{D7CC10E4-E2BE-4834-9089-0655DF8B71B2}.Debug|Any CPU.ActiveCfg = Debug|Any CPU
		{D7CC10E4-E2BE-4834-9089-0655DF8B71B2}.Debug|Any CPU.Build.0 = Debug|Any CPU
		{D7CC10E4-E2BE-4834-9089-0655DF8B71B2}.Release_v1_ProjLab|Any CPU.ActiveCfg = Release|Any CPU
		{D7CC10E4-E2BE-4834-9089-0655DF8B71B2}.Release_v1_ProjLab|Any CPU.Build.0 = Release|Any CPU
		{D7CC10E4-E2BE-4834-9089-0655DF8B71B2}.Release_v2_ProjLab|Any CPU.ActiveCfg = Release|Any CPU
		{D7CC10E4-E2BE-4834-9089-0655DF8B71B2}.Release_v2_ProjLab|Any CPU.Build.0 = Release|Any CPU
		{D7CC10E4-E2BE-4834-9089-0655DF8B71B2}.Release|Any CPU.ActiveCfg = Release|Any CPU
		{D7CC10E4-E2BE-4834-9089-0655DF8B71B2}.Release|Any CPU.Build.0 = Release|Any CPU
	EndGlobalSection
	GlobalSection(SolutionProperties) = preSolution
		HideSolutionNode = FALSE
	EndGlobalSection
	GlobalSection(NestedProjects) = preSolution
		{A36C7D57-8484-4BC3-BF3A-5A44B6E5CE42} = {E4B23E5C-A52A-4543-AE88-CB2ED9F57297}
		{3F9471F1-6C04-4645-802A-66C7314CA75A} = {E4B23E5C-A52A-4543-AE88-CB2ED9F57297}
		{853D4036-FA83-411A-981C-2CB4DE0DA4D1} = {B72D3A65-B26C-4A6E-AEA6-7A280BA79847}
		{A9061CEB-D584-4FD7-876F-7EA780095004} = {B72D3A65-B26C-4A6E-AEA6-7A280BA79847}
		{5E32A8F6-1EC5-46BA-AE3D-E3E376FD82D0} = {E4B23E5C-A52A-4543-AE88-CB2ED9F57297}
		{86F59281-E4A7-4CB2-880B-B61B49044232} = {D78E2994-3F1F-4008-A53F-85A08C13F578}
		{ED974FE8-DC3C-4EF5-9F1A-62E045379778} = {91CF7813-4612-402E-8E39-78745A2D42B1}
		{59295DD7-6A9E-4D1E-8812-6B234D4686EE} = {91CF7813-4612-402E-8E39-78745A2D42B1}
		{F6ABADF8-6D54-4ECA-8976-5E444E0A638C} = {B72D3A65-B26C-4A6E-AEA6-7A280BA79847}
		{9D7B9DD4-4BFA-475F-99AF-CEB8C01A5D6C} = {6642BF7F-62F8-4A92-B9A2-77BAC814335C}
		{C6EA0708-E79D-417F-B37F-795E385DC9B6} = {6642BF7F-62F8-4A92-B9A2-77BAC814335C}
		{CA846AE0-000A-4673-9630-930948C7C63B} = {6642BF7F-62F8-4A92-B9A2-77BAC814335C}
		{6DC72759-0348-462E-A499-A785893BEF87} = {6642BF7F-62F8-4A92-B9A2-77BAC814335C}
		{0C9278C8-F5CE-4496-87C9-AFC844817823} = {6642BF7F-62F8-4A92-B9A2-77BAC814335C}
		{710F6A6D-93A0-45DA-8F59-1C59B9394D70} = {6642BF7F-62F8-4A92-B9A2-77BAC814335C}
		{43A5CF2F-BD1E-4BDE-8F77-9AE9A0402D82} = {6642BF7F-62F8-4A92-B9A2-77BAC814335C}
		{38DC6461-D0A7-42AA-8F88-4A12013AFA43} = {6642BF7F-62F8-4A92-B9A2-77BAC814335C}
		{4A272142-415C-445F-9496-850A1DAA23E0} = {6642BF7F-62F8-4A92-B9A2-77BAC814335C}
		{AECDD966-E716-46B1-B60E-06AA8BCB6874} = {6642BF7F-62F8-4A92-B9A2-77BAC814335C}
		{D96B8E87-1307-4384-9401-21E741BE29F6} = {6642BF7F-62F8-4A92-B9A2-77BAC814335C}
		{116D3BBA-F231-4706-904B-9E18C7E73D4B} = {6642BF7F-62F8-4A92-B9A2-77BAC814335C}
		{60D76371-03EB-4A5D-9F33-B8F638AB4AAF} = {6642BF7F-62F8-4A92-B9A2-77BAC814335C}
		{4FE82A48-F2A6-47BE-95CB-830C93308FEE} = {6642BF7F-62F8-4A92-B9A2-77BAC814335C}
		{EDCFCEEE-9EE0-4945-A15F-5725C16BBF43} = {6642BF7F-62F8-4A92-B9A2-77BAC814335C}
		{47574974-7FFD-4392-9D4E-3A1387D992D5} = {6642BF7F-62F8-4A92-B9A2-77BAC814335C}
		{7FC0678A-4E03-48B1-9EFF-C5A613FA5E43} = {6642BF7F-62F8-4A92-B9A2-77BAC814335C}
		{582B99E1-8680-423E-A954-1170800129B0} = {6642BF7F-62F8-4A92-B9A2-77BAC814335C}
		{B8482D66-9476-40DD-BF9E-41B2C316CB92} = {6642BF7F-62F8-4A92-B9A2-77BAC814335C}
		{4614ED3F-02C4-4961-BB7F-F6E6DA879BAD} = {6642BF7F-62F8-4A92-B9A2-77BAC814335C}
		{39FF6F78-A36B-4DDA-BF06-72292BF9114C} = {6642BF7F-62F8-4A92-B9A2-77BAC814335C}
		{7E5E5667-C18E-4729-8F7B-65AB98D685FA} = {6642BF7F-62F8-4A92-B9A2-77BAC814335C}
		{D0E2BECF-944D-42C8-A39B-F5826EDCA957} = {6642BF7F-62F8-4A92-B9A2-77BAC814335C}
		{65F2E1CF-2ACA-4A3C-B8BC-633DBA779FAE} = {6642BF7F-62F8-4A92-B9A2-77BAC814335C}
		{D7CC10E4-E2BE-4834-9089-0655DF8B71B2} = {6642BF7F-62F8-4A92-B9A2-77BAC814335C}
	EndGlobalSection
	GlobalSection(ExtensibilityGlobals) = postSolution
		SolutionGuid = {0AD554B2-93F3-4B0A-9725-304A66FB780A}
	EndGlobalSection
	GlobalSection(SharedMSBuildProjectFiles) = preSolution
		Connectivity\Connectivity.Common\CommonContracts.projitems*{3f9471f1-6c04-4645-802a-66c7314ca75a}*SharedItemsImports = 5
		Connectivity\Connectivity.Common\CommonContracts.projitems*{5e32a8f6-1ec5-46ba-ae3d-e3e376fd82d0}*SharedItemsImports = 13
		Connectivity\Connectivity.Common\CommonContracts.projitems*{a36c7d57-8484-4bc3-bf3a-5a44b6e5ce42}*SharedItemsImports = 5
	EndGlobalSection
EndGlobal
