
Microsoft Visual Studio Solution File, Format Version 12.00
# Visual Studio Version 17
VisualStudioVersion = 17.3.32901.215
MinimumVisualStudioVersion = 10.0.40219.1
Project("{9A19103F-16F7-4668-BE54-9A1E7A4F7556}") = "AmbientRoomMonitor", "AmbientRoomMonitor\AmbientRoomMonitor.csproj", "{743D4422-F17F-4F78-98DD-4B94FB54A522}"
EndProject
Project("{9A19103F-16F7-4668-BE54-9A1E7A4F7556}") = "AnalogClockFace", "AnalogClockFace\AnalogClockFace.csproj", "{264A8085-9153-48D2-A4DA-8B1840FEDC23}"
EndProject
Project("{9A19103F-16F7-4668-BE54-9A1E7A4F7556}") = "GalleryViewer", "GalleryViewer\GalleryViewer.csproj", "{C192EA7C-31FE-414C-9939-D568CADAAF18}"
EndProject
Project("{9A19103F-16F7-4668-BE54-9A1E7A4F7556}") = "MoistureMeter", "MoistureMeter\MoistureMeter.csproj", "{BBF981C7-3821-4B6F-870D-CB41B093407D}"
EndProject
Project("{9A19103F-16F7-4668-BE54-9A1E7A4F7556}") = "MorseCodeTrainer", "MorseCodeTrainer\MorseCodeTrainer.csproj", "{F1B5F93C-B46D-4027-A4CD-A9D4F9A3D7FC}"
EndProject
Project("{9A19103F-16F7-4668-BE54-9A1E7A4F7556}") = "PlantMonitor", "PlantMonitor\PlantMonitor.csproj", "{2164F026-A6CC-4C95-B3E7-8A8B3B8EA200}"
EndProject
Project("{9A19103F-16F7-4668-BE54-9A1E7A4F7556}") = "Simon", "Simon\Simon.csproj", "{4B834034-D2D9-40E9-97EF-EDDE589C48FD}"
EndProject
Project("{9A19103F-16F7-4668-BE54-9A1E7A4F7556}") = "WifiWeather", "WifiWeather\WifiWeather.csproj", "{3747C749-3D61-41E4-A488-68016FBFA59F}"
EndProject
Project("{9A19103F-16F7-4668-BE54-9A1E7A4F7556}") = "ProjLab_Demo", "ProjLab_Demo\ProjLab_Demo.csproj", "{7B77BBDD-850F-436B-BA17-29AABD7F1F95}"
EndProject
Project("{2150E333-8FDC-42A3-9474-1A3956D46DE8}") = "Connectivity", "Connectivity", "{E4B23E5C-A52A-4543-AE88-CB2ED9F57297}"
EndProject
Project("{9A19103F-16F7-4668-BE54-9A1E7A4F7556}") = "MeadowConnectedSample", "Connectivity\MeadowConnectedSample\MeadowConnectedSample.csproj", "{A36C7D57-8484-4BC3-BF3A-5A44B6E5CE42}"
EndProject
Project("{9A19103F-16F7-4668-BE54-9A1E7A4F7556}") = "MobileProjectLab", "Connectivity\MobileProjectLab\MobileProjectLab.csproj", "{3F9471F1-6C04-4645-802A-66C7314CA75A}"
EndProject
Project("{D954291E-2A0B-460D-934E-DC6B0785DB48}") = "CommonContracts", "Connectivity\CommonContracts\CommonContracts.shproj", "{567267B3-ED96-4FEA-B555-2EE203372EA4}"
EndProject
Global
	GlobalSection(SolutionConfigurationPlatforms) = preSolution
		Debug_v1_ProjLab|Any CPU = Debug_v1_ProjLab|Any CPU
		Debug_v2_ProjLab|Any CPU = Debug_v2_ProjLab|Any CPU
		Debug|Any CPU = Debug|Any CPU
		Release_v1_ProjLab|Any CPU = Release_v1_ProjLab|Any CPU
		Release_v2_ProjLab|Any CPU = Release_v2_ProjLab|Any CPU
		Release|Any CPU = Release|Any CPU
	EndGlobalSection
	GlobalSection(ProjectConfigurationPlatforms) = postSolution
		{743D4422-F17F-4F78-98DD-4B94FB54A522}.Debug_v1_ProjLab|Any CPU.ActiveCfg = Debug|Any CPU
		{743D4422-F17F-4F78-98DD-4B94FB54A522}.Debug_v1_ProjLab|Any CPU.Build.0 = Debug|Any CPU
		{743D4422-F17F-4F78-98DD-4B94FB54A522}.Debug_v1_ProjLab|Any CPU.Deploy.0 = Debug|Any CPU
		{743D4422-F17F-4F78-98DD-4B94FB54A522}.Debug_v2_ProjLab|Any CPU.ActiveCfg = Debug|Any CPU
		{743D4422-F17F-4F78-98DD-4B94FB54A522}.Debug_v2_ProjLab|Any CPU.Build.0 = Debug|Any CPU
		{743D4422-F17F-4F78-98DD-4B94FB54A522}.Debug_v2_ProjLab|Any CPU.Deploy.0 = Debug|Any CPU
		{743D4422-F17F-4F78-98DD-4B94FB54A522}.Debug|Any CPU.ActiveCfg = Debug|Any CPU
		{743D4422-F17F-4F78-98DD-4B94FB54A522}.Debug|Any CPU.Build.0 = Debug|Any CPU
		{743D4422-F17F-4F78-98DD-4B94FB54A522}.Debug|Any CPU.Deploy.0 = Debug|Any CPU
		{743D4422-F17F-4F78-98DD-4B94FB54A522}.Release_v1_ProjLab|Any CPU.ActiveCfg = Release|Any CPU
		{743D4422-F17F-4F78-98DD-4B94FB54A522}.Release_v1_ProjLab|Any CPU.Build.0 = Release|Any CPU
		{743D4422-F17F-4F78-98DD-4B94FB54A522}.Release_v1_ProjLab|Any CPU.Deploy.0 = Release|Any CPU
		{743D4422-F17F-4F78-98DD-4B94FB54A522}.Release_v2_ProjLab|Any CPU.ActiveCfg = Release|Any CPU
		{743D4422-F17F-4F78-98DD-4B94FB54A522}.Release_v2_ProjLab|Any CPU.Build.0 = Release|Any CPU
		{743D4422-F17F-4F78-98DD-4B94FB54A522}.Release_v2_ProjLab|Any CPU.Deploy.0 = Release|Any CPU
		{743D4422-F17F-4F78-98DD-4B94FB54A522}.Release|Any CPU.ActiveCfg = Release|Any CPU
		{743D4422-F17F-4F78-98DD-4B94FB54A522}.Release|Any CPU.Build.0 = Release|Any CPU
		{743D4422-F17F-4F78-98DD-4B94FB54A522}.Release|Any CPU.Deploy.0 = Release|Any CPU
		{264A8085-9153-48D2-A4DA-8B1840FEDC23}.Debug_v1_ProjLab|Any CPU.ActiveCfg = Debug|Any CPU
		{264A8085-9153-48D2-A4DA-8B1840FEDC23}.Debug_v1_ProjLab|Any CPU.Build.0 = Debug|Any CPU
		{264A8085-9153-48D2-A4DA-8B1840FEDC23}.Debug_v1_ProjLab|Any CPU.Deploy.0 = Debug|Any CPU
		{264A8085-9153-48D2-A4DA-8B1840FEDC23}.Debug_v2_ProjLab|Any CPU.ActiveCfg = Debug|Any CPU
		{264A8085-9153-48D2-A4DA-8B1840FEDC23}.Debug_v2_ProjLab|Any CPU.Build.0 = Debug|Any CPU
		{264A8085-9153-48D2-A4DA-8B1840FEDC23}.Debug_v2_ProjLab|Any CPU.Deploy.0 = Debug|Any CPU
		{264A8085-9153-48D2-A4DA-8B1840FEDC23}.Debug|Any CPU.ActiveCfg = Debug|Any CPU
		{264A8085-9153-48D2-A4DA-8B1840FEDC23}.Debug|Any CPU.Build.0 = Debug|Any CPU
		{264A8085-9153-48D2-A4DA-8B1840FEDC23}.Debug|Any CPU.Deploy.0 = Debug|Any CPU
		{264A8085-9153-48D2-A4DA-8B1840FEDC23}.Release_v1_ProjLab|Any CPU.ActiveCfg = Release|Any CPU
		{264A8085-9153-48D2-A4DA-8B1840FEDC23}.Release_v1_ProjLab|Any CPU.Build.0 = Release|Any CPU
		{264A8085-9153-48D2-A4DA-8B1840FEDC23}.Release_v1_ProjLab|Any CPU.Deploy.0 = Release|Any CPU
		{264A8085-9153-48D2-A4DA-8B1840FEDC23}.Release_v2_ProjLab|Any CPU.ActiveCfg = Release|Any CPU
		{264A8085-9153-48D2-A4DA-8B1840FEDC23}.Release_v2_ProjLab|Any CPU.Build.0 = Release|Any CPU
		{264A8085-9153-48D2-A4DA-8B1840FEDC23}.Release_v2_ProjLab|Any CPU.Deploy.0 = Release|Any CPU
		{264A8085-9153-48D2-A4DA-8B1840FEDC23}.Release|Any CPU.ActiveCfg = Release|Any CPU
		{264A8085-9153-48D2-A4DA-8B1840FEDC23}.Release|Any CPU.Build.0 = Release|Any CPU
		{264A8085-9153-48D2-A4DA-8B1840FEDC23}.Release|Any CPU.Deploy.0 = Release|Any CPU
		{C192EA7C-31FE-414C-9939-D568CADAAF18}.Debug_v1_ProjLab|Any CPU.ActiveCfg = Debug|Any CPU
		{C192EA7C-31FE-414C-9939-D568CADAAF18}.Debug_v1_ProjLab|Any CPU.Build.0 = Debug|Any CPU
		{C192EA7C-31FE-414C-9939-D568CADAAF18}.Debug_v1_ProjLab|Any CPU.Deploy.0 = Debug|Any CPU
		{C192EA7C-31FE-414C-9939-D568CADAAF18}.Debug_v2_ProjLab|Any CPU.ActiveCfg = Debug|Any CPU
		{C192EA7C-31FE-414C-9939-D568CADAAF18}.Debug_v2_ProjLab|Any CPU.Build.0 = Debug|Any CPU
		{C192EA7C-31FE-414C-9939-D568CADAAF18}.Debug_v2_ProjLab|Any CPU.Deploy.0 = Debug|Any CPU
		{C192EA7C-31FE-414C-9939-D568CADAAF18}.Debug|Any CPU.ActiveCfg = Debug|Any CPU
		{C192EA7C-31FE-414C-9939-D568CADAAF18}.Debug|Any CPU.Build.0 = Debug|Any CPU
		{C192EA7C-31FE-414C-9939-D568CADAAF18}.Debug|Any CPU.Deploy.0 = Debug|Any CPU
		{C192EA7C-31FE-414C-9939-D568CADAAF18}.Release_v1_ProjLab|Any CPU.ActiveCfg = Release|Any CPU
		{C192EA7C-31FE-414C-9939-D568CADAAF18}.Release_v1_ProjLab|Any CPU.Build.0 = Release|Any CPU
		{C192EA7C-31FE-414C-9939-D568CADAAF18}.Release_v1_ProjLab|Any CPU.Deploy.0 = Release|Any CPU
		{C192EA7C-31FE-414C-9939-D568CADAAF18}.Release_v2_ProjLab|Any CPU.ActiveCfg = Release|Any CPU
		{C192EA7C-31FE-414C-9939-D568CADAAF18}.Release_v2_ProjLab|Any CPU.Build.0 = Release|Any CPU
		{C192EA7C-31FE-414C-9939-D568CADAAF18}.Release_v2_ProjLab|Any CPU.Deploy.0 = Release|Any CPU
		{C192EA7C-31FE-414C-9939-D568CADAAF18}.Release|Any CPU.ActiveCfg = Release|Any CPU
		{C192EA7C-31FE-414C-9939-D568CADAAF18}.Release|Any CPU.Build.0 = Release|Any CPU
		{C192EA7C-31FE-414C-9939-D568CADAAF18}.Release|Any CPU.Deploy.0 = Release|Any CPU
		{BBF981C7-3821-4B6F-870D-CB41B093407D}.Debug_v1_ProjLab|Any CPU.ActiveCfg = Debug|Any CPU
		{BBF981C7-3821-4B6F-870D-CB41B093407D}.Debug_v1_ProjLab|Any CPU.Build.0 = Debug|Any CPU
		{BBF981C7-3821-4B6F-870D-CB41B093407D}.Debug_v1_ProjLab|Any CPU.Deploy.0 = Debug|Any CPU
		{BBF981C7-3821-4B6F-870D-CB41B093407D}.Debug_v2_ProjLab|Any CPU.ActiveCfg = Debug|Any CPU
		{BBF981C7-3821-4B6F-870D-CB41B093407D}.Debug_v2_ProjLab|Any CPU.Build.0 = Debug|Any CPU
		{BBF981C7-3821-4B6F-870D-CB41B093407D}.Debug_v2_ProjLab|Any CPU.Deploy.0 = Debug|Any CPU
		{BBF981C7-3821-4B6F-870D-CB41B093407D}.Debug|Any CPU.ActiveCfg = Debug|Any CPU
		{BBF981C7-3821-4B6F-870D-CB41B093407D}.Debug|Any CPU.Build.0 = Debug|Any CPU
		{BBF981C7-3821-4B6F-870D-CB41B093407D}.Debug|Any CPU.Deploy.0 = Debug|Any CPU
		{BBF981C7-3821-4B6F-870D-CB41B093407D}.Release_v1_ProjLab|Any CPU.ActiveCfg = Release|Any CPU
		{BBF981C7-3821-4B6F-870D-CB41B093407D}.Release_v1_ProjLab|Any CPU.Build.0 = Release|Any CPU
		{BBF981C7-3821-4B6F-870D-CB41B093407D}.Release_v1_ProjLab|Any CPU.Deploy.0 = Release|Any CPU
		{BBF981C7-3821-4B6F-870D-CB41B093407D}.Release_v2_ProjLab|Any CPU.ActiveCfg = Release|Any CPU
		{BBF981C7-3821-4B6F-870D-CB41B093407D}.Release_v2_ProjLab|Any CPU.Build.0 = Release|Any CPU
		{BBF981C7-3821-4B6F-870D-CB41B093407D}.Release_v2_ProjLab|Any CPU.Deploy.0 = Release|Any CPU
		{BBF981C7-3821-4B6F-870D-CB41B093407D}.Release|Any CPU.ActiveCfg = Release|Any CPU
		{BBF981C7-3821-4B6F-870D-CB41B093407D}.Release|Any CPU.Build.0 = Release|Any CPU
		{BBF981C7-3821-4B6F-870D-CB41B093407D}.Release|Any CPU.Deploy.0 = Release|Any CPU
		{F1B5F93C-B46D-4027-A4CD-A9D4F9A3D7FC}.Debug_v1_ProjLab|Any CPU.ActiveCfg = Debug|Any CPU
		{F1B5F93C-B46D-4027-A4CD-A9D4F9A3D7FC}.Debug_v1_ProjLab|Any CPU.Build.0 = Debug|Any CPU
		{F1B5F93C-B46D-4027-A4CD-A9D4F9A3D7FC}.Debug_v1_ProjLab|Any CPU.Deploy.0 = Debug|Any CPU
		{F1B5F93C-B46D-4027-A4CD-A9D4F9A3D7FC}.Debug_v2_ProjLab|Any CPU.ActiveCfg = Debug|Any CPU
		{F1B5F93C-B46D-4027-A4CD-A9D4F9A3D7FC}.Debug_v2_ProjLab|Any CPU.Build.0 = Debug|Any CPU
		{F1B5F93C-B46D-4027-A4CD-A9D4F9A3D7FC}.Debug_v2_ProjLab|Any CPU.Deploy.0 = Debug|Any CPU
		{F1B5F93C-B46D-4027-A4CD-A9D4F9A3D7FC}.Debug|Any CPU.ActiveCfg = Debug|Any CPU
		{F1B5F93C-B46D-4027-A4CD-A9D4F9A3D7FC}.Debug|Any CPU.Build.0 = Debug|Any CPU
		{F1B5F93C-B46D-4027-A4CD-A9D4F9A3D7FC}.Debug|Any CPU.Deploy.0 = Debug|Any CPU
		{F1B5F93C-B46D-4027-A4CD-A9D4F9A3D7FC}.Release_v1_ProjLab|Any CPU.ActiveCfg = Release|Any CPU
		{F1B5F93C-B46D-4027-A4CD-A9D4F9A3D7FC}.Release_v1_ProjLab|Any CPU.Build.0 = Release|Any CPU
		{F1B5F93C-B46D-4027-A4CD-A9D4F9A3D7FC}.Release_v1_ProjLab|Any CPU.Deploy.0 = Release|Any CPU
		{F1B5F93C-B46D-4027-A4CD-A9D4F9A3D7FC}.Release_v2_ProjLab|Any CPU.ActiveCfg = Release|Any CPU
		{F1B5F93C-B46D-4027-A4CD-A9D4F9A3D7FC}.Release_v2_ProjLab|Any CPU.Build.0 = Release|Any CPU
		{F1B5F93C-B46D-4027-A4CD-A9D4F9A3D7FC}.Release_v2_ProjLab|Any CPU.Deploy.0 = Release|Any CPU
		{F1B5F93C-B46D-4027-A4CD-A9D4F9A3D7FC}.Release|Any CPU.ActiveCfg = Release|Any CPU
		{F1B5F93C-B46D-4027-A4CD-A9D4F9A3D7FC}.Release|Any CPU.Build.0 = Release|Any CPU
		{F1B5F93C-B46D-4027-A4CD-A9D4F9A3D7FC}.Release|Any CPU.Deploy.0 = Release|Any CPU
		{2164F026-A6CC-4C95-B3E7-8A8B3B8EA200}.Debug_v1_ProjLab|Any CPU.ActiveCfg = Debug|Any CPU
		{2164F026-A6CC-4C95-B3E7-8A8B3B8EA200}.Debug_v1_ProjLab|Any CPU.Build.0 = Debug|Any CPU
		{2164F026-A6CC-4C95-B3E7-8A8B3B8EA200}.Debug_v1_ProjLab|Any CPU.Deploy.0 = Debug|Any CPU
		{2164F026-A6CC-4C95-B3E7-8A8B3B8EA200}.Debug_v2_ProjLab|Any CPU.ActiveCfg = Debug|Any CPU
		{2164F026-A6CC-4C95-B3E7-8A8B3B8EA200}.Debug_v2_ProjLab|Any CPU.Build.0 = Debug|Any CPU
		{2164F026-A6CC-4C95-B3E7-8A8B3B8EA200}.Debug_v2_ProjLab|Any CPU.Deploy.0 = Debug|Any CPU
		{2164F026-A6CC-4C95-B3E7-8A8B3B8EA200}.Debug|Any CPU.ActiveCfg = Debug|Any CPU
		{2164F026-A6CC-4C95-B3E7-8A8B3B8EA200}.Debug|Any CPU.Build.0 = Debug|Any CPU
		{2164F026-A6CC-4C95-B3E7-8A8B3B8EA200}.Debug|Any CPU.Deploy.0 = Debug|Any CPU
		{2164F026-A6CC-4C95-B3E7-8A8B3B8EA200}.Release_v1_ProjLab|Any CPU.ActiveCfg = Release|Any CPU
		{2164F026-A6CC-4C95-B3E7-8A8B3B8EA200}.Release_v1_ProjLab|Any CPU.Build.0 = Release|Any CPU
		{2164F026-A6CC-4C95-B3E7-8A8B3B8EA200}.Release_v1_ProjLab|Any CPU.Deploy.0 = Release|Any CPU
		{2164F026-A6CC-4C95-B3E7-8A8B3B8EA200}.Release_v2_ProjLab|Any CPU.ActiveCfg = Release|Any CPU
		{2164F026-A6CC-4C95-B3E7-8A8B3B8EA200}.Release_v2_ProjLab|Any CPU.Build.0 = Release|Any CPU
		{2164F026-A6CC-4C95-B3E7-8A8B3B8EA200}.Release_v2_ProjLab|Any CPU.Deploy.0 = Release|Any CPU
		{2164F026-A6CC-4C95-B3E7-8A8B3B8EA200}.Release|Any CPU.ActiveCfg = Release|Any CPU
		{2164F026-A6CC-4C95-B3E7-8A8B3B8EA200}.Release|Any CPU.Build.0 = Release|Any CPU
		{2164F026-A6CC-4C95-B3E7-8A8B3B8EA200}.Release|Any CPU.Deploy.0 = Release|Any CPU
		{4B834034-D2D9-40E9-97EF-EDDE589C48FD}.Debug_v1_ProjLab|Any CPU.ActiveCfg = Debug|Any CPU
		{4B834034-D2D9-40E9-97EF-EDDE589C48FD}.Debug_v1_ProjLab|Any CPU.Build.0 = Debug|Any CPU
		{4B834034-D2D9-40E9-97EF-EDDE589C48FD}.Debug_v1_ProjLab|Any CPU.Deploy.0 = Debug|Any CPU
		{4B834034-D2D9-40E9-97EF-EDDE589C48FD}.Debug_v2_ProjLab|Any CPU.ActiveCfg = Debug|Any CPU
		{4B834034-D2D9-40E9-97EF-EDDE589C48FD}.Debug_v2_ProjLab|Any CPU.Build.0 = Debug|Any CPU
		{4B834034-D2D9-40E9-97EF-EDDE589C48FD}.Debug_v2_ProjLab|Any CPU.Deploy.0 = Debug|Any CPU
		{4B834034-D2D9-40E9-97EF-EDDE589C48FD}.Debug|Any CPU.ActiveCfg = Debug|Any CPU
		{4B834034-D2D9-40E9-97EF-EDDE589C48FD}.Debug|Any CPU.Build.0 = Debug|Any CPU
		{4B834034-D2D9-40E9-97EF-EDDE589C48FD}.Debug|Any CPU.Deploy.0 = Debug|Any CPU
		{4B834034-D2D9-40E9-97EF-EDDE589C48FD}.Release_v1_ProjLab|Any CPU.ActiveCfg = Release|Any CPU
		{4B834034-D2D9-40E9-97EF-EDDE589C48FD}.Release_v1_ProjLab|Any CPU.Build.0 = Release|Any CPU
		{4B834034-D2D9-40E9-97EF-EDDE589C48FD}.Release_v1_ProjLab|Any CPU.Deploy.0 = Release|Any CPU
		{4B834034-D2D9-40E9-97EF-EDDE589C48FD}.Release_v2_ProjLab|Any CPU.ActiveCfg = Release|Any CPU
		{4B834034-D2D9-40E9-97EF-EDDE589C48FD}.Release_v2_ProjLab|Any CPU.Build.0 = Release|Any CPU
		{4B834034-D2D9-40E9-97EF-EDDE589C48FD}.Release_v2_ProjLab|Any CPU.Deploy.0 = Release|Any CPU
		{4B834034-D2D9-40E9-97EF-EDDE589C48FD}.Release|Any CPU.ActiveCfg = Release|Any CPU
		{4B834034-D2D9-40E9-97EF-EDDE589C48FD}.Release|Any CPU.Build.0 = Release|Any CPU
		{4B834034-D2D9-40E9-97EF-EDDE589C48FD}.Release|Any CPU.Deploy.0 = Release|Any CPU
		{3747C749-3D61-41E4-A488-68016FBFA59F}.Debug_v1_ProjLab|Any CPU.ActiveCfg = Debug|Any CPU
		{3747C749-3D61-41E4-A488-68016FBFA59F}.Debug_v1_ProjLab|Any CPU.Build.0 = Debug|Any CPU
		{3747C749-3D61-41E4-A488-68016FBFA59F}.Debug_v1_ProjLab|Any CPU.Deploy.0 = Debug|Any CPU
		{3747C749-3D61-41E4-A488-68016FBFA59F}.Debug_v2_ProjLab|Any CPU.ActiveCfg = Debug|Any CPU
		{3747C749-3D61-41E4-A488-68016FBFA59F}.Debug_v2_ProjLab|Any CPU.Build.0 = Debug|Any CPU
		{3747C749-3D61-41E4-A488-68016FBFA59F}.Debug_v2_ProjLab|Any CPU.Deploy.0 = Debug|Any CPU
		{3747C749-3D61-41E4-A488-68016FBFA59F}.Debug|Any CPU.ActiveCfg = Debug|Any CPU
		{3747C749-3D61-41E4-A488-68016FBFA59F}.Debug|Any CPU.Build.0 = Debug|Any CPU
		{3747C749-3D61-41E4-A488-68016FBFA59F}.Debug|Any CPU.Deploy.0 = Debug|Any CPU
		{3747C749-3D61-41E4-A488-68016FBFA59F}.Release_v1_ProjLab|Any CPU.ActiveCfg = Release|Any CPU
		{3747C749-3D61-41E4-A488-68016FBFA59F}.Release_v1_ProjLab|Any CPU.Build.0 = Release|Any CPU
		{3747C749-3D61-41E4-A488-68016FBFA59F}.Release_v1_ProjLab|Any CPU.Deploy.0 = Release|Any CPU
		{3747C749-3D61-41E4-A488-68016FBFA59F}.Release_v2_ProjLab|Any CPU.ActiveCfg = Release|Any CPU
		{3747C749-3D61-41E4-A488-68016FBFA59F}.Release_v2_ProjLab|Any CPU.Build.0 = Release|Any CPU
		{3747C749-3D61-41E4-A488-68016FBFA59F}.Release_v2_ProjLab|Any CPU.Deploy.0 = Release|Any CPU
		{3747C749-3D61-41E4-A488-68016FBFA59F}.Release|Any CPU.ActiveCfg = Release|Any CPU
		{3747C749-3D61-41E4-A488-68016FBFA59F}.Release|Any CPU.Build.0 = Release|Any CPU
		{3747C749-3D61-41E4-A488-68016FBFA59F}.Release|Any CPU.Deploy.0 = Release|Any CPU
		{7B77BBDD-850F-436B-BA17-29AABD7F1F95}.Debug_v1_ProjLab|Any CPU.ActiveCfg = Debug_v1_ProjLab|Any CPU
		{7B77BBDD-850F-436B-BA17-29AABD7F1F95}.Debug_v1_ProjLab|Any CPU.Build.0 = Debug_v1_ProjLab|Any CPU
		{7B77BBDD-850F-436B-BA17-29AABD7F1F95}.Debug_v1_ProjLab|Any CPU.Deploy.0 = Debug_v1_ProjLab|Any CPU
		{7B77BBDD-850F-436B-BA17-29AABD7F1F95}.Debug_v2_ProjLab|Any CPU.ActiveCfg = Debug_v2_ProjLab|Any CPU
		{7B77BBDD-850F-436B-BA17-29AABD7F1F95}.Debug_v2_ProjLab|Any CPU.Build.0 = Debug_v2_ProjLab|Any CPU
		{7B77BBDD-850F-436B-BA17-29AABD7F1F95}.Debug_v2_ProjLab|Any CPU.Deploy.0 = Debug_v2_ProjLab|Any CPU
		{7B77BBDD-850F-436B-BA17-29AABD7F1F95}.Debug|Any CPU.ActiveCfg = Debug_v1_ProjLab|Any CPU
		{7B77BBDD-850F-436B-BA17-29AABD7F1F95}.Debug|Any CPU.Build.0 = Debug_v1_ProjLab|Any CPU
		{7B77BBDD-850F-436B-BA17-29AABD7F1F95}.Debug|Any CPU.Deploy.0 = Debug_v1_ProjLab|Any CPU
		{7B77BBDD-850F-436B-BA17-29AABD7F1F95}.Release_v1_ProjLab|Any CPU.ActiveCfg = Release_v1_ProjLab|Any CPU
		{7B77BBDD-850F-436B-BA17-29AABD7F1F95}.Release_v1_ProjLab|Any CPU.Build.0 = Release_v1_ProjLab|Any CPU
		{7B77BBDD-850F-436B-BA17-29AABD7F1F95}.Release_v1_ProjLab|Any CPU.Deploy.0 = Release_v1_ProjLab|Any CPU
		{7B77BBDD-850F-436B-BA17-29AABD7F1F95}.Release_v2_ProjLab|Any CPU.ActiveCfg = Release_v2_ProjLab|Any CPU
		{7B77BBDD-850F-436B-BA17-29AABD7F1F95}.Release_v2_ProjLab|Any CPU.Build.0 = Release_v2_ProjLab|Any CPU
		{7B77BBDD-850F-436B-BA17-29AABD7F1F95}.Release_v2_ProjLab|Any CPU.Deploy.0 = Release_v2_ProjLab|Any CPU
		{7B77BBDD-850F-436B-BA17-29AABD7F1F95}.Release|Any CPU.ActiveCfg = Release_v1_ProjLab|Any CPU
		{7B77BBDD-850F-436B-BA17-29AABD7F1F95}.Release|Any CPU.Build.0 = Release_v1_ProjLab|Any CPU
		{7B77BBDD-850F-436B-BA17-29AABD7F1F95}.Release|Any CPU.Deploy.0 = Release_v1_ProjLab|Any CPU
		{A36C7D57-8484-4BC3-BF3A-5A44B6E5CE42}.Debug_v1_ProjLab|Any CPU.ActiveCfg = Debug|Any CPU
		{A36C7D57-8484-4BC3-BF3A-5A44B6E5CE42}.Debug_v1_ProjLab|Any CPU.Build.0 = Debug|Any CPU
		{A36C7D57-8484-4BC3-BF3A-5A44B6E5CE42}.Debug_v1_ProjLab|Any CPU.Deploy.0 = Debug|Any CPU
		{A36C7D57-8484-4BC3-BF3A-5A44B6E5CE42}.Debug_v2_ProjLab|Any CPU.ActiveCfg = Debug|Any CPU
		{A36C7D57-8484-4BC3-BF3A-5A44B6E5CE42}.Debug_v2_ProjLab|Any CPU.Build.0 = Debug|Any CPU
		{A36C7D57-8484-4BC3-BF3A-5A44B6E5CE42}.Debug_v2_ProjLab|Any CPU.Deploy.0 = Debug|Any CPU
		{A36C7D57-8484-4BC3-BF3A-5A44B6E5CE42}.Debug|Any CPU.ActiveCfg = Debug|Any CPU
		{A36C7D57-8484-4BC3-BF3A-5A44B6E5CE42}.Debug|Any CPU.Build.0 = Debug|Any CPU
		{A36C7D57-8484-4BC3-BF3A-5A44B6E5CE42}.Debug|Any CPU.Deploy.0 = Debug|Any CPU
		{A36C7D57-8484-4BC3-BF3A-5A44B6E5CE42}.Release_v1_ProjLab|Any CPU.ActiveCfg = Release|Any CPU
		{A36C7D57-8484-4BC3-BF3A-5A44B6E5CE42}.Release_v1_ProjLab|Any CPU.Build.0 = Release|Any CPU
		{A36C7D57-8484-4BC3-BF3A-5A44B6E5CE42}.Release_v1_ProjLab|Any CPU.Deploy.0 = Release|Any CPU
		{A36C7D57-8484-4BC3-BF3A-5A44B6E5CE42}.Release_v2_ProjLab|Any CPU.ActiveCfg = Release|Any CPU
		{A36C7D57-8484-4BC3-BF3A-5A44B6E5CE42}.Release_v2_ProjLab|Any CPU.Build.0 = Release|Any CPU
		{A36C7D57-8484-4BC3-BF3A-5A44B6E5CE42}.Release_v2_ProjLab|Any CPU.Deploy.0 = Release|Any CPU
		{A36C7D57-8484-4BC3-BF3A-5A44B6E5CE42}.Release|Any CPU.ActiveCfg = Release|Any CPU
		{A36C7D57-8484-4BC3-BF3A-5A44B6E5CE42}.Release|Any CPU.Build.0 = Release|Any CPU
		{A36C7D57-8484-4BC3-BF3A-5A44B6E5CE42}.Release|Any CPU.Deploy.0 = Release|Any CPU
		{3F9471F1-6C04-4645-802A-66C7314CA75A}.Debug_v1_ProjLab|Any CPU.ActiveCfg = Debug|Any CPU
		{3F9471F1-6C04-4645-802A-66C7314CA75A}.Debug_v1_ProjLab|Any CPU.Build.0 = Debug|Any CPU
		{3F9471F1-6C04-4645-802A-66C7314CA75A}.Debug_v1_ProjLab|Any CPU.Deploy.0 = Debug|Any CPU
		{3F9471F1-6C04-4645-802A-66C7314CA75A}.Debug_v2_ProjLab|Any CPU.ActiveCfg = Debug|Any CPU
		{3F9471F1-6C04-4645-802A-66C7314CA75A}.Debug_v2_ProjLab|Any CPU.Build.0 = Debug|Any CPU
		{3F9471F1-6C04-4645-802A-66C7314CA75A}.Debug_v2_ProjLab|Any CPU.Deploy.0 = Debug|Any CPU
		{3F9471F1-6C04-4645-802A-66C7314CA75A}.Debug|Any CPU.ActiveCfg = Debug|Any CPU
		{3F9471F1-6C04-4645-802A-66C7314CA75A}.Debug|Any CPU.Build.0 = Debug|Any CPU
		{3F9471F1-6C04-4645-802A-66C7314CA75A}.Debug|Any CPU.Deploy.0 = Debug|Any CPU
		{3F9471F1-6C04-4645-802A-66C7314CA75A}.Release_v1_ProjLab|Any CPU.ActiveCfg = Release|Any CPU
		{3F9471F1-6C04-4645-802A-66C7314CA75A}.Release_v1_ProjLab|Any CPU.Build.0 = Release|Any CPU
		{3F9471F1-6C04-4645-802A-66C7314CA75A}.Release_v1_ProjLab|Any CPU.Deploy.0 = Release|Any CPU
		{3F9471F1-6C04-4645-802A-66C7314CA75A}.Release_v2_ProjLab|Any CPU.ActiveCfg = Release|Any CPU
		{3F9471F1-6C04-4645-802A-66C7314CA75A}.Release_v2_ProjLab|Any CPU.Build.0 = Release|Any CPU
		{3F9471F1-6C04-4645-802A-66C7314CA75A}.Release_v2_ProjLab|Any CPU.Deploy.0 = Release|Any CPU
		{3F9471F1-6C04-4645-802A-66C7314CA75A}.Release|Any CPU.ActiveCfg = Release|Any CPU
		{3F9471F1-6C04-4645-802A-66C7314CA75A}.Release|Any CPU.Build.0 = Release|Any CPU
		{3F9471F1-6C04-4645-802A-66C7314CA75A}.Release|Any CPU.Deploy.0 = Release|Any CPU
	EndGlobalSection
	GlobalSection(SolutionProperties) = preSolution
		HideSolutionNode = FALSE
	EndGlobalSection
	GlobalSection(NestedProjects) = preSolution
		{A36C7D57-8484-4BC3-BF3A-5A44B6E5CE42} = {E4B23E5C-A52A-4543-AE88-CB2ED9F57297}
		{3F9471F1-6C04-4645-802A-66C7314CA75A} = {E4B23E5C-A52A-4543-AE88-CB2ED9F57297}
		{567267B3-ED96-4FEA-B555-2EE203372EA4} = {E4B23E5C-A52A-4543-AE88-CB2ED9F57297}
	EndGlobalSection
	GlobalSection(ExtensibilityGlobals) = postSolution
		SolutionGuid = {0AD554B2-93F3-4B0A-9725-304A66FB780A}
	EndGlobalSection
	GlobalSection(SharedMSBuildProjectFiles) = preSolution
		Connectivity\CommonContracts\CommonContracts.projitems*{3f9471f1-6c04-4645-802a-66c7314ca75a}*SharedItemsImports = 5
		Connectivity\CommonContracts\CommonContracts.projitems*{567267b3-ed96-4fea-b555-2ee203372ea4}*SharedItemsImports = 13
		Connectivity\CommonContracts\CommonContracts.projitems*{a36c7d57-8484-4bc3-bf3a-5a44b6e5ce42}*SharedItemsImports = 5
	EndGlobalSection
EndGlobal
