
Microsoft Visual Studio Solution File, Format Version 12.00
# Visual Studio Version 16
VisualStudioVersion = 16.0.810.17
MinimumVisualStudioVersion = 10.0.40219.1
Project("{FAE04EC0-301F-11D3-BF4B-00C04F79EFBC}") = "HackBoard_Test", "HackBoard_Test\HackBoard_Test.csproj", "{B014F815-91D4-4D44-9FA3-ACB446DDC7CC}"
EndProject
Global
	GlobalSection(SolutionConfigurationPlatforms) = preSolution
		Debug|Any CPU = Debug|Any CPU
		Release|Any CPU = Release|Any CPU
	EndGlobalSection
	GlobalSection(ProjectConfigurationPlatforms) = postSolution
		{B014F815-91D4-4D44-9FA3-ACB446DDC7CC}.Debug|Any CPU.ActiveCfg = Debug|Any CPU
		{B014F815-91D4-4D44-9FA3-ACB446DDC7CC}.Debug|Any CPU.Build.0 = Debug|Any CPU
		{B014F815-91D4-4D44-9FA3-ACB446DDC7CC}.Release|Any CPU.ActiveCfg = Release|Any CPU
		{B014F815-91D4-4D44-9FA3-ACB446DDC7CC}.Release|Any CPU.Build.0 = Release|Any CPU
	EndGlobalSection
	GlobalSection(SolutionProperties) = preSolution
		HideSolutionNode = FALSE
	EndGlobalSection
	GlobalSection(ExtensibilityGlobals) = postSolution
		SolutionGuid = {43AB8674-050D-49FE-BB0A-5158149A21A4}
	EndGlobalSection
EndGlobal
